// !$*UTF8*$!
{
	archiveVersion = 1;
	classes = {
	};
	objectVersion = 46;
	objects = {

/* Begin PBXAggregateTarget section */
		DC5375B159DE4BACA70219DB /* ZERO_CHECK */ = {
			isa = PBXAggregateTarget;
			buildConfigurationList = 7C13F756B6C54A90936EEFA2 /* Build configuration list for PBXAggregateTarget "ZERO_CHECK" */;
			buildPhases = (
				8E87C0E76263477BB435D2A2 /* CMake Rules */,
			);
			dependencies = (
			);
			name = ZERO_CHECK;
			productName = ZERO_CHECK;
		};
		DEED6B6F97884A128A41433F /* ALL_BUILD */ = {
			isa = PBXAggregateTarget;
			buildConfigurationList = DEAD15F77B2746E18E4FA3EF /* Build configuration list for PBXAggregateTarget "ALL_BUILD" */;
			buildPhases = (
				541A762A684B4BADB70BAA7D /* CMake Rules */,
			);
			dependencies = (
				0794ABB37B2445019EAA182B /* PBXTargetDependency */,
				5C4E79D1A24D47C3BF270FDA /* PBXTargetDependency */,
			);
			name = ALL_BUILD;
			productName = ALL_BUILD;
		};
/* End PBXAggregateTarget section */

/* Begin PBXBuildFile section */
		03A008EFDBA1466091A436DA /* /Users/natman/whisperer-rewrite/ASCIILib/ASCIILib/FileReader.h */ = {isa = PBXBuildFile; fileRef = 0C021D49AE534584A50DAB4D /* /Users/natman/whisperer-rewrite/ASCIILib/ASCIILib/FileReader.h */; settings = {COMPILER_FLAGS = ""; }; };
		0564BAFD65394F62BD9A186F /* /Users/natman/whisperer-rewrite/ASCIILib/ASCIILib/Color.h */ = {isa = PBXBuildFile; fileRef = 9F002C8871F84A1785A399B0 /* /Users/natman/whisperer-rewrite/ASCIILib/ASCIILib/Color.h */; settings = {COMPILER_FLAGS = ""; }; };
		05AF7BAC1AA04197AAC7A6DC /* /Users/natman/whisperer-rewrite/ASCIILib/ASCIILib/ImageCache.cpp */ = {isa = PBXBuildFile; fileRef = 0581CA05727F4073938AA142 /* /Users/natman/whisperer-rewrite/ASCIILib/ASCIILib/ImageCache.cpp */; settings = {COMPILER_FLAGS = ""; }; };
		0D4607CEA82247AEB127EECF /* /Users/natman/whisperer-rewrite/ASCIILib/ASCIILib/SurfaceManager.h */ = {isa = PBXBuildFile; fileRef = 5874F37184F34A118D4DF773 /* /Users/natman/whisperer-rewrite/ASCIILib/ASCIILib/SurfaceManager.h */; settings = {COMPILER_FLAGS = ""; }; };
		0E1A006442A344B789EDCC92 /* /Users/natman/whisperer-rewrite/ASCIILib/ASCIILib/StringTokenizer.h */ = {isa = PBXBuildFile; fileRef = ACA3756342D342B7B7A616D2 /* /Users/natman/whisperer-rewrite/ASCIILib/ASCIILib/StringTokenizer.h */; settings = {COMPILER_FLAGS = ""; }; };
		1B2E10AE56134FF0B3E0254C /* /Users/natman/whisperer-rewrite/ASCIILib/ASCIILib/LanguageManager.cpp */ = {isa = PBXBuildFile; fileRef = 276CF18109B34AA88DAAA9FB /* /Users/natman/whisperer-rewrite/ASCIILib/ASCIILib/LanguageManager.cpp */; settings = {COMPILER_FLAGS = ""; }; };
		200D2F653C314E6D9CB5BD53 /* /Users/natman/whisperer-rewrite/ASCIILib/ASCIILib/Rectangle.h */ = {isa = PBXBuildFile; fileRef = F04EECCADA3147CB89EC0A90 /* /Users/natman/whisperer-rewrite/ASCIILib/ASCIILib/Rectangle.h */; settings = {COMPILER_FLAGS = ""; }; };
		21166A6DF82749619157574D /* /Users/natman/whisperer-rewrite/ASCIILib/ASCIILib/Tween.h */ = {isa = PBXBuildFile; fileRef = DC6C2E0513D348C389DD2665 /* /Users/natman/whisperer-rewrite/ASCIILib/ASCIILib/Tween.h */; settings = {COMPILER_FLAGS = ""; }; };
		27BD9DC0C7AA48A6A1F43042 /* /Users/natman/whisperer-rewrite/ASCIILib/ASCIILib/Log.cpp */ = {isa = PBXBuildFile; fileRef = 03B1D9516097416ABFC82285 /* /Users/natman/whisperer-rewrite/ASCIILib/ASCIILib/Log.cpp */; settings = {COMPILER_FLAGS = ""; }; };
		2D8DFA79A4F74650AE3A4BBF /* /Users/natman/whisperer-rewrite/ASCIILib/ASCIILib/Tween.cpp */ = {isa = PBXBuildFile; fileRef = AE9EA6F7BB1046DE9A1F9AE8 /* /Users/natman/whisperer-rewrite/ASCIILib/ASCIILib/Tween.cpp */; settings = {COMPILER_FLAGS = ""; }; };
		2F46E32E4BBD418F9C35594F /* /Users/natman/whisperer-rewrite/ASCIILib/ASCIILib/Menu.cpp */ = {isa = PBXBuildFile; fileRef = 74089D07E2F44374AD6B0AB8 /* /Users/natman/whisperer-rewrite/ASCIILib/ASCIILib/Menu.cpp */; settings = {COMPILER_FLAGS = ""; }; };
		3173EAC533A74194B9EC7EED /* /Users/natman/whisperer-rewrite/ASCIILib/ASCIILib/Alignment.h */ = {isa = PBXBuildFile; fileRef = BF2905FA5A754D1AB9484C03 /* /Users/natman/whisperer-rewrite/ASCIILib/ASCIILib/Alignment.h */; settings = {COMPILER_FLAGS = ""; }; };
		343CBCFE315448C981090A21 /* /Users/natman/whisperer-rewrite/ASCIILib/ASCIILib/DialogScene.h */ = {isa = PBXBuildFile; fileRef = 7CF173C1726345D3AAEAE3D5 /* /Users/natman/whisperer-rewrite/ASCIILib/ASCIILib/DialogScene.h */; settings = {COMPILER_FLAGS = ""; }; };
		399E023C3C1D4340B56ACE1C /* /Users/natman/whisperer-rewrite/ASCIILib/ASCIILib/parsing.h */ = {isa = PBXBuildFile; fileRef = 1F86B03D73B2422284EA5840 /* /Users/natman/whisperer-rewrite/ASCIILib/ASCIILib/parsing.h */; settings = {COMPILER_FLAGS = ""; }; };
		39DA2BE9A0894C908D6FBB9B /* /Users/natman/whisperer-rewrite/ASCIILib/ASCIILib/Label.h */ = {isa = PBXBuildFile; fileRef = 74D302D847924671BE4CA0DE /* /Users/natman/whisperer-rewrite/ASCIILib/ASCIILib/Label.h */; settings = {COMPILER_FLAGS = ""; }; };
		39DFD0A2F0E744C2892806F1 /* /Users/natman/whisperer-rewrite/ASCIILib/ASCIILib/ContentManager.cpp */ = {isa = PBXBuildFile; fileRef = F9F77DAB6CCE4687AF03629C /* /Users/natman/whisperer-rewrite/ASCIILib/ASCIILib/ContentManager.cpp */; settings = {COMPILER_FLAGS = ""; }; };
		3CB9F420EDDF43059A52F68B /* /Users/natman/whisperer-rewrite/ASCIILib/ASCIILib/SurfaceManager.cpp */ = {isa = PBXBuildFile; fileRef = 541D13854A464AE4887A7EE7 /* /Users/natman/whisperer-rewrite/ASCIILib/ASCIILib/SurfaceManager.cpp */; settings = {COMPILER_FLAGS = ""; }; };
		3F52EE0D1CED4F62851BDF9C /* /Users/natman/whisperer-rewrite/ASCIILib/ASCIILib/Graphics.cpp */ = {isa = PBXBuildFile; fileRef = 22F80A441C1C4F89BF14D80B /* /Users/natman/whisperer-rewrite/ASCIILib/ASCIILib/Graphics.cpp */; settings = {COMPILER_FLAGS = ""; }; };
		436B478F91B842758D0DE191 /* /Users/natman/whisperer-rewrite/ASCIILib/ASCIILib/GlobalArgs.cpp */ = {isa = PBXBuildFile; fileRef = 2264B873B6F14EA6B324BEC3 /* /Users/natman/whisperer-rewrite/ASCIILib/ASCIILib/GlobalArgs.cpp */; settings = {COMPILER_FLAGS = ""; }; };
		446F9054EDCA4EA19084B3F0 /* /Users/natman/whisperer-rewrite/ASCIILib/ASCIILib/DialogStyle.h */ = {isa = PBXBuildFile; fileRef = 8491D76EBEE04F148DECDDDA /* /Users/natman/whisperer-rewrite/ASCIILib/ASCIILib/DialogStyle.h */; settings = {COMPILER_FLAGS = ""; }; };
		44ED08C353694EC391762D84 /* /Users/natman/whisperer-rewrite/ASCIILib/ASCIILib/GlobalArgs.h */ = {isa = PBXBuildFile; fileRef = F4E4CEB557534A86BA80F3B9 /* /Users/natman/whisperer-rewrite/ASCIILib/ASCIILib/GlobalArgs.h */; settings = {COMPILER_FLAGS = ""; }; };
		58C596FF4F8A4A218C5B07CD /* /Users/natman/whisperer-rewrite/ASCIILib/ASCIILib/json-forwards.h */ = {isa = PBXBuildFile; fileRef = 12107312B97D4BBBBDDCBD13 /* /Users/natman/whisperer-rewrite/ASCIILib/ASCIILib/json-forwards.h */; settings = {COMPILER_FLAGS = ""; }; };
		5CD951933F744D368C67EB70 /* /Users/natman/whisperer-rewrite/ASCIILib/ASCIILib/InputMappings.cpp */ = {isa = PBXBuildFile; fileRef = 773D7EB924154253B23C0629 /* /Users/natman/whisperer-rewrite/ASCIILib/ASCIILib/InputMappings.cpp */; settings = {COMPILER_FLAGS = ""; }; };
		5FDF1321A4D24D90BD6C5C55 /* /Users/natman/whisperer-rewrite/ASCIILib/ASCIILib/SoundManager.cpp */ = {isa = PBXBuildFile; fileRef = C41453012F9047EAA3051AFE /* /Users/natman/whisperer-rewrite/ASCIILib/ASCIILib/SoundManager.cpp */; settings = {COMPILER_FLAGS = ""; }; };
		5FF3A965A31A4C7D81C2E393 /* /Users/natman/whisperer-rewrite/ASCIILib/ASCIILib/DialogFrame.cpp */ = {isa = PBXBuildFile; fileRef = DE8817EB8D5E439FA467FD5B /* /Users/natman/whisperer-rewrite/ASCIILib/ASCIILib/DialogFrame.cpp */; settings = {COMPILER_FLAGS = ""; }; };
		645C2E1FCEBE4D71940552F2 /* /Users/natman/whisperer-rewrite/ASCIILib/ASCIILib/Log.tpp */ = {isa = PBXBuildFile; fileRef = 779C8E9A8F384770BC298378 /* /Users/natman/whisperer-rewrite/ASCIILib/ASCIILib/Log.tpp */; settings = {COMPILER_FLAGS = ""; }; };
		65362A169F514F8687A221B5 /* /Users/natman/whisperer-rewrite/ASCIILib/ASCIILib/DialogScene.cpp */ = {isa = PBXBuildFile; fileRef = 1AD531731B664357AE3F347E /* /Users/natman/whisperer-rewrite/ASCIILib/ASCIILib/DialogScene.cpp */; settings = {COMPILER_FLAGS = ""; }; };
		65B0B9C974A54DAF85C6B782 /* /Users/natman/whisperer-rewrite/ASCIILib/ASCIILib/Button.h */ = {isa = PBXBuildFile; fileRef = 4570FB0FD5CC4000960B5EC0 /* /Users/natman/whisperer-rewrite/ASCIILib/ASCIILib/Button.h */; settings = {COMPILER_FLAGS = ""; }; };
		6A4F3B46558641CFA2F64446 /* /Users/natman/whisperer-rewrite/ASCIILib/ASCIILib/Surface.h */ = {isa = PBXBuildFile; fileRef = C103734046204CF892B4648E /* /Users/natman/whisperer-rewrite/ASCIILib/ASCIILib/Surface.h */; settings = {COMPILER_FLAGS = ""; }; };
		70EEB3309E4D41E7B54DA3E6 /* /Users/natman/whisperer-rewrite/ASCIILib/ASCIILib/Surface.cpp */ = {isa = PBXBuildFile; fileRef = 9D244A4FE3D244A3A80A17B7 /* /Users/natman/whisperer-rewrite/ASCIILib/ASCIILib/Surface.cpp */; settings = {COMPILER_FLAGS = ""; }; };
		74333C9E3D164129B8775A8F /* /Users/natman/whisperer-rewrite/ASCIILib/ASCIILib/ContentManager.h */ = {isa = PBXBuildFile; fileRef = 8D02F8F40F754A618EAD216A /* /Users/natman/whisperer-rewrite/ASCIILib/ASCIILib/ContentManager.h */; settings = {COMPILER_FLAGS = ""; }; };
		761345CFE43C4D89AE3F3B3E /* /Users/natman/whisperer-rewrite/ASCIILib/ASCIILib/Color.cpp */ = {isa = PBXBuildFile; fileRef = F3517CF5E9994F5CAA9FF581 /* /Users/natman/whisperer-rewrite/ASCIILib/ASCIILib/Color.cpp */; settings = {COMPILER_FLAGS = ""; }; };
		7CED025EC6C342FCB08380AA /* /Users/natman/whisperer-rewrite/ASCIILib/ASCIILib/Preferences.h */ = {isa = PBXBuildFile; fileRef = 36AA14D85CB749F39D86C119 /* /Users/natman/whisperer-rewrite/ASCIILib/ASCIILib/Preferences.h */; settings = {COMPILER_FLAGS = ""; }; };
		7FF3304316594A0FBAD0FAA1 /* /Users/natman/whisperer-rewrite/ASCIILib/ASCIILib/PixelFont.cpp */ = {isa = PBXBuildFile; fileRef = 310EA0348F1446968A764E22 /* /Users/natman/whisperer-rewrite/ASCIILib/ASCIILib/PixelFont.cpp */; settings = {COMPILER_FLAGS = ""; }; };
		8103DC6298214F92A69B3095 /* /Users/natman/whisperer-rewrite/ASCIILib/ASCIILib/PixelFont.h */ = {isa = PBXBuildFile; fileRef = 7F27C55CBAB7480183DFA1B4 /* /Users/natman/whisperer-rewrite/ASCIILib/ASCIILib/PixelFont.h */; settings = {COMPILER_FLAGS = ""; }; };
		81A6256782814D70B3B754F7 /* /Users/natman/whisperer-rewrite/ASCIILib/ASCIILib/Label.cpp */ = {isa = PBXBuildFile; fileRef = 70561F0D7B8F4D79A464A1BE /* /Users/natman/whisperer-rewrite/ASCIILib/ASCIILib/Label.cpp */; settings = {COMPILER_FLAGS = ""; }; };
		8969156E9A0E4987939EF31C /* /Users/natman/whisperer-rewrite/ASCIILib/ASCIILib/LanguageManager.h */ = {isa = PBXBuildFile; fileRef = C8AA877BA6F94F12B739C9CD /* /Users/natman/whisperer-rewrite/ASCIILib/ASCIILib/LanguageManager.h */; settings = {COMPILER_FLAGS = ""; }; };
		8E838F17E5284598815FCA63 /* /Users/natman/whisperer-rewrite/ASCIILib/ASCIILib/Game.h */ = {isa = PBXBuildFile; fileRef = DD1F942564214AB4925DB669 /* /Users/natman/whisperer-rewrite/ASCIILib/ASCIILib/Game.h */; settings = {COMPILER_FLAGS = ""; }; };
		8F616A839A814994A10AA757 /* /Users/natman/whisperer-rewrite/ASCIILib/ASCIILib/Input.cpp */ = {isa = PBXBuildFile; fileRef = F689B6ABCF7A4A1D9F3B7DFF /* /Users/natman/whisperer-rewrite/ASCIILib/ASCIILib/Input.cpp */; settings = {COMPILER_FLAGS = ""; }; };
		94BEDA42CFFB4CA89D7E5821 /* /Users/natman/whisperer-rewrite/ASCIILib/ASCIILib/StyleManager.h */ = {isa = PBXBuildFile; fileRef = CEA324B71FB847B7A9907EFD /* /Users/natman/whisperer-rewrite/ASCIILib/ASCIILib/StyleManager.h */; settings = {COMPILER_FLAGS = ""; }; };
		9794F3EEF6404C1F8B4A7A71 /* /Users/natman/whisperer-rewrite/ASCIILib/ASCIILib/FilePaths.cpp */ = {isa = PBXBuildFile; fileRef = 41AE3D8E00244D9A8E6E5B88 /* /Users/natman/whisperer-rewrite/ASCIILib/ASCIILib/FilePaths.cpp */; settings = {COMPILER_FLAGS = ""; }; };
		9C01758F11CF4A8A89F7B914 /* /Users/natman/whisperer-rewrite/ASCIILib/ASCIILib/TextManager.cpp */ = {isa = PBXBuildFile; fileRef = B8982FBA5A36463D89F42139 /* /Users/natman/whisperer-rewrite/ASCIILib/ASCIILib/TextManager.cpp */; settings = {COMPILER_FLAGS = ""; }; };
		9DFC7387F10148ADA85E0FB3 /* /Users/natman/whisperer-rewrite/ASCIILib/ASCIILib/content.cpp */ = {isa = PBXBuildFile; fileRef = 28D2555B4F9D4440BB55673C /* /Users/natman/whisperer-rewrite/ASCIILib/ASCIILib/content.cpp */; settings = {COMPILER_FLAGS = ""; }; };
		A14D123E46FF43668E28B6B3 /* /Users/natman/whisperer-rewrite/ASCIILib/ASCIILib/DialogFrame.h */ = {isa = PBXBuildFile; fileRef = C09187EE56184C81BFF5C21D /* /Users/natman/whisperer-rewrite/ASCIILib/ASCIILib/DialogFrame.h */; settings = {COMPILER_FLAGS = ""; }; };
		A4BAE21503FD436BA07E2980 /* /Users/natman/whisperer-rewrite/ASCIILib/ASCIILib/SoundManager.h */ = {isa = PBXBuildFile; fileRef = 26ACAF71519E4AFE9E44742A /* /Users/natman/whisperer-rewrite/ASCIILib/ASCIILib/SoundManager.h */; settings = {COMPILER_FLAGS = ""; }; };
		A929D671805B4B7CB65D28DB /* /Users/natman/whisperer-rewrite/ASCIILib/ASCIILib/StringTokenizer.cpp */ = {isa = PBXBuildFile; fileRef = A9B9880CA8A64B82B0066FDD /* /Users/natman/whisperer-rewrite/ASCIILib/ASCIILib/StringTokenizer.cpp */; settings = {COMPILER_FLAGS = ""; }; };
		AF365304FB894E08AF6F7179 /* /Users/natman/whisperer-rewrite/ASCIILib/ASCIILib/ScrollingWord.cpp */ = {isa = PBXBuildFile; fileRef = 7275A588F98A460087A293D3 /* /Users/natman/whisperer-rewrite/ASCIILib/ASCIILib/ScrollingWord.cpp */; settings = {COMPILER_FLAGS = ""; }; };
		B014442FA7DC4B218CD43C97 /* /Users/natman/whisperer-rewrite/ASCIILib/ASCIILib/Camera.cpp */ = {isa = PBXBuildFile; fileRef = 62443DCF06A14777A4F36205 /* /Users/natman/whisperer-rewrite/ASCIILib/ASCIILib/Camera.cpp */; settings = {COMPILER_FLAGS = ""; }; };
		B41338270E9F4F628E3DE935 /* /Users/natman/whisperer-rewrite/ASCIILib/ASCIILib/FileReader.cpp */ = {isa = PBXBuildFile; fileRef = 044E8305CC6145E3B5422B31 /* /Users/natman/whisperer-rewrite/ASCIILib/ASCIILib/FileReader.cpp */; settings = {COMPILER_FLAGS = ""; }; };
		B46B804CD49345CAB7C03607 /* /Users/natman/whisperer-rewrite/ASCIILib/CMakeLists.txt */ = {isa = PBXBuildFile; fileRef = B92E5144FD9742D3BECBD344 /* /Users/natman/whisperer-rewrite/ASCIILib/CMakeLists.txt */; settings = {COMPILER_FLAGS = ""; }; };
		B7B9DDDF03A9449D97740412 /* /Users/natman/whisperer-rewrite/ASCIILib/ASCIILib/Menu.h */ = {isa = PBXBuildFile; fileRef = B17A473210B54AABB9AD4587 /* /Users/natman/whisperer-rewrite/ASCIILib/ASCIILib/Menu.h */; settings = {COMPILER_FLAGS = ""; }; };
		B9B1A979E5964222BE7CF15C /* /Users/natman/whisperer-rewrite/ASCIILib/ASCIILib/ImageCache.h */ = {isa = PBXBuildFile; fileRef = FE6D832D2E6847D6AFCCF116 /* /Users/natman/whisperer-rewrite/ASCIILib/ASCIILib/ImageCache.h */; settings = {COMPILER_FLAGS = ""; }; };
		BE5A830A997E49E688E4B647 /* /Users/natman/whisperer-rewrite/ASCIILib/ASCIILib/jsoncpp.cpp */ = {isa = PBXBuildFile; fileRef = 8C89F25366E6433AB38B5693 /* /Users/natman/whisperer-rewrite/ASCIILib/ASCIILib/jsoncpp.cpp */; settings = {COMPILER_FLAGS = ""; }; };
		BF5076EB25B3420599EBE6F6 /* /Users/natman/whisperer-rewrite/ASCIILib/ASCIILib/Rectangle.cpp */ = {isa = PBXBuildFile; fileRef = ADDBE25BAE2C4E03B0D318F8 /* /Users/natman/whisperer-rewrite/ASCIILib/ASCIILib/Rectangle.cpp */; settings = {COMPILER_FLAGS = ""; }; };
		C08A88DC3AFC4358859A9240 /* /Users/natman/whisperer-rewrite/ASCIILib/ASCIILib/content.h */ = {isa = PBXBuildFile; fileRef = 0C5103E64C2045CE898B7D0F /* /Users/natman/whisperer-rewrite/ASCIILib/ASCIILib/content.h */; settings = {COMPILER_FLAGS = ""; }; };
		C0BBDF7D771B43CF86C0ED68 /* /Users/natman/whisperer-rewrite/ASCIILib/ASCIILib/InputMappings.h */ = {isa = PBXBuildFile; fileRef = 90706B0B130E405AB45F6720 /* /Users/natman/whisperer-rewrite/ASCIILib/ASCIILib/InputMappings.h */; settings = {COMPILER_FLAGS = ""; }; };
		C1BB7D6EEB014C8397027D06 /* /Users/natman/whisperer-rewrite/ASCIILib/ASCIILib/State.h */ = {isa = PBXBuildFile; fileRef = 481DC41187D4484BB9B451DD /* /Users/natman/whisperer-rewrite/ASCIILib/ASCIILib/State.h */; settings = {COMPILER_FLAGS = ""; }; };
		C2543ABA62C54577A2E99DC3 /* /Users/natman/whisperer-rewrite/ASCIILib/ASCIILib/ScrollingWord.h */ = {isa = PBXBuildFile; fileRef = E8457AF6EC1943B185A7803A /* /Users/natman/whisperer-rewrite/ASCIILib/ASCIILib/ScrollingWord.h */; settings = {COMPILER_FLAGS = ""; }; };
		C4FC167A282E4399B1445051 /* /Users/natman/whisperer-rewrite/ASCIILib/ASCIILib/Log.h */ = {isa = PBXBuildFile; fileRef = AB921DA24B1F40B5BB60D0E2 /* /Users/natman/whisperer-rewrite/ASCIILib/ASCIILib/Log.h */; settings = {COMPILER_FLAGS = ""; }; };
		C5CA6A75110E4A05991AD0EC /* /Users/natman/whisperer-rewrite/ASCIILib/ASCIILib/Input.h */ = {isa = PBXBuildFile; fileRef = DEC50C865E06455D87746F00 /* /Users/natman/whisperer-rewrite/ASCIILib/ASCIILib/Input.h */; settings = {COMPILER_FLAGS = ""; }; };
		C9BE756F122646ED9B41C40F /* /Users/natman/whisperer-rewrite/ASCIILib/ASCIILib/InputAction.h */ = {isa = PBXBuildFile; fileRef = 7999E07552B64CA8A242F57B /* /Users/natman/whisperer-rewrite/ASCIILib/ASCIILib/InputAction.h */; settings = {COMPILER_FLAGS = ""; }; };
		CAED8129A59C4BB49BA30471 /* /Users/natman/whisperer-rewrite/ASCIILib/ASCIILib/Point.h */ = {isa = PBXBuildFile; fileRef = F0C3B76B45C44856B33B9A61 /* /Users/natman/whisperer-rewrite/ASCIILib/ASCIILib/Point.h */; settings = {COMPILER_FLAGS = ""; }; };
		D0E96902BB82439980A0D86D /* /Users/natman/whisperer-rewrite/ASCIILib/ASCIILib/StyleManager.cpp */ = {isa = PBXBuildFile; fileRef = 844E1771BAD84F0B97474335 /* /Users/natman/whisperer-rewrite/ASCIILib/ASCIILib/StyleManager.cpp */; settings = {COMPILER_FLAGS = ""; }; };
		D17901C0360A4F6BB75B4CDB /* /Users/natman/whisperer-rewrite/ASCIILib/ASCIILib/InputAction.cpp */ = {isa = PBXBuildFile; fileRef = 495C1C516D1E475FA4A88BFE /* /Users/natman/whisperer-rewrite/ASCIILib/ASCIILib/InputAction.cpp */; settings = {COMPILER_FLAGS = ""; }; };
		D2CC0F8F22D74DD5940C0E46 /* /Users/natman/whisperer-rewrite/ASCIILib/ASCIILib/Game.cpp */ = {isa = PBXBuildFile; fileRef = 867B874AF39B460AAC98FE03 /* /Users/natman/whisperer-rewrite/ASCIILib/ASCIILib/Game.cpp */; settings = {COMPILER_FLAGS = ""; }; };
		D872A34E1E264A919B9E90D3 /* /Users/natman/whisperer-rewrite/ASCIILib/ASCIILib/Point.cpp */ = {isa = PBXBuildFile; fileRef = 4005C3CE03A846CF9A1308B6 /* /Users/natman/whisperer-rewrite/ASCIILib/ASCIILib/Point.cpp */; settings = {COMPILER_FLAGS = ""; }; };
		DA795FB5EDCF4717AD14FCA2 /* /Users/natman/whisperer-rewrite/ASCIILib/ASCIILib/json.h */ = {isa = PBXBuildFile; fileRef = EBF28D1C244349B0BA589FE2 /* /Users/natman/whisperer-rewrite/ASCIILib/ASCIILib/json.h */; settings = {COMPILER_FLAGS = ""; }; };
		DE8CC680CCEF41B0A02186FD /* /Users/natman/whisperer-rewrite/ASCIILib/ASCIILib/Button.cpp */ = {isa = PBXBuildFile; fileRef = E1E010001601406A9362F77B /* /Users/natman/whisperer-rewrite/ASCIILib/ASCIILib/Button.cpp */; settings = {COMPILER_FLAGS = ""; }; };
		E6806D38CC2E4796BC507FEC /* /Users/natman/whisperer-rewrite/ASCIILib/ASCIILib/DialogStyle.cpp */ = {isa = PBXBuildFile; fileRef = B1509F6C9A63492DB8D0C7F0 /* /Users/natman/whisperer-rewrite/ASCIILib/ASCIILib/DialogStyle.cpp */; settings = {COMPILER_FLAGS = ""; }; };
		EAB3A2C6918A4718A2378748 /* /Users/natman/whisperer-rewrite/ASCIILib/ASCIILib/Camera.h */ = {isa = PBXBuildFile; fileRef = B532CFFC9DBE4596B594F1FD /* /Users/natman/whisperer-rewrite/ASCIILib/ASCIILib/Camera.h */; settings = {COMPILER_FLAGS = ""; }; };
		EBC9E7B5D42B4AFAA064F3F8 /* /Users/natman/whisperer-rewrite/ASCIILib/ASCIILib/Preferences.cpp */ = {isa = PBXBuildFile; fileRef = A63C205BE3A940C99031D807 /* /Users/natman/whisperer-rewrite/ASCIILib/ASCIILib/Preferences.cpp */; settings = {COMPILER_FLAGS = ""; }; };
		ED024CD6CD924988AB3EE9C2 /* /Users/natman/whisperer-rewrite/ASCIILib/ASCIILib/TextManager.h */ = {isa = PBXBuildFile; fileRef = D8687EDCC528465A8793490B /* /Users/natman/whisperer-rewrite/ASCIILib/ASCIILib/TextManager.h */; settings = {COMPILER_FLAGS = ""; }; };
		F45B19B7DFED49B8BBFB6BD8 /* /Users/natman/whisperer-rewrite/ASCIILib/ASCIILib/Graphics.h */ = {isa = PBXBuildFile; fileRef = 96CA153A11EB49AC88E97582 /* /Users/natman/whisperer-rewrite/ASCIILib/ASCIILib/Graphics.h */; settings = {COMPILER_FLAGS = ""; }; };
		FD36F9594B0A4F1D91278C4A /* /Users/natman/whisperer-rewrite/ASCIILib/ASCIILib/FilePaths.h */ = {isa = PBXBuildFile; fileRef = A7E3C71A43EF4115830D8FA4 /* /Users/natman/whisperer-rewrite/ASCIILib/ASCIILib/FilePaths.h */; settings = {COMPILER_FLAGS = ""; }; };
/* End PBXBuildFile section */

/* Begin PBXBuildStyle section */
		128E7640C357491A9F7C163A /* MinSizeRel */ = {
			isa = PBXBuildStyle;
			buildSettings = {
				COPY_PHASE_STRIP = NO;
			};
			name = MinSizeRel;
		};
		2859BCB945C845E0A8A34EDF /* RelWithDebInfo */ = {
			isa = PBXBuildStyle;
			buildSettings = {
				COPY_PHASE_STRIP = NO;
			};
			name = RelWithDebInfo;
		};
		35BF26D5720F4DC0A4F335E1 /* Debug */ = {
			isa = PBXBuildStyle;
			buildSettings = {
				COPY_PHASE_STRIP = NO;
			};
			name = Debug;
		};
		5E178013DFEA49AFBB4EB1B6 /* Release */ = {
			isa = PBXBuildStyle;
			buildSettings = {
				COPY_PHASE_STRIP = NO;
			};
			name = Release;
		};
		E43982C93B8E42718221E87F = {
			isa = PBXBuildStyle;
		};
/* End PBXBuildStyle section */

/* Begin PBXContainerItemProxy section */
		0AC80BADAD1B4E2089CE5569 /* PBXContainerItemProxy */ = {
			isa = PBXContainerItemProxy;
			containerPortal = 42CEABA2122C432CAB3E802B /* Project object */;
			proxyType = 1;
			remoteGlobalIDString = E352C3192F004B36A7608D95;
			remoteInfo = ASCIILib;
		};
		781D524BD7274B80ACF99218 /* PBXContainerItemProxy */ = {
			isa = PBXContainerItemProxy;
			containerPortal = 42CEABA2122C432CAB3E802B /* Project object */;
			proxyType = 1;
			remoteGlobalIDString = DC5375B159DE4BACA70219DB;
			remoteInfo = ZERO_CHECK;
		};
		EFEC9579B3564310901CC234 /* PBXContainerItemProxy */ = {
			isa = PBXContainerItemProxy;
			containerPortal = 42CEABA2122C432CAB3E802B /* Project object */;
			proxyType = 1;
			remoteGlobalIDString = DC5375B159DE4BACA70219DB;
			remoteInfo = ZERO_CHECK;
		};
/* End PBXContainerItemProxy section */

/* Begin PBXFileReference section */
		03B1D9516097416ABFC82285 /* /Users/natman/whisperer-rewrite/ASCIILib/ASCIILib/Log.cpp */ = {isa = PBXFileReference; explicitFileType = sourcecode.cpp.cpp; fileEncoding = 4; name = Log.cpp; path = ASCIILib/Log.cpp; sourceTree = SOURCE_ROOT; };
		044E8305CC6145E3B5422B31 /* /Users/natman/whisperer-rewrite/ASCIILib/ASCIILib/FileReader.cpp */ = {isa = PBXFileReference; explicitFileType = sourcecode.cpp.cpp; fileEncoding = 4; name = FileReader.cpp; path = ASCIILib/FileReader.cpp; sourceTree = SOURCE_ROOT; };
		0581CA05727F4073938AA142 /* /Users/natman/whisperer-rewrite/ASCIILib/ASCIILib/ImageCache.cpp */ = {isa = PBXFileReference; explicitFileType = sourcecode.cpp.cpp; fileEncoding = 4; name = ImageCache.cpp; path = ASCIILib/ImageCache.cpp; sourceTree = SOURCE_ROOT; };
		0C021D49AE534584A50DAB4D /* /Users/natman/whisperer-rewrite/ASCIILib/ASCIILib/FileReader.h */ = {isa = PBXFileReference; explicitFileType = sourcecode.c.h; fileEncoding = 4; name = FileReader.h; path = ASCIILib/FileReader.h; sourceTree = SOURCE_ROOT; };
		0C5103E64C2045CE898B7D0F /* /Users/natman/whisperer-rewrite/ASCIILib/ASCIILib/content.h */ = {isa = PBXFileReference; explicitFileType = sourcecode.c.h; fileEncoding = 4; name = content.h; path = ASCIILib/content.h; sourceTree = SOURCE_ROOT; };
		12107312B97D4BBBBDDCBD13 /* /Users/natman/whisperer-rewrite/ASCIILib/ASCIILib/json-forwards.h */ = {isa = PBXFileReference; explicitFileType = sourcecode.c.h; fileEncoding = 4; name = "json-forwards.h"; path = "ASCIILib/json-forwards.h"; sourceTree = SOURCE_ROOT; };
		1641D65C5C4D4C6DB653BA99 /* /Users/natman/whisperer-rewrite/ASCIILib/CMakeLists.txt */ = {isa = PBXFileReference; explicitFileType = sourcecode.text; fileEncoding = 4; name = CMakeLists.txt; path = CMakeLists.txt; sourceTree = SOURCE_ROOT; };
		1AD531731B664357AE3F347E /* /Users/natman/whisperer-rewrite/ASCIILib/ASCIILib/DialogScene.cpp */ = {isa = PBXFileReference; explicitFileType = sourcecode.cpp.cpp; fileEncoding = 4; name = DialogScene.cpp; path = ASCIILib/DialogScene.cpp; sourceTree = SOURCE_ROOT; };
		1F86B03D73B2422284EA5840 /* /Users/natman/whisperer-rewrite/ASCIILib/ASCIILib/parsing.h */ = {isa = PBXFileReference; explicitFileType = sourcecode.c.h; fileEncoding = 4; name = parsing.h; path = ASCIILib/parsing.h; sourceTree = SOURCE_ROOT; };
		2264B873B6F14EA6B324BEC3 /* /Users/natman/whisperer-rewrite/ASCIILib/ASCIILib/GlobalArgs.cpp */ = {isa = PBXFileReference; explicitFileType = sourcecode.cpp.cpp; fileEncoding = 4; name = GlobalArgs.cpp; path = ASCIILib/GlobalArgs.cpp; sourceTree = SOURCE_ROOT; };
		22F80A441C1C4F89BF14D80B /* /Users/natman/whisperer-rewrite/ASCIILib/ASCIILib/Graphics.cpp */ = {isa = PBXFileReference; explicitFileType = sourcecode.cpp.cpp; fileEncoding = 4; name = Graphics.cpp; path = ASCIILib/Graphics.cpp; sourceTree = SOURCE_ROOT; };
		26ACAF71519E4AFE9E44742A /* /Users/natman/whisperer-rewrite/ASCIILib/ASCIILib/SoundManager.h */ = {isa = PBXFileReference; explicitFileType = sourcecode.c.h; fileEncoding = 4; name = SoundManager.h; path = ASCIILib/SoundManager.h; sourceTree = SOURCE_ROOT; };
		276CF18109B34AA88DAAA9FB /* /Users/natman/whisperer-rewrite/ASCIILib/ASCIILib/LanguageManager.cpp */ = {isa = PBXFileReference; explicitFileType = sourcecode.cpp.cpp; fileEncoding = 4; name = LanguageManager.cpp; path = ASCIILib/LanguageManager.cpp; sourceTree = SOURCE_ROOT; };
		28D2555B4F9D4440BB55673C /* /Users/natman/whisperer-rewrite/ASCIILib/ASCIILib/content.cpp */ = {isa = PBXFileReference; explicitFileType = sourcecode.cpp.cpp; fileEncoding = 4; name = content.cpp; path = ASCIILib/content.cpp; sourceTree = SOURCE_ROOT; };
		310EA0348F1446968A764E22 /* /Users/natman/whisperer-rewrite/ASCIILib/ASCIILib/PixelFont.cpp */ = {isa = PBXFileReference; explicitFileType = sourcecode.cpp.cpp; fileEncoding = 4; name = PixelFont.cpp; path = ASCIILib/PixelFont.cpp; sourceTree = SOURCE_ROOT; };
		36AA14D85CB749F39D86C119 /* /Users/natman/whisperer-rewrite/ASCIILib/ASCIILib/Preferences.h */ = {isa = PBXFileReference; explicitFileType = sourcecode.c.h; fileEncoding = 4; name = Preferences.h; path = ASCIILib/Preferences.h; sourceTree = SOURCE_ROOT; };
		4005C3CE03A846CF9A1308B6 /* /Users/natman/whisperer-rewrite/ASCIILib/ASCIILib/Point.cpp */ = {isa = PBXFileReference; explicitFileType = sourcecode.cpp.cpp; fileEncoding = 4; name = Point.cpp; path = ASCIILib/Point.cpp; sourceTree = SOURCE_ROOT; };
		41AE3D8E00244D9A8E6E5B88 /* /Users/natman/whisperer-rewrite/ASCIILib/ASCIILib/FilePaths.cpp */ = {isa = PBXFileReference; explicitFileType = sourcecode.cpp.cpp; fileEncoding = 4; name = FilePaths.cpp; path = ASCIILib/FilePaths.cpp; sourceTree = SOURCE_ROOT; };
		4570FB0FD5CC4000960B5EC0 /* /Users/natman/whisperer-rewrite/ASCIILib/ASCIILib/Button.h */ = {isa = PBXFileReference; explicitFileType = sourcecode.c.h; fileEncoding = 4; name = Button.h; path = ASCIILib/Button.h; sourceTree = SOURCE_ROOT; };
		481DC41187D4484BB9B451DD /* /Users/natman/whisperer-rewrite/ASCIILib/ASCIILib/State.h */ = {isa = PBXFileReference; explicitFileType = sourcecode.c.h; fileEncoding = 4; name = State.h; path = ASCIILib/State.h; sourceTree = SOURCE_ROOT; };
		495C1C516D1E475FA4A88BFE /* /Users/natman/whisperer-rewrite/ASCIILib/ASCIILib/InputAction.cpp */ = {isa = PBXFileReference; explicitFileType = sourcecode.cpp.cpp; fileEncoding = 4; name = InputAction.cpp; path = ASCIILib/InputAction.cpp; sourceTree = SOURCE_ROOT; };
		541D13854A464AE4887A7EE7 /* /Users/natman/whisperer-rewrite/ASCIILib/ASCIILib/SurfaceManager.cpp */ = {isa = PBXFileReference; explicitFileType = sourcecode.cpp.cpp; fileEncoding = 4; name = SurfaceManager.cpp; path = ASCIILib/SurfaceManager.cpp; sourceTree = SOURCE_ROOT; };
		5874F37184F34A118D4DF773 /* /Users/natman/whisperer-rewrite/ASCIILib/ASCIILib/SurfaceManager.h */ = {isa = PBXFileReference; explicitFileType = sourcecode.c.h; fileEncoding = 4; name = SurfaceManager.h; path = ASCIILib/SurfaceManager.h; sourceTree = SOURCE_ROOT; };
		5EB39D4EB9B948249F4938ED /* /Users/natman/whisperer-rewrite/ASCIILib/CMakeLists.txt */ = {isa = PBXFileReference; explicitFileType = sourcecode.text; fileEncoding = 4; name = CMakeLists.txt; path = CMakeLists.txt; sourceTree = SOURCE_ROOT; };
		62443DCF06A14777A4F36205 /* /Users/natman/whisperer-rewrite/ASCIILib/ASCIILib/Camera.cpp */ = {isa = PBXFileReference; explicitFileType = sourcecode.cpp.cpp; fileEncoding = 4; name = Camera.cpp; path = ASCIILib/Camera.cpp; sourceTree = SOURCE_ROOT; };
		6ADD72B406334E17BA1884C6 /* ASCIILib */ = {isa = PBXFileReference; explicitFileType = archive.ar; path = libASCIILib.a; refType = 0; sourceTree = BUILT_PRODUCTS_DIR; };
		70561F0D7B8F4D79A464A1BE /* /Users/natman/whisperer-rewrite/ASCIILib/ASCIILib/Label.cpp */ = {isa = PBXFileReference; explicitFileType = sourcecode.cpp.cpp; fileEncoding = 4; name = Label.cpp; path = ASCIILib/Label.cpp; sourceTree = SOURCE_ROOT; };
		7275A588F98A460087A293D3 /* /Users/natman/whisperer-rewrite/ASCIILib/ASCIILib/ScrollingWord.cpp */ = {isa = PBXFileReference; explicitFileType = sourcecode.cpp.cpp; fileEncoding = 4; name = ScrollingWord.cpp; path = ASCIILib/ScrollingWord.cpp; sourceTree = SOURCE_ROOT; };
		74089D07E2F44374AD6B0AB8 /* /Users/natman/whisperer-rewrite/ASCIILib/ASCIILib/Menu.cpp */ = {isa = PBXFileReference; explicitFileType = sourcecode.cpp.cpp; fileEncoding = 4; name = Menu.cpp; path = ASCIILib/Menu.cpp; sourceTree = SOURCE_ROOT; };
		74D302D847924671BE4CA0DE /* /Users/natman/whisperer-rewrite/ASCIILib/ASCIILib/Label.h */ = {isa = PBXFileReference; explicitFileType = sourcecode.c.h; fileEncoding = 4; name = Label.h; path = ASCIILib/Label.h; sourceTree = SOURCE_ROOT; };
		773D7EB924154253B23C0629 /* /Users/natman/whisperer-rewrite/ASCIILib/ASCIILib/InputMappings.cpp */ = {isa = PBXFileReference; explicitFileType = sourcecode.cpp.cpp; fileEncoding = 4; name = InputMappings.cpp; path = ASCIILib/InputMappings.cpp; sourceTree = SOURCE_ROOT; };
		779C8E9A8F384770BC298378 /* /Users/natman/whisperer-rewrite/ASCIILib/ASCIILib/Log.tpp */ = {isa = PBXFileReference; explicitFileType = sourcecode; fileEncoding = 4; name = Log.tpp; path = ASCIILib/Log.tpp; sourceTree = SOURCE_ROOT; };
		7999E07552B64CA8A242F57B /* /Users/natman/whisperer-rewrite/ASCIILib/ASCIILib/InputAction.h */ = {isa = PBXFileReference; explicitFileType = sourcecode.c.h; fileEncoding = 4; name = InputAction.h; path = ASCIILib/InputAction.h; sourceTree = SOURCE_ROOT; };
		7CF173C1726345D3AAEAE3D5 /* /Users/natman/whisperer-rewrite/ASCIILib/ASCIILib/DialogScene.h */ = {isa = PBXFileReference; explicitFileType = sourcecode.c.h; fileEncoding = 4; name = DialogScene.h; path = ASCIILib/DialogScene.h; sourceTree = SOURCE_ROOT; };
		7F27C55CBAB7480183DFA1B4 /* /Users/natman/whisperer-rewrite/ASCIILib/ASCIILib/PixelFont.h */ = {isa = PBXFileReference; explicitFileType = sourcecode.c.h; fileEncoding = 4; name = PixelFont.h; path = ASCIILib/PixelFont.h; sourceTree = SOURCE_ROOT; };
		844E1771BAD84F0B97474335 /* /Users/natman/whisperer-rewrite/ASCIILib/ASCIILib/StyleManager.cpp */ = {isa = PBXFileReference; explicitFileType = sourcecode.cpp.cpp; fileEncoding = 4; name = StyleManager.cpp; path = ASCIILib/StyleManager.cpp; sourceTree = SOURCE_ROOT; };
		8491D76EBEE04F148DECDDDA /* /Users/natman/whisperer-rewrite/ASCIILib/ASCIILib/DialogStyle.h */ = {isa = PBXFileReference; explicitFileType = sourcecode.c.h; fileEncoding = 4; name = DialogStyle.h; path = ASCIILib/DialogStyle.h; sourceTree = SOURCE_ROOT; };
		867B874AF39B460AAC98FE03 /* /Users/natman/whisperer-rewrite/ASCIILib/ASCIILib/Game.cpp */ = {isa = PBXFileReference; explicitFileType = sourcecode.cpp.cpp; fileEncoding = 4; name = Game.cpp; path = ASCIILib/Game.cpp; sourceTree = SOURCE_ROOT; };
		8C89F25366E6433AB38B5693 /* /Users/natman/whisperer-rewrite/ASCIILib/ASCIILib/jsoncpp.cpp */ = {isa = PBXFileReference; explicitFileType = sourcecode.cpp.cpp; fileEncoding = 4; name = jsoncpp.cpp; path = ASCIILib/jsoncpp.cpp; sourceTree = SOURCE_ROOT; };
		8D02F8F40F754A618EAD216A /* /Users/natman/whisperer-rewrite/ASCIILib/ASCIILib/ContentManager.h */ = {isa = PBXFileReference; explicitFileType = sourcecode.c.h; fileEncoding = 4; name = ContentManager.h; path = ASCIILib/ContentManager.h; sourceTree = SOURCE_ROOT; };
		90706B0B130E405AB45F6720 /* /Users/natman/whisperer-rewrite/ASCIILib/ASCIILib/InputMappings.h */ = {isa = PBXFileReference; explicitFileType = sourcecode.c.h; fileEncoding = 4; name = InputMappings.h; path = ASCIILib/InputMappings.h; sourceTree = SOURCE_ROOT; };
		96CA153A11EB49AC88E97582 /* /Users/natman/whisperer-rewrite/ASCIILib/ASCIILib/Graphics.h */ = {isa = PBXFileReference; explicitFileType = sourcecode.c.h; fileEncoding = 4; name = Graphics.h; path = ASCIILib/Graphics.h; sourceTree = SOURCE_ROOT; };
		9D244A4FE3D244A3A80A17B7 /* /Users/natman/whisperer-rewrite/ASCIILib/ASCIILib/Surface.cpp */ = {isa = PBXFileReference; explicitFileType = sourcecode.cpp.cpp; fileEncoding = 4; name = Surface.cpp; path = ASCIILib/Surface.cpp; sourceTree = SOURCE_ROOT; };
		9F002C8871F84A1785A399B0 /* /Users/natman/whisperer-rewrite/ASCIILib/ASCIILib/Color.h */ = {isa = PBXFileReference; explicitFileType = sourcecode.c.h; fileEncoding = 4; name = Color.h; path = ASCIILib/Color.h; sourceTree = SOURCE_ROOT; };
		A63C205BE3A940C99031D807 /* /Users/natman/whisperer-rewrite/ASCIILib/ASCIILib/Preferences.cpp */ = {isa = PBXFileReference; explicitFileType = sourcecode.cpp.cpp; fileEncoding = 4; name = Preferences.cpp; path = ASCIILib/Preferences.cpp; sourceTree = SOURCE_ROOT; };
		A7E3C71A43EF4115830D8FA4 /* /Users/natman/whisperer-rewrite/ASCIILib/ASCIILib/FilePaths.h */ = {isa = PBXFileReference; explicitFileType = sourcecode.c.h; fileEncoding = 4; name = FilePaths.h; path = ASCIILib/FilePaths.h; sourceTree = SOURCE_ROOT; };
		A9B9880CA8A64B82B0066FDD /* /Users/natman/whisperer-rewrite/ASCIILib/ASCIILib/StringTokenizer.cpp */ = {isa = PBXFileReference; explicitFileType = sourcecode.cpp.cpp; fileEncoding = 4; name = StringTokenizer.cpp; path = ASCIILib/StringTokenizer.cpp; sourceTree = SOURCE_ROOT; };
		AB921DA24B1F40B5BB60D0E2 /* /Users/natman/whisperer-rewrite/ASCIILib/ASCIILib/Log.h */ = {isa = PBXFileReference; explicitFileType = sourcecode.c.h; fileEncoding = 4; name = Log.h; path = ASCIILib/Log.h; sourceTree = SOURCE_ROOT; };
		ACA3756342D342B7B7A616D2 /* /Users/natman/whisperer-rewrite/ASCIILib/ASCIILib/StringTokenizer.h */ = {isa = PBXFileReference; explicitFileType = sourcecode.c.h; fileEncoding = 4; name = StringTokenizer.h; path = ASCIILib/StringTokenizer.h; sourceTree = SOURCE_ROOT; };
		ADDBE25BAE2C4E03B0D318F8 /* /Users/natman/whisperer-rewrite/ASCIILib/ASCIILib/Rectangle.cpp */ = {isa = PBXFileReference; explicitFileType = sourcecode.cpp.cpp; fileEncoding = 4; name = Rectangle.cpp; path = ASCIILib/Rectangle.cpp; sourceTree = SOURCE_ROOT; };
		AE9EA6F7BB1046DE9A1F9AE8 /* /Users/natman/whisperer-rewrite/ASCIILib/ASCIILib/Tween.cpp */ = {isa = PBXFileReference; explicitFileType = sourcecode.cpp.cpp; fileEncoding = 4; name = Tween.cpp; path = ASCIILib/Tween.cpp; sourceTree = SOURCE_ROOT; };
		B1509F6C9A63492DB8D0C7F0 /* /Users/natman/whisperer-rewrite/ASCIILib/ASCIILib/DialogStyle.cpp */ = {isa = PBXFileReference; explicitFileType = sourcecode.cpp.cpp; fileEncoding = 4; name = DialogStyle.cpp; path = ASCIILib/DialogStyle.cpp; sourceTree = SOURCE_ROOT; };
		B17A473210B54AABB9AD4587 /* /Users/natman/whisperer-rewrite/ASCIILib/ASCIILib/Menu.h */ = {isa = PBXFileReference; explicitFileType = sourcecode.c.h; fileEncoding = 4; name = Menu.h; path = ASCIILib/Menu.h; sourceTree = SOURCE_ROOT; };
		B532CFFC9DBE4596B594F1FD /* /Users/natman/whisperer-rewrite/ASCIILib/ASCIILib/Camera.h */ = {isa = PBXFileReference; explicitFileType = sourcecode.c.h; fileEncoding = 4; name = Camera.h; path = ASCIILib/Camera.h; sourceTree = SOURCE_ROOT; };
		B8982FBA5A36463D89F42139 /* /Users/natman/whisperer-rewrite/ASCIILib/ASCIILib/TextManager.cpp */ = {isa = PBXFileReference; explicitFileType = sourcecode.cpp.cpp; fileEncoding = 4; name = TextManager.cpp; path = ASCIILib/TextManager.cpp; sourceTree = SOURCE_ROOT; };
		B92E5144FD9742D3BECBD344 /* /Users/natman/whisperer-rewrite/ASCIILib/CMakeLists.txt */ = {isa = PBXFileReference; explicitFileType = sourcecode.text; fileEncoding = 4; name = CMakeLists.txt; path = CMakeLists.txt; sourceTree = SOURCE_ROOT; };
		BF2905FA5A754D1AB9484C03 /* /Users/natman/whisperer-rewrite/ASCIILib/ASCIILib/Alignment.h */ = {isa = PBXFileReference; explicitFileType = sourcecode.c.h; fileEncoding = 4; name = Alignment.h; path = ASCIILib/Alignment.h; sourceTree = SOURCE_ROOT; };
		C09187EE56184C81BFF5C21D /* /Users/natman/whisperer-rewrite/ASCIILib/ASCIILib/DialogFrame.h */ = {isa = PBXFileReference; explicitFileType = sourcecode.c.h; fileEncoding = 4; name = DialogFrame.h; path = ASCIILib/DialogFrame.h; sourceTree = SOURCE_ROOT; };
		C103734046204CF892B4648E /* /Users/natman/whisperer-rewrite/ASCIILib/ASCIILib/Surface.h */ = {isa = PBXFileReference; explicitFileType = sourcecode.c.h; fileEncoding = 4; name = Surface.h; path = ASCIILib/Surface.h; sourceTree = SOURCE_ROOT; };
		C41453012F9047EAA3051AFE /* /Users/natman/whisperer-rewrite/ASCIILib/ASCIILib/SoundManager.cpp */ = {isa = PBXFileReference; explicitFileType = sourcecode.cpp.cpp; fileEncoding = 4; name = SoundManager.cpp; path = ASCIILib/SoundManager.cpp; sourceTree = SOURCE_ROOT; };
		C8AA877BA6F94F12B739C9CD /* /Users/natman/whisperer-rewrite/ASCIILib/ASCIILib/LanguageManager.h */ = {isa = PBXFileReference; explicitFileType = sourcecode.c.h; fileEncoding = 4; name = LanguageManager.h; path = ASCIILib/LanguageManager.h; sourceTree = SOURCE_ROOT; };
		CEA324B71FB847B7A9907EFD /* /Users/natman/whisperer-rewrite/ASCIILib/ASCIILib/StyleManager.h */ = {isa = PBXFileReference; explicitFileType = sourcecode.c.h; fileEncoding = 4; name = StyleManager.h; path = ASCIILib/StyleManager.h; sourceTree = SOURCE_ROOT; };
		D8687EDCC528465A8793490B /* /Users/natman/whisperer-rewrite/ASCIILib/ASCIILib/TextManager.h */ = {isa = PBXFileReference; explicitFileType = sourcecode.c.h; fileEncoding = 4; name = TextManager.h; path = ASCIILib/TextManager.h; sourceTree = SOURCE_ROOT; };
		DC6C2E0513D348C389DD2665 /* /Users/natman/whisperer-rewrite/ASCIILib/ASCIILib/Tween.h */ = {isa = PBXFileReference; explicitFileType = sourcecode.c.h; fileEncoding = 4; name = Tween.h; path = ASCIILib/Tween.h; sourceTree = SOURCE_ROOT; };
		DD1F942564214AB4925DB669 /* /Users/natman/whisperer-rewrite/ASCIILib/ASCIILib/Game.h */ = {isa = PBXFileReference; explicitFileType = sourcecode.c.h; fileEncoding = 4; name = Game.h; path = ASCIILib/Game.h; sourceTree = SOURCE_ROOT; };
		DE8817EB8D5E439FA467FD5B /* /Users/natman/whisperer-rewrite/ASCIILib/ASCIILib/DialogFrame.cpp */ = {isa = PBXFileReference; explicitFileType = sourcecode.cpp.cpp; fileEncoding = 4; name = DialogFrame.cpp; path = ASCIILib/DialogFrame.cpp; sourceTree = SOURCE_ROOT; };
		DEC50C865E06455D87746F00 /* /Users/natman/whisperer-rewrite/ASCIILib/ASCIILib/Input.h */ = {isa = PBXFileReference; explicitFileType = sourcecode.c.h; fileEncoding = 4; name = Input.h; path = ASCIILib/Input.h; sourceTree = SOURCE_ROOT; };
		E1E010001601406A9362F77B /* /Users/natman/whisperer-rewrite/ASCIILib/ASCIILib/Button.cpp */ = {isa = PBXFileReference; explicitFileType = sourcecode.cpp.cpp; fileEncoding = 4; name = Button.cpp; path = ASCIILib/Button.cpp; sourceTree = SOURCE_ROOT; };
		E8457AF6EC1943B185A7803A /* /Users/natman/whisperer-rewrite/ASCIILib/ASCIILib/ScrollingWord.h */ = {isa = PBXFileReference; explicitFileType = sourcecode.c.h; fileEncoding = 4; name = ScrollingWord.h; path = ASCIILib/ScrollingWord.h; sourceTree = SOURCE_ROOT; };
		EBF28D1C244349B0BA589FE2 /* /Users/natman/whisperer-rewrite/ASCIILib/ASCIILib/json.h */ = {isa = PBXFileReference; explicitFileType = sourcecode.c.h; fileEncoding = 4; name = json.h; path = ASCIILib/json.h; sourceTree = SOURCE_ROOT; };
		F04EECCADA3147CB89EC0A90 /* /Users/natman/whisperer-rewrite/ASCIILib/ASCIILib/Rectangle.h */ = {isa = PBXFileReference; explicitFileType = sourcecode.c.h; fileEncoding = 4; name = Rectangle.h; path = ASCIILib/Rectangle.h; sourceTree = SOURCE_ROOT; };
		F0C3B76B45C44856B33B9A61 /* /Users/natman/whisperer-rewrite/ASCIILib/ASCIILib/Point.h */ = {isa = PBXFileReference; explicitFileType = sourcecode.c.h; fileEncoding = 4; name = Point.h; path = ASCIILib/Point.h; sourceTree = SOURCE_ROOT; };
		F3517CF5E9994F5CAA9FF581 /* /Users/natman/whisperer-rewrite/ASCIILib/ASCIILib/Color.cpp */ = {isa = PBXFileReference; explicitFileType = sourcecode.cpp.cpp; fileEncoding = 4; name = Color.cpp; path = ASCIILib/Color.cpp; sourceTree = SOURCE_ROOT; };
		F4E4CEB557534A86BA80F3B9 /* /Users/natman/whisperer-rewrite/ASCIILib/ASCIILib/GlobalArgs.h */ = {isa = PBXFileReference; explicitFileType = sourcecode.c.h; fileEncoding = 4; name = GlobalArgs.h; path = ASCIILib/GlobalArgs.h; sourceTree = SOURCE_ROOT; };
		F689B6ABCF7A4A1D9F3B7DFF /* /Users/natman/whisperer-rewrite/ASCIILib/ASCIILib/Input.cpp */ = {isa = PBXFileReference; explicitFileType = sourcecode.cpp.cpp; fileEncoding = 4; name = Input.cpp; path = ASCIILib/Input.cpp; sourceTree = SOURCE_ROOT; };
		F9F77DAB6CCE4687AF03629C /* /Users/natman/whisperer-rewrite/ASCIILib/ASCIILib/ContentManager.cpp */ = {isa = PBXFileReference; explicitFileType = sourcecode.cpp.cpp; fileEncoding = 4; name = ContentManager.cpp; path = ASCIILib/ContentManager.cpp; sourceTree = SOURCE_ROOT; };
		FE6D832D2E6847D6AFCCF116 /* /Users/natman/whisperer-rewrite/ASCIILib/ASCIILib/ImageCache.h */ = {isa = PBXFileReference; explicitFileType = sourcecode.c.h; fileEncoding = 4; name = ImageCache.h; path = ASCIILib/ImageCache.h; sourceTree = SOURCE_ROOT; };
/* End PBXFileReference section */

/* Begin PBXGroup section */
		1B183C98ABA24686B54623B4 /* Products */ = {
			isa = PBXGroup;
			children = (
				6ADD72B406334E17BA1884C6 /* ASCIILib */,
			);
			name = Products;
			sourceTree = "<group>";
		};
		3CEE509A039244F0AC7C3138 /* ZERO_CHECK */ = {
			isa = PBXGroup;
			children = (
				EEC2A032F12F4F5AA694B501 /* CMake Rules */,
				1641D65C5C4D4C6DB653BA99 /* /Users/natman/whisperer-rewrite/ASCIILib/CMakeLists.txt */,
			);
			name = ZERO_CHECK;
			sourceTree = "<group>";
		};
		3ECBF12C011544D99C3A343A /* ALL_BUILD */ = {
			isa = PBXGroup;
			children = (
				932434FFE3BB40FDB28A0BD7 /* CMake Rules */,
				5EB39D4EB9B948249F4938ED /* /Users/natman/whisperer-rewrite/ASCIILib/CMakeLists.txt */,
			);
			name = ALL_BUILD;
			sourceTree = "<group>";
		};
		43549339BFA046B189B3EFBF /* Source Files */ = {
			isa = PBXGroup;
			children = (
				E1E010001601406A9362F77B /* /Users/natman/whisperer-rewrite/ASCIILib/ASCIILib/Button.cpp */,
				62443DCF06A14777A4F36205 /* /Users/natman/whisperer-rewrite/ASCIILib/ASCIILib/Camera.cpp */,
				F3517CF5E9994F5CAA9FF581 /* /Users/natman/whisperer-rewrite/ASCIILib/ASCIILib/Color.cpp */,
				F9F77DAB6CCE4687AF03629C /* /Users/natman/whisperer-rewrite/ASCIILib/ASCIILib/ContentManager.cpp */,
				DE8817EB8D5E439FA467FD5B /* /Users/natman/whisperer-rewrite/ASCIILib/ASCIILib/DialogFrame.cpp */,
				1AD531731B664357AE3F347E /* /Users/natman/whisperer-rewrite/ASCIILib/ASCIILib/DialogScene.cpp */,
				B1509F6C9A63492DB8D0C7F0 /* /Users/natman/whisperer-rewrite/ASCIILib/ASCIILib/DialogStyle.cpp */,
				41AE3D8E00244D9A8E6E5B88 /* /Users/natman/whisperer-rewrite/ASCIILib/ASCIILib/FilePaths.cpp */,
				044E8305CC6145E3B5422B31 /* /Users/natman/whisperer-rewrite/ASCIILib/ASCIILib/FileReader.cpp */,
				867B874AF39B460AAC98FE03 /* /Users/natman/whisperer-rewrite/ASCIILib/ASCIILib/Game.cpp */,
				2264B873B6F14EA6B324BEC3 /* /Users/natman/whisperer-rewrite/ASCIILib/ASCIILib/GlobalArgs.cpp */,
				22F80A441C1C4F89BF14D80B /* /Users/natman/whisperer-rewrite/ASCIILib/ASCIILib/Graphics.cpp */,
				0581CA05727F4073938AA142 /* /Users/natman/whisperer-rewrite/ASCIILib/ASCIILib/ImageCache.cpp */,
				F689B6ABCF7A4A1D9F3B7DFF /* /Users/natman/whisperer-rewrite/ASCIILib/ASCIILib/Input.cpp */,
				495C1C516D1E475FA4A88BFE /* /Users/natman/whisperer-rewrite/ASCIILib/ASCIILib/InputAction.cpp */,
				773D7EB924154253B23C0629 /* /Users/natman/whisperer-rewrite/ASCIILib/ASCIILib/InputMappings.cpp */,
				70561F0D7B8F4D79A464A1BE /* /Users/natman/whisperer-rewrite/ASCIILib/ASCIILib/Label.cpp */,
				276CF18109B34AA88DAAA9FB /* /Users/natman/whisperer-rewrite/ASCIILib/ASCIILib/LanguageManager.cpp */,
				03B1D9516097416ABFC82285 /* /Users/natman/whisperer-rewrite/ASCIILib/ASCIILib/Log.cpp */,
				74089D07E2F44374AD6B0AB8 /* /Users/natman/whisperer-rewrite/ASCIILib/ASCIILib/Menu.cpp */,
				310EA0348F1446968A764E22 /* /Users/natman/whisperer-rewrite/ASCIILib/ASCIILib/PixelFont.cpp */,
				4005C3CE03A846CF9A1308B6 /* /Users/natman/whisperer-rewrite/ASCIILib/ASCIILib/Point.cpp */,
				A63C205BE3A940C99031D807 /* /Users/natman/whisperer-rewrite/ASCIILib/ASCIILib/Preferences.cpp */,
				ADDBE25BAE2C4E03B0D318F8 /* /Users/natman/whisperer-rewrite/ASCIILib/ASCIILib/Rectangle.cpp */,
				7275A588F98A460087A293D3 /* /Users/natman/whisperer-rewrite/ASCIILib/ASCIILib/ScrollingWord.cpp */,
				C41453012F9047EAA3051AFE /* /Users/natman/whisperer-rewrite/ASCIILib/ASCIILib/SoundManager.cpp */,
				A9B9880CA8A64B82B0066FDD /* /Users/natman/whisperer-rewrite/ASCIILib/ASCIILib/StringTokenizer.cpp */,
				844E1771BAD84F0B97474335 /* /Users/natman/whisperer-rewrite/ASCIILib/ASCIILib/StyleManager.cpp */,
				9D244A4FE3D244A3A80A17B7 /* /Users/natman/whisperer-rewrite/ASCIILib/ASCIILib/Surface.cpp */,
				541D13854A464AE4887A7EE7 /* /Users/natman/whisperer-rewrite/ASCIILib/ASCIILib/SurfaceManager.cpp */,
				B8982FBA5A36463D89F42139 /* /Users/natman/whisperer-rewrite/ASCIILib/ASCIILib/TextManager.cpp */,
				AE9EA6F7BB1046DE9A1F9AE8 /* /Users/natman/whisperer-rewrite/ASCIILib/ASCIILib/Tween.cpp */,
				28D2555B4F9D4440BB55673C /* /Users/natman/whisperer-rewrite/ASCIILib/ASCIILib/content.cpp */,
				8C89F25366E6433AB38B5693 /* /Users/natman/whisperer-rewrite/ASCIILib/ASCIILib/jsoncpp.cpp */,
			);
			name = "Source Files";
			sourceTree = "<group>";
		};
		5062FDA049E240589B2399F9 /* Resources */ = {
			isa = PBXGroup;
			children = (
			);
			name = Resources;
			sourceTree = "<group>";
		};
		7A99125A4F934853B90A8DDE /* ASCIILib */ = {
			isa = PBXGroup;
			children = (
				43549339BFA046B189B3EFBF /* Source Files */,
				CA7559BDEE634F1F9F52CE1A /* Header Files */,
				779C8E9A8F384770BC298378 /* /Users/natman/whisperer-rewrite/ASCIILib/ASCIILib/Log.tpp */,
				B92E5144FD9742D3BECBD344 /* /Users/natman/whisperer-rewrite/ASCIILib/CMakeLists.txt */,
			);
			name = ASCIILib;
			sourceTree = "<group>";
		};
		932434FFE3BB40FDB28A0BD7 /* CMake Rules */ = {
			isa = PBXGroup;
			children = (
			);
			name = "CMake Rules";
			sourceTree = "<group>";
		};
		97B7678D25404D38AD901898 /* Sources */ = {
			isa = PBXGroup;
			children = (
				3ECBF12C011544D99C3A343A /* ALL_BUILD */,
				3CEE509A039244F0AC7C3138 /* ZERO_CHECK */,
				7A99125A4F934853B90A8DDE /* ASCIILib */,
			);
			name = Sources;
			sourceTree = "<group>";
		};
		CA7559BDEE634F1F9F52CE1A /* Header Files */ = {
			isa = PBXGroup;
			children = (
				BF2905FA5A754D1AB9484C03 /* /Users/natman/whisperer-rewrite/ASCIILib/ASCIILib/Alignment.h */,
				4570FB0FD5CC4000960B5EC0 /* /Users/natman/whisperer-rewrite/ASCIILib/ASCIILib/Button.h */,
				B532CFFC9DBE4596B594F1FD /* /Users/natman/whisperer-rewrite/ASCIILib/ASCIILib/Camera.h */,
				9F002C8871F84A1785A399B0 /* /Users/natman/whisperer-rewrite/ASCIILib/ASCIILib/Color.h */,
				8D02F8F40F754A618EAD216A /* /Users/natman/whisperer-rewrite/ASCIILib/ASCIILib/ContentManager.h */,
				C09187EE56184C81BFF5C21D /* /Users/natman/whisperer-rewrite/ASCIILib/ASCIILib/DialogFrame.h */,
				7CF173C1726345D3AAEAE3D5 /* /Users/natman/whisperer-rewrite/ASCIILib/ASCIILib/DialogScene.h */,
				8491D76EBEE04F148DECDDDA /* /Users/natman/whisperer-rewrite/ASCIILib/ASCIILib/DialogStyle.h */,
				A7E3C71A43EF4115830D8FA4 /* /Users/natman/whisperer-rewrite/ASCIILib/ASCIILib/FilePaths.h */,
				0C021D49AE534584A50DAB4D /* /Users/natman/whisperer-rewrite/ASCIILib/ASCIILib/FileReader.h */,
				DD1F942564214AB4925DB669 /* /Users/natman/whisperer-rewrite/ASCIILib/ASCIILib/Game.h */,
				F4E4CEB557534A86BA80F3B9 /* /Users/natman/whisperer-rewrite/ASCIILib/ASCIILib/GlobalArgs.h */,
				96CA153A11EB49AC88E97582 /* /Users/natman/whisperer-rewrite/ASCIILib/ASCIILib/Graphics.h */,
				FE6D832D2E6847D6AFCCF116 /* /Users/natman/whisperer-rewrite/ASCIILib/ASCIILib/ImageCache.h */,
				DEC50C865E06455D87746F00 /* /Users/natman/whisperer-rewrite/ASCIILib/ASCIILib/Input.h */,
				7999E07552B64CA8A242F57B /* /Users/natman/whisperer-rewrite/ASCIILib/ASCIILib/InputAction.h */,
				90706B0B130E405AB45F6720 /* /Users/natman/whisperer-rewrite/ASCIILib/ASCIILib/InputMappings.h */,
				74D302D847924671BE4CA0DE /* /Users/natman/whisperer-rewrite/ASCIILib/ASCIILib/Label.h */,
				C8AA877BA6F94F12B739C9CD /* /Users/natman/whisperer-rewrite/ASCIILib/ASCIILib/LanguageManager.h */,
				AB921DA24B1F40B5BB60D0E2 /* /Users/natman/whisperer-rewrite/ASCIILib/ASCIILib/Log.h */,
				B17A473210B54AABB9AD4587 /* /Users/natman/whisperer-rewrite/ASCIILib/ASCIILib/Menu.h */,
				7F27C55CBAB7480183DFA1B4 /* /Users/natman/whisperer-rewrite/ASCIILib/ASCIILib/PixelFont.h */,
				F0C3B76B45C44856B33B9A61 /* /Users/natman/whisperer-rewrite/ASCIILib/ASCIILib/Point.h */,
				36AA14D85CB749F39D86C119 /* /Users/natman/whisperer-rewrite/ASCIILib/ASCIILib/Preferences.h */,
				F04EECCADA3147CB89EC0A90 /* /Users/natman/whisperer-rewrite/ASCIILib/ASCIILib/Rectangle.h */,
				E8457AF6EC1943B185A7803A /* /Users/natman/whisperer-rewrite/ASCIILib/ASCIILib/ScrollingWord.h */,
				26ACAF71519E4AFE9E44742A /* /Users/natman/whisperer-rewrite/ASCIILib/ASCIILib/SoundManager.h */,
				481DC41187D4484BB9B451DD /* /Users/natman/whisperer-rewrite/ASCIILib/ASCIILib/State.h */,
				ACA3756342D342B7B7A616D2 /* /Users/natman/whisperer-rewrite/ASCIILib/ASCIILib/StringTokenizer.h */,
				CEA324B71FB847B7A9907EFD /* /Users/natman/whisperer-rewrite/ASCIILib/ASCIILib/StyleManager.h */,
				C103734046204CF892B4648E /* /Users/natman/whisperer-rewrite/ASCIILib/ASCIILib/Surface.h */,
				5874F37184F34A118D4DF773 /* /Users/natman/whisperer-rewrite/ASCIILib/ASCIILib/SurfaceManager.h */,
				D8687EDCC528465A8793490B /* /Users/natman/whisperer-rewrite/ASCIILib/ASCIILib/TextManager.h */,
				DC6C2E0513D348C389DD2665 /* /Users/natman/whisperer-rewrite/ASCIILib/ASCIILib/Tween.h */,
				0C5103E64C2045CE898B7D0F /* /Users/natman/whisperer-rewrite/ASCIILib/ASCIILib/content.h */,
				12107312B97D4BBBBDDCBD13 /* /Users/natman/whisperer-rewrite/ASCIILib/ASCIILib/json-forwards.h */,
				EBF28D1C244349B0BA589FE2 /* /Users/natman/whisperer-rewrite/ASCIILib/ASCIILib/json.h */,
				1F86B03D73B2422284EA5840 /* /Users/natman/whisperer-rewrite/ASCIILib/ASCIILib/parsing.h */,
			);
			name = "Header Files";
			sourceTree = "<group>";
		};
		D5D6FF275F5B4F72BC7BE966 = {
			isa = PBXGroup;
			children = (
				97B7678D25404D38AD901898 /* Sources */,
				5062FDA049E240589B2399F9 /* Resources */,
				1B183C98ABA24686B54623B4 /* Products */,
			);
			sourceTree = "<group>";
		};
		EEC2A032F12F4F5AA694B501 /* CMake Rules */ = {
			isa = PBXGroup;
			children = (
			);
			name = "CMake Rules";
			sourceTree = "<group>";
		};
/* End PBXGroup section */

/* Begin PBXNativeTarget section */
		E352C3192F004B36A7608D95 /* ASCIILib */ = {
			isa = PBXNativeTarget;
			buildConfigurationList = 292194D9BD034290A7EE9921 /* Build configuration list for PBXNativeTarget "ASCIILib" */;
			buildPhases = (
				F0564A046BB241ACB8D4643E /* Sources */,
			);
			buildRules = (
			);
			dependencies = (
				01209B65E0FB45C6B5E5DF73 /* PBXTargetDependency */,
			);
			name = ASCIILib;
			productName = ASCIILib;
			productReference = 6ADD72B406334E17BA1884C6 /* ASCIILib */;
			productType = "com.apple.product-type.library.static";
		};
/* End PBXNativeTarget section */

/* Begin PBXProject section */
		42CEABA2122C432CAB3E802B /* Project object */ = {
			isa = PBXProject;
			attributes = {
				BuildIndependentTargetsInParallel = YES;
			};
			buildConfigurationList = A86A26D9E85D4E3DA1B89B7A /* Build configuration list for PBXProject "ASCIILib" */;
			buildSettings = {
			};
			buildStyles = (
				35BF26D5720F4DC0A4F335E1 /* Debug */,
				5E178013DFEA49AFBB4EB1B6 /* Release */,
				128E7640C357491A9F7C163A /* MinSizeRel */,
				2859BCB945C845E0A8A34EDF /* RelWithDebInfo */,
			);
			compatibilityVersion = "Xcode 3.2";
			hasScannedForEncodings = 0;
			mainGroup = D5D6FF275F5B4F72BC7BE966;
			projectDirPath = .;
			projectRoot = "";
			targets = (
				DEED6B6F97884A128A41433F /* ALL_BUILD */,
				E352C3192F004B36A7608D95 /* ASCIILib */,
				DC5375B159DE4BACA70219DB /* ZERO_CHECK */,
			);
		};
/* End PBXProject section */

/* Begin PBXShellScriptBuildPhase section */
		541A762A684B4BADB70BAA7D /* CMake Rules */ = {
			isa = PBXShellScriptBuildPhase;
			buildActionMask = 2147483647;
			files = (
			);
			name = "CMake Rules";
			runOnlyForDeploymentPostprocessing = 0;
			shellPath = /bin/sh;
			shellScript = "make -C /Users/natman/whisperer-rewrite/ASCIILib -f /Users/natman/whisperer-rewrite/ASCIILib/CMakeScripts/ALL_BUILD_cmakeRulesBuildPhase.make$CONFIGURATION all";
			showEnvVarsInLog = 0;
		};
		8E87C0E76263477BB435D2A2 /* CMake Rules */ = {
			isa = PBXShellScriptBuildPhase;
			buildActionMask = 2147483647;
			files = (
			);
			name = "CMake Rules";
			runOnlyForDeploymentPostprocessing = 0;
			shellPath = /bin/sh;
			shellScript = "make -C /Users/natman/whisperer-rewrite/ASCIILib -f /Users/natman/whisperer-rewrite/ASCIILib/CMakeScripts/ZERO_CHECK_cmakeRulesBuildPhase.make$CONFIGURATION all";
			showEnvVarsInLog = 0;
		};
		DEFC6DB63C874AFD8BE2F828 = {
			isa = PBXShellScriptBuildPhase;
			buildActionMask = 2147483647;
			files = (
			);
			inputPaths = (
			);
			outputPaths = (
			);
			runOnlyForDeploymentPostprocessing = 0;
			shellPath = /bin/sh;
			shellScript = "# shell script goes here
exit 0";
			showEnvVarsInLog = 0;
		};
		E0FAED933A4C4F9A942B598F = {
			isa = PBXShellScriptBuildPhase;
			buildActionMask = 2147483647;
			files = (
			);
			inputPaths = (
			);
			outputPaths = (
			);
			runOnlyForDeploymentPostprocessing = 0;
			shellPath = /bin/sh;
			shellScript = "# shell script goes here
exit 0";
			showEnvVarsInLog = 0;
		};
/* End PBXShellScriptBuildPhase section */

/* Begin PBXSourcesBuildPhase section */
		F0564A046BB241ACB8D4643E /* Sources */ = {
			isa = PBXSourcesBuildPhase;
			buildActionMask = 2147483647;
			files = (
				DE8CC680CCEF41B0A02186FD /* /Users/natman/whisperer-rewrite/ASCIILib/ASCIILib/Button.cpp */,
				B014442FA7DC4B218CD43C97 /* /Users/natman/whisperer-rewrite/ASCIILib/ASCIILib/Camera.cpp */,
				761345CFE43C4D89AE3F3B3E /* /Users/natman/whisperer-rewrite/ASCIILib/ASCIILib/Color.cpp */,
				39DFD0A2F0E744C2892806F1 /* /Users/natman/whisperer-rewrite/ASCIILib/ASCIILib/ContentManager.cpp */,
				5FF3A965A31A4C7D81C2E393 /* /Users/natman/whisperer-rewrite/ASCIILib/ASCIILib/DialogFrame.cpp */,
				65362A169F514F8687A221B5 /* /Users/natman/whisperer-rewrite/ASCIILib/ASCIILib/DialogScene.cpp */,
				E6806D38CC2E4796BC507FEC /* /Users/natman/whisperer-rewrite/ASCIILib/ASCIILib/DialogStyle.cpp */,
				9794F3EEF6404C1F8B4A7A71 /* /Users/natman/whisperer-rewrite/ASCIILib/ASCIILib/FilePaths.cpp */,
				B41338270E9F4F628E3DE935 /* /Users/natman/whisperer-rewrite/ASCIILib/ASCIILib/FileReader.cpp */,
				D2CC0F8F22D74DD5940C0E46 /* /Users/natman/whisperer-rewrite/ASCIILib/ASCIILib/Game.cpp */,
				436B478F91B842758D0DE191 /* /Users/natman/whisperer-rewrite/ASCIILib/ASCIILib/GlobalArgs.cpp */,
				3F52EE0D1CED4F62851BDF9C /* /Users/natman/whisperer-rewrite/ASCIILib/ASCIILib/Graphics.cpp */,
				05AF7BAC1AA04197AAC7A6DC /* /Users/natman/whisperer-rewrite/ASCIILib/ASCIILib/ImageCache.cpp */,
				8F616A839A814994A10AA757 /* /Users/natman/whisperer-rewrite/ASCIILib/ASCIILib/Input.cpp */,
				D17901C0360A4F6BB75B4CDB /* /Users/natman/whisperer-rewrite/ASCIILib/ASCIILib/InputAction.cpp */,
				5CD951933F744D368C67EB70 /* /Users/natman/whisperer-rewrite/ASCIILib/ASCIILib/InputMappings.cpp */,
				81A6256782814D70B3B754F7 /* /Users/natman/whisperer-rewrite/ASCIILib/ASCIILib/Label.cpp */,
				1B2E10AE56134FF0B3E0254C /* /Users/natman/whisperer-rewrite/ASCIILib/ASCIILib/LanguageManager.cpp */,
				27BD9DC0C7AA48A6A1F43042 /* /Users/natman/whisperer-rewrite/ASCIILib/ASCIILib/Log.cpp */,
				2F46E32E4BBD418F9C35594F /* /Users/natman/whisperer-rewrite/ASCIILib/ASCIILib/Menu.cpp */,
				7FF3304316594A0FBAD0FAA1 /* /Users/natman/whisperer-rewrite/ASCIILib/ASCIILib/PixelFont.cpp */,
				D872A34E1E264A919B9E90D3 /* /Users/natman/whisperer-rewrite/ASCIILib/ASCIILib/Point.cpp */,
				EBC9E7B5D42B4AFAA064F3F8 /* /Users/natman/whisperer-rewrite/ASCIILib/ASCIILib/Preferences.cpp */,
				BF5076EB25B3420599EBE6F6 /* /Users/natman/whisperer-rewrite/ASCIILib/ASCIILib/Rectangle.cpp */,
				AF365304FB894E08AF6F7179 /* /Users/natman/whisperer-rewrite/ASCIILib/ASCIILib/ScrollingWord.cpp */,
				5FDF1321A4D24D90BD6C5C55 /* /Users/natman/whisperer-rewrite/ASCIILib/ASCIILib/SoundManager.cpp */,
				A929D671805B4B7CB65D28DB /* /Users/natman/whisperer-rewrite/ASCIILib/ASCIILib/StringTokenizer.cpp */,
				D0E96902BB82439980A0D86D /* /Users/natman/whisperer-rewrite/ASCIILib/ASCIILib/StyleManager.cpp */,
				70EEB3309E4D41E7B54DA3E6 /* /Users/natman/whisperer-rewrite/ASCIILib/ASCIILib/Surface.cpp */,
				3CB9F420EDDF43059A52F68B /* /Users/natman/whisperer-rewrite/ASCIILib/ASCIILib/SurfaceManager.cpp */,
				9C01758F11CF4A8A89F7B914 /* /Users/natman/whisperer-rewrite/ASCIILib/ASCIILib/TextManager.cpp */,
				2D8DFA79A4F74650AE3A4BBF /* /Users/natman/whisperer-rewrite/ASCIILib/ASCIILib/Tween.cpp */,
				9DFC7387F10148ADA85E0FB3 /* /Users/natman/whisperer-rewrite/ASCIILib/ASCIILib/content.cpp */,
				BE5A830A997E49E688E4B647 /* /Users/natman/whisperer-rewrite/ASCIILib/ASCIILib/jsoncpp.cpp */,
			);
			runOnlyForDeploymentPostprocessing = 0;
		};
/* End PBXSourcesBuildPhase section */

/* Begin PBXTargetDependency section */
		01209B65E0FB45C6B5E5DF73 /* PBXTargetDependency */ = {
			isa = PBXTargetDependency;
			target = DC5375B159DE4BACA70219DB /* ZERO_CHECK */;
			targetProxy = EFEC9579B3564310901CC234 /* PBXContainerItemProxy */;
		};
		0794ABB37B2445019EAA182B /* PBXTargetDependency */ = {
			isa = PBXTargetDependency;
			target = E352C3192F004B36A7608D95 /* ASCIILib */;
			targetProxy = 0AC80BADAD1B4E2089CE5569 /* PBXContainerItemProxy */;
		};
		5C4E79D1A24D47C3BF270FDA /* PBXTargetDependency */ = {
			isa = PBXTargetDependency;
			target = DC5375B159DE4BACA70219DB /* ZERO_CHECK */;
			targetProxy = 781D524BD7274B80ACF99218 /* PBXContainerItemProxy */;
		};
/* End PBXTargetDependency section */

/* Begin XCBuildConfiguration section */
		0AEB832720EF40D68BD09A1E /* RelWithDebInfo */ = {
			isa = XCBuildConfiguration;
			buildSettings = {
				MACOSX_DEPLOYMENT_TARGET = 10.7;
				ONLY_ACTIVE_ARCH = YES;
				SDKROOT = "";
				SYMROOT = "/Users/natman/whisperer-rewrite/ASCIILib/build";
			};
			name = RelWithDebInfo;
		};
		233BA4F57E8E4A33BEFF6146 /* MinSizeRel */ = {
			isa = XCBuildConfiguration;
			buildSettings = {
				COMBINE_HIDPI_IMAGES = YES;
				EXECUTABLE_PREFIX = lib;
				EXECUTABLE_SUFFIX = .a;
				GCC_GENERATE_DEBUGGING_SYMBOLS = NO;
				GCC_INLINES_ARE_PRIVATE_EXTERN = NO;
				GCC_OPTIMIZATION_LEVEL = s;
				GCC_PREPROCESSOR_DEFINITIONS = ("'CMAKE_INTDIR=\"$(CONFIGURATION)$(EFFECTIVE_PLATFORM_NAME)\"'", MAC, );
				GCC_SYMBOLS_PRIVATE_EXTERN = NO;
				HEADER_SEARCH_PATHS = (/Library/Frameworks/SDL2.framework/Headers, /Library/Frameworks/SDL2_mixer.framework/Headers, /Library/Frameworks/SDL2_image.framework/Headers, /Library/Frameworks/SDL2_ttf.framework/Headers, /usr/local/include, );
				INSTALL_PATH = "";
				LIBRARY_STYLE = STATIC;
				OTHER_CPLUSPLUSFLAGS = "-std=c++11     -DNDEBUG '-std=gnu++11'  ";
				OTHER_LIBTOOLFLAGS = " ";
				OTHER_REZFLAGS = "";
				PRODUCT_NAME = ASCIILib;
				SECTORDER_FLAGS = "";
				SYMROOT = "/Users/natman/whisperer-rewrite/ASCIILib";
				USE_HEADERMAP = NO;
				WARNING_CFLAGS = ("-Wmost", "-Wno-four-char-constants", "-Wno-unknown-pragmas", "$(inherited)", );
			};
			name = MinSizeRel;
		};
		23C6D2F40E8843A5A1BDBF3E /* Debug */ = {
			isa = XCBuildConfiguration;
			buildSettings = {
				COMBINE_HIDPI_IMAGES = YES;
				GCC_GENERATE_DEBUGGING_SYMBOLS = YES;
				GCC_INLINES_ARE_PRIVATE_EXTERN = NO;
				GCC_OPTIMIZATION_LEVEL = 0;
				GCC_PREPROCESSOR_DEFINITIONS = ("'CMAKE_INTDIR=\"$(CONFIGURATION)$(EFFECTIVE_PLATFORM_NAME)\"'", );
				GCC_SYMBOLS_PRIVATE_EXTERN = NO;
				HEADER_SEARCH_PATHS = (/Library/Frameworks/SDL2.framework/Headers, /Library/Frameworks/SDL2_mixer.framework/Headers, /Library/Frameworks/SDL2_image.framework/Headers, /Library/Frameworks/SDL2_ttf.framework/Headers, /usr/local/include, );
				INSTALL_PATH = "";
				OTHER_LDFLAGS = " ";
				OTHER_REZFLAGS = "";
				PRODUCT_NAME = ALL_BUILD;
				SECTORDER_FLAGS = "";
				SYMROOT = "/Users/natman/whisperer-rewrite/ASCIILib";
				USE_HEADERMAP = NO;
				WARNING_CFLAGS = ("-Wmost", "-Wno-four-char-constants", "-Wno-unknown-pragmas", "$(inherited)", );
			};
			name = Debug;
		};
		27B0CAACD0884F37B658DB21 /* Debug */ = {
			isa = XCBuildConfiguration;
			buildSettings = {
				MACOSX_DEPLOYMENT_TARGET = 10.7;
				ONLY_ACTIVE_ARCH = YES;
				SDKROOT = "";
				SYMROOT = "/Users/natman/whisperer-rewrite/ASCIILib/build";
			};
			name = Debug;
		};
		2D9FC651BF43455EAC32EC57 /* Release */ = {
			isa = XCBuildConfiguration;
			buildSettings = {
				MACOSX_DEPLOYMENT_TARGET = 10.7;
				ONLY_ACTIVE_ARCH = YES;
				SDKROOT = "";
				SYMROOT = "/Users/natman/whisperer-rewrite/ASCIILib/build";
			};
			name = Release;
		};
		38A01739E0134985A757A261 /* MinSizeRel */ = {
			isa = XCBuildConfiguration;
			buildSettings = {
				COMBINE_HIDPI_IMAGES = YES;
				GCC_GENERATE_DEBUGGING_SYMBOLS = YES;
				GCC_INLINES_ARE_PRIVATE_EXTERN = NO;
				GCC_OPTIMIZATION_LEVEL = 0;
				GCC_PREPROCESSOR_DEFINITIONS = ("'CMAKE_INTDIR=\"$(CONFIGURATION)$(EFFECTIVE_PLATFORM_NAME)\"'", );
				GCC_SYMBOLS_PRIVATE_EXTERN = NO;
				HEADER_SEARCH_PATHS = (/Library/Frameworks/SDL2.framework/Headers, /Library/Frameworks/SDL2_mixer.framework/Headers, /Library/Frameworks/SDL2_image.framework/Headers, /Library/Frameworks/SDL2_ttf.framework/Headers, /usr/local/include, );
				INSTALL_PATH = "";
				OTHER_LDFLAGS = " ";
				OTHER_REZFLAGS = "";
				PRODUCT_NAME = ZERO_CHECK;
				SECTORDER_FLAGS = "";
				SYMROOT = "/Users/natman/whisperer-rewrite/ASCIILib";
				USE_HEADERMAP = NO;
				WARNING_CFLAGS = ("-Wmost", "-Wno-four-char-constants", "-Wno-unknown-pragmas", "$(inherited)", );
			};
			name = MinSizeRel;
		};
		59347B5E231345679F1AA191 /* RelWithDebInfo */ = {
			isa = XCBuildConfiguration;
			buildSettings = {
				COMBINE_HIDPI_IMAGES = YES;
				GCC_GENERATE_DEBUGGING_SYMBOLS = YES;
				GCC_INLINES_ARE_PRIVATE_EXTERN = NO;
				GCC_OPTIMIZATION_LEVEL = 0;
				GCC_PREPROCESSOR_DEFINITIONS = ("'CMAKE_INTDIR=\"$(CONFIGURATION)$(EFFECTIVE_PLATFORM_NAME)\"'", );
				GCC_SYMBOLS_PRIVATE_EXTERN = NO;
				HEADER_SEARCH_PATHS = (/Library/Frameworks/SDL2.framework/Headers, /Library/Frameworks/SDL2_mixer.framework/Headers, /Library/Frameworks/SDL2_image.framework/Headers, /Library/Frameworks/SDL2_ttf.framework/Headers, /usr/local/include, );
				INSTALL_PATH = "";
				OTHER_LDFLAGS = " ";
				OTHER_REZFLAGS = "";
				PRODUCT_NAME = ZERO_CHECK;
				SECTORDER_FLAGS = "";
				SYMROOT = "/Users/natman/whisperer-rewrite/ASCIILib";
				USE_HEADERMAP = NO;
				WARNING_CFLAGS = ("-Wmost", "-Wno-four-char-constants", "-Wno-unknown-pragmas", "$(inherited)", );
			};
			name = RelWithDebInfo;
		};
		5C08C4FCA2AB4CB78C1E23E3 /* MinSizeRel */ = {
			isa = XCBuildConfiguration;
			buildSettings = {
				COMBINE_HIDPI_IMAGES = YES;
				GCC_GENERATE_DEBUGGING_SYMBOLS = YES;
				GCC_INLINES_ARE_PRIVATE_EXTERN = NO;
				GCC_OPTIMIZATION_LEVEL = 0;
				GCC_PREPROCESSOR_DEFINITIONS = ("'CMAKE_INTDIR=\"$(CONFIGURATION)$(EFFECTIVE_PLATFORM_NAME)\"'", );
				GCC_SYMBOLS_PRIVATE_EXTERN = NO;
				HEADER_SEARCH_PATHS = (/Library/Frameworks/SDL2.framework/Headers, /Library/Frameworks/SDL2_mixer.framework/Headers, /Library/Frameworks/SDL2_image.framework/Headers, /Library/Frameworks/SDL2_ttf.framework/Headers, /usr/local/include, );
				INSTALL_PATH = "";
				OTHER_LDFLAGS = " ";
				OTHER_REZFLAGS = "";
				PRODUCT_NAME = ALL_BUILD;
				SECTORDER_FLAGS = "";
				SYMROOT = "/Users/natman/whisperer-rewrite/ASCIILib";
				USE_HEADERMAP = NO;
				WARNING_CFLAGS = ("-Wmost", "-Wno-four-char-constants", "-Wno-unknown-pragmas", "$(inherited)", );
			};
			name = MinSizeRel;
		};
		5E82D1F72C934F25B3085ACF /* Release */ = {
			isa = XCBuildConfiguration;
			buildSettings = {
				COMBINE_HIDPI_IMAGES = YES;
				GCC_GENERATE_DEBUGGING_SYMBOLS = YES;
				GCC_INLINES_ARE_PRIVATE_EXTERN = NO;
				GCC_OPTIMIZATION_LEVEL = 0;
				GCC_PREPROCESSOR_DEFINITIONS = ("'CMAKE_INTDIR=\"$(CONFIGURATION)$(EFFECTIVE_PLATFORM_NAME)\"'", );
				GCC_SYMBOLS_PRIVATE_EXTERN = NO;
				HEADER_SEARCH_PATHS = (/Library/Frameworks/SDL2.framework/Headers, /Library/Frameworks/SDL2_mixer.framework/Headers, /Library/Frameworks/SDL2_image.framework/Headers, /Library/Frameworks/SDL2_ttf.framework/Headers, /usr/local/include, );
				INSTALL_PATH = "";
				OTHER_LDFLAGS = " ";
				OTHER_REZFLAGS = "";
				PRODUCT_NAME = ALL_BUILD;
				SECTORDER_FLAGS = "";
				SYMROOT = "/Users/natman/whisperer-rewrite/ASCIILib";
				USE_HEADERMAP = NO;
				WARNING_CFLAGS = ("-Wmost", "-Wno-four-char-constants", "-Wno-unknown-pragmas", "$(inherited)", );
			};
			name = Release;
		};
		A830A7B83D31416884B72236 /* MinSizeRel */ = {
			isa = XCBuildConfiguration;
			buildSettings = {
				MACOSX_DEPLOYMENT_TARGET = 10.7;
				ONLY_ACTIVE_ARCH = YES;
				SDKROOT = "";
				SYMROOT = "/Users/natman/whisperer-rewrite/ASCIILib/build";
			};
			name = MinSizeRel;
		};
		AD2BA5D198EB4ECF943827F6 /* RelWithDebInfo */ = {
			isa = XCBuildConfiguration;
			buildSettings = {
				COMBINE_HIDPI_IMAGES = YES;
				EXECUTABLE_PREFIX = lib;
				EXECUTABLE_SUFFIX = .a;
				GCC_GENERATE_DEBUGGING_SYMBOLS = YES;
				GCC_INLINES_ARE_PRIVATE_EXTERN = NO;
				GCC_OPTIMIZATION_LEVEL = 2;
				GCC_PREPROCESSOR_DEFINITIONS = ("'CMAKE_INTDIR=\"$(CONFIGURATION)$(EFFECTIVE_PLATFORM_NAME)\"'", MAC, );
				GCC_SYMBOLS_PRIVATE_EXTERN = NO;
				HEADER_SEARCH_PATHS = (/Library/Frameworks/SDL2.framework/Headers, /Library/Frameworks/SDL2_mixer.framework/Headers, /Library/Frameworks/SDL2_image.framework/Headers, /Library/Frameworks/SDL2_ttf.framework/Headers, /usr/local/include, );
				INSTALL_PATH = "";
				LIBRARY_STYLE = STATIC;
				OTHER_CPLUSPLUSFLAGS = "-std=c++11        -DNDEBUG '-std=gnu++11'  ";
				OTHER_LIBTOOLFLAGS = " ";
				OTHER_REZFLAGS = "";
				PRODUCT_NAME = ASCIILib;
				SECTORDER_FLAGS = "";
				SYMROOT = "/Users/natman/whisperer-rewrite/ASCIILib";
				USE_HEADERMAP = NO;
				WARNING_CFLAGS = ("-Wmost", "-Wno-four-char-constants", "-Wno-unknown-pragmas", "$(inherited)", );
			};
			name = RelWithDebInfo;
		};
		B280203679C948399AAAA9F6 /* Debug */ = {
			isa = XCBuildConfiguration;
			buildSettings = {
				COMBINE_HIDPI_IMAGES = YES;
				EXECUTABLE_PREFIX = lib;
				EXECUTABLE_SUFFIX = .a;
				GCC_GENERATE_DEBUGGING_SYMBOLS = YES;
				GCC_INLINES_ARE_PRIVATE_EXTERN = NO;
				GCC_OPTIMIZATION_LEVEL = 0;
				GCC_PREPROCESSOR_DEFINITIONS = ("'CMAKE_INTDIR=\"$(CONFIGURATION)$(EFFECTIVE_PLATFORM_NAME)\"'", MAC, );
				GCC_SYMBOLS_PRIVATE_EXTERN = NO;
				HEADER_SEARCH_PATHS = (/Library/Frameworks/SDL2.framework/Headers, /Library/Frameworks/SDL2_mixer.framework/Headers, /Library/Frameworks/SDL2_image.framework/Headers, /Library/Frameworks/SDL2_ttf.framework/Headers, /usr/local/include, );
				INSTALL_PATH = "";
				LIBRARY_STYLE = STATIC;
				OTHER_CPLUSPLUSFLAGS = "-std=c++11    -D DEBUG '-std=gnu++11'  ";
				OTHER_LIBTOOLFLAGS = " ";
				OTHER_REZFLAGS = "";
				PRODUCT_NAME = ASCIILib;
				SECTORDER_FLAGS = "";
				SYMROOT = "/Users/natman/whisperer-rewrite/ASCIILib";
				USE_HEADERMAP = NO;
				WARNING_CFLAGS = ("-Wmost", "-Wno-four-char-constants", "-Wno-unknown-pragmas", "$(inherited)", );
			};
			name = Debug;
		};
		C538478063C24B64BF80D2ED /* RelWithDebInfo */ = {
			isa = XCBuildConfiguration;
			buildSettings = {
				COMBINE_HIDPI_IMAGES = YES;
				GCC_GENERATE_DEBUGGING_SYMBOLS = YES;
				GCC_INLINES_ARE_PRIVATE_EXTERN = NO;
				GCC_OPTIMIZATION_LEVEL = 0;
				GCC_PREPROCESSOR_DEFINITIONS = ("'CMAKE_INTDIR=\"$(CONFIGURATION)$(EFFECTIVE_PLATFORM_NAME)\"'", );
				GCC_SYMBOLS_PRIVATE_EXTERN = NO;
				HEADER_SEARCH_PATHS = (/Library/Frameworks/SDL2.framework/Headers, /Library/Frameworks/SDL2_mixer.framework/Headers, /Library/Frameworks/SDL2_image.framework/Headers, /Library/Frameworks/SDL2_ttf.framework/Headers, /usr/local/include, );
				INSTALL_PATH = "";
				OTHER_LDFLAGS = " ";
				OTHER_REZFLAGS = "";
				PRODUCT_NAME = ALL_BUILD;
				SECTORDER_FLAGS = "";
				SYMROOT = "/Users/natman/whisperer-rewrite/ASCIILib";
				USE_HEADERMAP = NO;
				WARNING_CFLAGS = ("-Wmost", "-Wno-four-char-constants", "-Wno-unknown-pragmas", "$(inherited)", );
			};
			name = RelWithDebInfo;
		};
		F1DF5C0DCE604EFF894A400D /* Debug */ = {
			isa = XCBuildConfiguration;
			buildSettings = {
				COMBINE_HIDPI_IMAGES = YES;
				GCC_GENERATE_DEBUGGING_SYMBOLS = YES;
				GCC_INLINES_ARE_PRIVATE_EXTERN = NO;
				GCC_OPTIMIZATION_LEVEL = 0;
				GCC_PREPROCESSOR_DEFINITIONS = ("'CMAKE_INTDIR=\"$(CONFIGURATION)$(EFFECTIVE_PLATFORM_NAME)\"'", );
				GCC_SYMBOLS_PRIVATE_EXTERN = NO;
				HEADER_SEARCH_PATHS = (/Library/Frameworks/SDL2.framework/Headers, /Library/Frameworks/SDL2_mixer.framework/Headers, /Library/Frameworks/SDL2_image.framework/Headers, /Library/Frameworks/SDL2_ttf.framework/Headers, /usr/local/include, );
				INSTALL_PATH = "";
				OTHER_LDFLAGS = " ";
				OTHER_REZFLAGS = "";
				PRODUCT_NAME = ZERO_CHECK;
				SECTORDER_FLAGS = "";
				SYMROOT = "/Users/natman/whisperer-rewrite/ASCIILib";
				USE_HEADERMAP = NO;
				WARNING_CFLAGS = ("-Wmost", "-Wno-four-char-constants", "-Wno-unknown-pragmas", "$(inherited)", );
			};
			name = Debug;
		};
		FCE70BBC49DA439392FED7E1 /* Release */ = {
			isa = XCBuildConfiguration;
			buildSettings = {
				COMBINE_HIDPI_IMAGES = YES;
				EXECUTABLE_PREFIX = lib;
				EXECUTABLE_SUFFIX = .a;
				GCC_GENERATE_DEBUGGING_SYMBOLS = NO;
				GCC_INLINES_ARE_PRIVATE_EXTERN = NO;
				GCC_OPTIMIZATION_LEVEL = 3;
				GCC_PREPROCESSOR_DEFINITIONS = ("'CMAKE_INTDIR=\"$(CONFIGURATION)$(EFFECTIVE_PLATFORM_NAME)\"'", MAC, );
				GCC_SYMBOLS_PRIVATE_EXTERN = NO;
				HEADER_SEARCH_PATHS = (/Library/Frameworks/SDL2.framework/Headers, /Library/Frameworks/SDL2_mixer.framework/Headers, /Library/Frameworks/SDL2_image.framework/Headers, /Library/Frameworks/SDL2_ttf.framework/Headers, /usr/local/include, );
				INSTALL_PATH = "";
				LIBRARY_STYLE = STATIC;
				OTHER_CPLUSPLUSFLAGS = "-std=c++11     -DNDEBUG -D RELEASE '-std=gnu++11'  ";
				OTHER_LIBTOOLFLAGS = " ";
				OTHER_REZFLAGS = "";
				PRODUCT_NAME = ASCIILib;
				SECTORDER_FLAGS = "";
				SYMROOT = "/Users/natman/whisperer-rewrite/ASCIILib";
				USE_HEADERMAP = NO;
				WARNING_CFLAGS = ("-Wmost", "-Wno-four-char-constants", "-Wno-unknown-pragmas", "$(inherited)", );
			};
			name = Release;
		};
		FFC704AB329C490E9A81E667 /* Release */ = {
			isa = XCBuildConfiguration;
			buildSettings = {
				COMBINE_HIDPI_IMAGES = YES;
				GCC_GENERATE_DEBUGGING_SYMBOLS = YES;
				GCC_INLINES_ARE_PRIVATE_EXTERN = NO;
				GCC_OPTIMIZATION_LEVEL = 0;
				GCC_PREPROCESSOR_DEFINITIONS = ("'CMAKE_INTDIR=\"$(CONFIGURATION)$(EFFECTIVE_PLATFORM_NAME)\"'", );
				GCC_SYMBOLS_PRIVATE_EXTERN = NO;
				HEADER_SEARCH_PATHS = (/Library/Frameworks/SDL2.framework/Headers, /Library/Frameworks/SDL2_mixer.framework/Headers, /Library/Frameworks/SDL2_image.framework/Headers, /Library/Frameworks/SDL2_ttf.framework/Headers, /usr/local/include, );
				INSTALL_PATH = "";
				OTHER_LDFLAGS = " ";
				OTHER_REZFLAGS = "";
				PRODUCT_NAME = ZERO_CHECK;
				SECTORDER_FLAGS = "";
				SYMROOT = "/Users/natman/whisperer-rewrite/ASCIILib";
				USE_HEADERMAP = NO;
				WARNING_CFLAGS = ("-Wmost", "-Wno-four-char-constants", "-Wno-unknown-pragmas", "$(inherited)", );
			};
			name = Release;
		};
/* End XCBuildConfiguration section */

/* Begin XCConfigurationList section */
		292194D9BD034290A7EE9921 /* Build configuration list for PBXNativeTarget "ASCIILib" */ = {
			isa = XCConfigurationList;
			buildConfigurations = (
				B280203679C948399AAAA9F6 /* Debug */,
				FCE70BBC49DA439392FED7E1 /* Release */,
				233BA4F57E8E4A33BEFF6146 /* MinSizeRel */,
				AD2BA5D198EB4ECF943827F6 /* RelWithDebInfo */,
			);
			defaultConfigurationIsVisible = 0;
			defaultConfigurationName = Debug;
		};
		7C13F756B6C54A90936EEFA2 /* Build configuration list for PBXAggregateTarget "ZERO_CHECK" */ = {
			isa = XCConfigurationList;
			buildConfigurations = (
				F1DF5C0DCE604EFF894A400D /* Debug */,
				FFC704AB329C490E9A81E667 /* Release */,
				38A01739E0134985A757A261 /* MinSizeRel */,
				59347B5E231345679F1AA191 /* RelWithDebInfo */,
			);
			defaultConfigurationIsVisible = 0;
			defaultConfigurationName = Debug;
		};
		A86A26D9E85D4E3DA1B89B7A /* Build configuration list for PBXProject "ASCIILib" */ = {
			isa = XCConfigurationList;
			buildConfigurations = (
				27B0CAACD0884F37B658DB21 /* Debug */,
				2D9FC651BF43455EAC32EC57 /* Release */,
				A830A7B83D31416884B72236 /* MinSizeRel */,
				0AEB832720EF40D68BD09A1E /* RelWithDebInfo */,
			);
			defaultConfigurationIsVisible = 0;
			defaultConfigurationName = Debug;
		};
		DEAD15F77B2746E18E4FA3EF /* Build configuration list for PBXAggregateTarget "ALL_BUILD" */ = {
			isa = XCConfigurationList;
			buildConfigurations = (
				23C6D2F40E8843A5A1BDBF3E /* Debug */,
				5E82D1F72C934F25B3085ACF /* Release */,
				5C08C4FCA2AB4CB78C1E23E3 /* MinSizeRel */,
				C538478063C24B64BF80D2ED /* RelWithDebInfo */,
			);
			defaultConfigurationIsVisible = 0;
			defaultConfigurationName = Debug;
		};
/* End XCConfigurationList section */
	};
	rootObject = 42CEABA2122C432CAB3E802B /* Project object */;
}
