// !$*UTF8*$!
{
	archiveVersion = 1;
	classes = {
	};
	objectVersion = 46;
	objects = {

/* Begin PBXAggregateTarget section */
		A2F9BCE180BE49FCBF336225 /* ALL_BUILD */ = {
			isa = PBXAggregateTarget;
			buildConfigurationList = 1DC0C137E7D44914850C86AF /* Build configuration list for PBXAggregateTarget "ALL_BUILD" */;
			buildPhases = (
				FA7D410BA94941CFA0549EC2 /* CMake Rules */,
			);
			dependencies = (
				3459BB78379B4CC08FBD65BF /* PBXTargetDependency */,
				0A6F64DDCC79472987C296AE /* PBXTargetDependency */,
			);
			name = ALL_BUILD;
			productName = ALL_BUILD;
		};
		DD4AEBC5BE7F41E78F3D560B /* ZERO_CHECK */ = {
			isa = PBXAggregateTarget;
			buildConfigurationList = B25DA9F074E64A26BE614754 /* Build configuration list for PBXAggregateTarget "ZERO_CHECK" */;
			buildPhases = (
				C52F75E6C19D4311984D5146 /* CMake Rules */,
			);
			dependencies = (
			);
			name = ZERO_CHECK;
			productName = ZERO_CHECK;
		};
/* End PBXAggregateTarget section */

/* Begin PBXBuildFile section */
		0231DBDDA09F4A30B8AF9AC9 /* /Users/natman/whisperer-rewrite/ASCIILib/ASCIILib/SurfaceManager.cpp */ = {isa = PBXBuildFile; fileRef = 966D7FE579F24067A436225A /* /Users/natman/whisperer-rewrite/ASCIILib/ASCIILib/SurfaceManager.cpp */; settings = {COMPILER_FLAGS = ""; }; };
		023D024484AC42EBA0E1EDCA /* /Users/natman/whisperer-rewrite/ASCIILib/ASCIILib/Log.tpp */ = {isa = PBXBuildFile; fileRef = DBBC65DAC63344B1A7DDFC99 /* /Users/natman/whisperer-rewrite/ASCIILib/ASCIILib/Log.tpp */; settings = {COMPILER_FLAGS = ""; }; };
		032190C61A2B4FE2A69912BE /* /Users/natman/whisperer-rewrite/ASCIILib/ASCIILib/GlobalArgs.h */ = {isa = PBXBuildFile; fileRef = AA78FF5866D84E90AD611CBE /* /Users/natman/whisperer-rewrite/ASCIILib/ASCIILib/GlobalArgs.h */; settings = {COMPILER_FLAGS = ""; }; };
		0475E84A81F4471995248795 /* /Users/natman/whisperer-rewrite/ASCIILib/ASCIILib/Graphics.h */ = {isa = PBXBuildFile; fileRef = B12A10685EA44EF1822A659E /* /Users/natman/whisperer-rewrite/ASCIILib/ASCIILib/Graphics.h */; settings = {COMPILER_FLAGS = ""; }; };
		04A7F921B9E144A8951464D2 /* /Users/natman/whisperer-rewrite/ASCIILib/ASCIILib/TextManager.cpp */ = {isa = PBXBuildFile; fileRef = 89ABFC8570FC489FBAD7EBA7 /* /Users/natman/whisperer-rewrite/ASCIILib/ASCIILib/TextManager.cpp */; settings = {COMPILER_FLAGS = ""; }; };
		0BBE057B46D547558D2714DC /* /Users/natman/whisperer-rewrite/ASCIILib/ASCIILib/Button.h */ = {isa = PBXBuildFile; fileRef = DDE5808C2A2E42D0AB8E9868 /* /Users/natman/whisperer-rewrite/ASCIILib/ASCIILib/Button.h */; settings = {COMPILER_FLAGS = ""; }; };
		0EEF15C319F040EEB394BE4F /* /Users/natman/whisperer-rewrite/ASCIILib/ASCIILib/TextManager.h */ = {isa = PBXBuildFile; fileRef = 9A66826A227B43CBA767E34A /* /Users/natman/whisperer-rewrite/ASCIILib/ASCIILib/TextManager.h */; settings = {COMPILER_FLAGS = ""; }; };
		149866A829C34DE98E3ED2B9 /* /Users/natman/whisperer-rewrite/ASCIILib/ASCIILib/LanguageManager.cpp */ = {isa = PBXBuildFile; fileRef = A8C7773AF8744C479772D757 /* /Users/natman/whisperer-rewrite/ASCIILib/ASCIILib/LanguageManager.cpp */; settings = {COMPILER_FLAGS = ""; }; };
		21211DC2ADBF4AFEAE0CCB5C /* /Users/natman/whisperer-rewrite/ASCIILib/ASCIILib/Graphics.cpp */ = {isa = PBXBuildFile; fileRef = 96E5A84A200740C5B1EA07BF /* /Users/natman/whisperer-rewrite/ASCIILib/ASCIILib/Graphics.cpp */; settings = {COMPILER_FLAGS = ""; }; };
		220818BA0EB54D74AFCF4DA2 /* /Users/natman/whisperer-rewrite/ASCIILib/ASCIILib/Menu.cpp */ = {isa = PBXBuildFile; fileRef = 8E82E628CD6945B7A04AC9B1 /* /Users/natman/whisperer-rewrite/ASCIILib/ASCIILib/Menu.cpp */; settings = {COMPILER_FLAGS = ""; }; };
		249402A8BE1C4D1597035CFF /* /Users/natman/whisperer-rewrite/ASCIILib/ASCIILib/Input.h */ = {isa = PBXBuildFile; fileRef = A7ABA9AD89414C43A8CD8F58 /* /Users/natman/whisperer-rewrite/ASCIILib/ASCIILib/Input.h */; settings = {COMPILER_FLAGS = ""; }; };
		27B8AB652B71425C8B59BBB2 /* /Users/natman/whisperer-rewrite/ASCIILib/ASCIILib/InputAction.h */ = {isa = PBXBuildFile; fileRef = 0A396FF98C4145878CB499D4 /* /Users/natman/whisperer-rewrite/ASCIILib/ASCIILib/InputAction.h */; settings = {COMPILER_FLAGS = ""; }; };
		2F019900AFAA49879CC6D399 /* /Users/natman/whisperer-rewrite/ASCIILib/ASCIILib/StyleManager.h */ = {isa = PBXBuildFile; fileRef = 677395DE13CD48958F81B01F /* /Users/natman/whisperer-rewrite/ASCIILib/ASCIILib/StyleManager.h */; settings = {COMPILER_FLAGS = ""; }; };
		33C33A85E5D84AA9A93024D3 /* /Users/natman/whisperer-rewrite/ASCIILib/ASCIILib/parsing.h */ = {isa = PBXBuildFile; fileRef = C19BFF609F654EF29AA721D3 /* /Users/natman/whisperer-rewrite/ASCIILib/ASCIILib/parsing.h */; settings = {COMPILER_FLAGS = ""; }; };
		35964BE57FB144DE882EF615 /* /Users/natman/whisperer-rewrite/ASCIILib/ASCIILib/Log.cpp */ = {isa = PBXBuildFile; fileRef = 08B34978B112481EB6992E8D /* /Users/natman/whisperer-rewrite/ASCIILib/ASCIILib/Log.cpp */; settings = {COMPILER_FLAGS = ""; }; };
		36CB6D9DAF254E96A007FD9B /* /Users/natman/whisperer-rewrite/ASCIILib/ASCIILib/Surface.h */ = {isa = PBXBuildFile; fileRef = 64220DC12F4D48C4B51F945D /* /Users/natman/whisperer-rewrite/ASCIILib/ASCIILib/Surface.h */; settings = {COMPILER_FLAGS = ""; }; };
		3EEF5AE435354ADEAAAA0FD9 /* /Users/natman/whisperer-rewrite/ASCIILib/ASCIILib/DialogFrame.cpp */ = {isa = PBXBuildFile; fileRef = B1695B456AD5497EB5463AD5 /* /Users/natman/whisperer-rewrite/ASCIILib/ASCIILib/DialogFrame.cpp */; settings = {COMPILER_FLAGS = ""; }; };
		43CEA2A97C90402BB996B1BB /* /Users/natman/whisperer-rewrite/ASCIILib/ASCIILib/ScrollingWord.h */ = {isa = PBXBuildFile; fileRef = 23C63E2A11344A348C4C6838 /* /Users/natman/whisperer-rewrite/ASCIILib/ASCIILib/ScrollingWord.h */; settings = {COMPILER_FLAGS = ""; }; };
		49EEE994FACB403999827AB3 /* /Users/natman/whisperer-rewrite/ASCIILib/ASCIILib/SurfaceManager.h */ = {isa = PBXBuildFile; fileRef = 13724DC1FF7449009391256C /* /Users/natman/whisperer-rewrite/ASCIILib/ASCIILib/SurfaceManager.h */; settings = {COMPILER_FLAGS = ""; }; };
		5118A96E7BD543A391DFADA9 /* /Users/natman/whisperer-rewrite/ASCIILib/ASCIILib/Log.h */ = {isa = PBXBuildFile; fileRef = 196DD38355ED4386AF5C34A0 /* /Users/natman/whisperer-rewrite/ASCIILib/ASCIILib/Log.h */; settings = {COMPILER_FLAGS = ""; }; };
		57A7C18B60F6474EB3CE3292 /* /Users/natman/whisperer-rewrite/ASCIILib/ASCIILib/FileReader.cpp */ = {isa = PBXBuildFile; fileRef = 27A6AEE7B0FA4107A679A668 /* /Users/natman/whisperer-rewrite/ASCIILib/ASCIILib/FileReader.cpp */; settings = {COMPILER_FLAGS = ""; }; };
		5878AB005AF54313A0876A67 /* /Users/natman/whisperer-rewrite/ASCIILib/ASCIILib/Game.cpp */ = {isa = PBXBuildFile; fileRef = F99E83484A014B2CBA2629EA /* /Users/natman/whisperer-rewrite/ASCIILib/ASCIILib/Game.cpp */; settings = {COMPILER_FLAGS = ""; }; };
		6068A1C2A6CE46088CA2912A /* /Users/natman/whisperer-rewrite/ASCIILib/ASCIILib/Label.cpp */ = {isa = PBXBuildFile; fileRef = 9B010C5A3A3145FAA4EC2BB8 /* /Users/natman/whisperer-rewrite/ASCIILib/ASCIILib/Label.cpp */; settings = {COMPILER_FLAGS = ""; }; };
		6153B16059B0496BAF6F3170 /* /Users/natman/whisperer-rewrite/ASCIILib/ASCIILib/FileReader.h */ = {isa = PBXBuildFile; fileRef = DF084CC0745A469CA9838DB9 /* /Users/natman/whisperer-rewrite/ASCIILib/ASCIILib/FileReader.h */; settings = {COMPILER_FLAGS = ""; }; };
		62EFD4FBD1D149B0BEAE0159 /* /Users/natman/whisperer-rewrite/ASCIILib/ASCIILib/json-forwards.h */ = {isa = PBXBuildFile; fileRef = DF95AF20D1784A0487741041 /* /Users/natman/whisperer-rewrite/ASCIILib/ASCIILib/json-forwards.h */; settings = {COMPILER_FLAGS = ""; }; };
		63A4F8762B014BB787477CE7 /* /Users/natman/whisperer-rewrite/ASCIILib/ASCIILib/DialogStyle.h */ = {isa = PBXBuildFile; fileRef = B595C04A2D3F4138B4F46692 /* /Users/natman/whisperer-rewrite/ASCIILib/ASCIILib/DialogStyle.h */; settings = {COMPILER_FLAGS = ""; }; };
		67380253FB074630AADD52E3 /* /Users/natman/whisperer-rewrite/ASCIILib/ASCIILib/Point.h */ = {isa = PBXBuildFile; fileRef = 55E13C0B4D444B4EBD5A86CA /* /Users/natman/whisperer-rewrite/ASCIILib/ASCIILib/Point.h */; settings = {COMPILER_FLAGS = ""; }; };
		6842666AD7AB48EEAF681408 /* /Users/natman/whisperer-rewrite/ASCIILib/ASCIILib/DialogStyle.cpp */ = {isa = PBXBuildFile; fileRef = 0AA6CED3EE96482A86920F55 /* /Users/natman/whisperer-rewrite/ASCIILib/ASCIILib/DialogStyle.cpp */; settings = {COMPILER_FLAGS = ""; }; };
		6B293D4219184560BA95FD9A /* /Users/natman/whisperer-rewrite/ASCIILib/ASCIILib/FilePaths.h */ = {isa = PBXBuildFile; fileRef = 27A4952B6FF341168FC2C247 /* /Users/natman/whisperer-rewrite/ASCIILib/ASCIILib/FilePaths.h */; settings = {COMPILER_FLAGS = ""; }; };
		6D42169F109140C48ADD0B26 /* /Users/natman/whisperer-rewrite/ASCIILib/ASCIILib/Color.h */ = {isa = PBXBuildFile; fileRef = 865AC38C7BE44A2BB64F4030 /* /Users/natman/whisperer-rewrite/ASCIILib/ASCIILib/Color.h */; settings = {COMPILER_FLAGS = ""; }; };
		6EF454FDD7EF42EEBD62C064 /* /Users/natman/whisperer-rewrite/ASCIILib/ASCIILib/Alignment.h */ = {isa = PBXBuildFile; fileRef = C2854F2008CE4D33ADCBEF33 /* /Users/natman/whisperer-rewrite/ASCIILib/ASCIILib/Alignment.h */; settings = {COMPILER_FLAGS = ""; }; };
		6FBB3865722B4828868FDD36 /* /Users/natman/whisperer-rewrite/ASCIILib/ASCIILib/Preferences.cpp */ = {isa = PBXBuildFile; fileRef = A7C3C7D32D9B4B36BF6F35E9 /* /Users/natman/whisperer-rewrite/ASCIILib/ASCIILib/Preferences.cpp */; settings = {COMPILER_FLAGS = ""; }; };
		709D52CD0ED04E99B7794C31 /* /Users/natman/whisperer-rewrite/ASCIILib/ASCIILib/Label.h */ = {isa = PBXBuildFile; fileRef = C8BE4AC08BCF45E3ACB753BF /* /Users/natman/whisperer-rewrite/ASCIILib/ASCIILib/Label.h */; settings = {COMPILER_FLAGS = ""; }; };
		76AE51FEE65A4432A406A5A8 /* /Users/natman/whisperer-rewrite/ASCIILib/ASCIILib/jsoncpp.cpp */ = {isa = PBXBuildFile; fileRef = 5CC37C77227F4F3E983A7ED7 /* /Users/natman/whisperer-rewrite/ASCIILib/ASCIILib/jsoncpp.cpp */; settings = {COMPILER_FLAGS = ""; }; };
		7DD7A65C1A10406CA7041000 /* /Users/natman/whisperer-rewrite/ASCIILib/ASCIILib/PixelFont.h */ = {isa = PBXBuildFile; fileRef = 21667801ACE248BE91FC5AF9 /* /Users/natman/whisperer-rewrite/ASCIILib/ASCIILib/PixelFont.h */; settings = {COMPILER_FLAGS = ""; }; };
		7EA577599B3A43B3A02301FF /* /Users/natman/whisperer-rewrite/ASCIILib/ASCIILib/Camera.h */ = {isa = PBXBuildFile; fileRef = 877DD9BA7AAA4692AC2F8F18 /* /Users/natman/whisperer-rewrite/ASCIILib/ASCIILib/Camera.h */; settings = {COMPILER_FLAGS = ""; }; };
		865D5DEB8BD24E74840928FB /* /Users/natman/whisperer-rewrite/ASCIILib/ASCIILib/InputMappings.cpp */ = {isa = PBXBuildFile; fileRef = 42ABA680EFCE491A975F0867 /* /Users/natman/whisperer-rewrite/ASCIILib/ASCIILib/InputMappings.cpp */; settings = {COMPILER_FLAGS = ""; }; };
		8D00538B683F4232A656F0A1 /* /Users/natman/whisperer-rewrite/ASCIILib/ASCIILib/InputMappings.h */ = {isa = PBXBuildFile; fileRef = F60136C2C5BC47A69B55DB0F /* /Users/natman/whisperer-rewrite/ASCIILib/ASCIILib/InputMappings.h */; settings = {COMPILER_FLAGS = ""; }; };
		8DA705BFEBE644E5B6EBE3E0 /* /Users/natman/whisperer-rewrite/ASCIILib/ASCIILib/Surface.cpp */ = {isa = PBXBuildFile; fileRef = 5AA06CDC48EB4234970A1E39 /* /Users/natman/whisperer-rewrite/ASCIILib/ASCIILib/Surface.cpp */; settings = {COMPILER_FLAGS = ""; }; };
		91C97A60D89641BE861AA1C6 /* /Users/natman/whisperer-rewrite/ASCIILib/ASCIILib/ImageCache.cpp */ = {isa = PBXBuildFile; fileRef = 9EB8CDFC1FA24EA8A837140E /* /Users/natman/whisperer-rewrite/ASCIILib/ASCIILib/ImageCache.cpp */; settings = {COMPILER_FLAGS = ""; }; };
		986C0C5EC8C14D58ABD058D4 /* /Users/natman/whisperer-rewrite/ASCIILib/ASCIILib/DialogScene.cpp */ = {isa = PBXBuildFile; fileRef = 5873DBAB6141444BA4E5B9C9 /* /Users/natman/whisperer-rewrite/ASCIILib/ASCIILib/DialogScene.cpp */; settings = {COMPILER_FLAGS = ""; }; };
		9940B876B85341D3BDFAB457 /* /Users/natman/whisperer-rewrite/ASCIILib/ASCIILib/StringTokenizer.h */ = {isa = PBXBuildFile; fileRef = B539B55FCB4E4DB18F27EEB4 /* /Users/natman/whisperer-rewrite/ASCIILib/ASCIILib/StringTokenizer.h */; settings = {COMPILER_FLAGS = ""; }; };
		99D9EF7FAD404285AB651EF4 /* /Users/natman/whisperer-rewrite/ASCIILib/ASCIILib/Rectangle.h */ = {isa = PBXBuildFile; fileRef = DE8E7A504F47424F999C9ADC /* /Users/natman/whisperer-rewrite/ASCIILib/ASCIILib/Rectangle.h */; settings = {COMPILER_FLAGS = ""; }; };
		A9638E7F274B461688BF698F /* /Users/natman/whisperer-rewrite/ASCIILib/ASCIILib/content.h */ = {isa = PBXBuildFile; fileRef = 16CCB6CB2A244BCCAD7028C6 /* /Users/natman/whisperer-rewrite/ASCIILib/ASCIILib/content.h */; settings = {COMPILER_FLAGS = ""; }; };
		AE7493C291EA48C2B031437A /* /Users/natman/whisperer-rewrite/ASCIILib/ASCIILib/StyleManager.cpp */ = {isa = PBXBuildFile; fileRef = 3FC364F3418A4BAFBE51C4FC /* /Users/natman/whisperer-rewrite/ASCIILib/ASCIILib/StyleManager.cpp */; settings = {COMPILER_FLAGS = ""; }; };
		B1647211CD234D0590B1CC80 /* /Users/natman/whisperer-rewrite/ASCIILib/ASCIILib/Menu.h */ = {isa = PBXBuildFile; fileRef = D2BC39878A3246CC8BAE58B9 /* /Users/natman/whisperer-rewrite/ASCIILib/ASCIILib/Menu.h */; settings = {COMPILER_FLAGS = ""; }; };
		B39EF3A5ECD94A959EB29447 /* /Users/natman/whisperer-rewrite/ASCIILib/ASCIILib/ContentManager.cpp */ = {isa = PBXBuildFile; fileRef = 1BD2201FC7F64E0AAC49E7F0 /* /Users/natman/whisperer-rewrite/ASCIILib/ASCIILib/ContentManager.cpp */; settings = {COMPILER_FLAGS = ""; }; };
		B6496432511949C7BFFCE250 /* /Users/natman/whisperer-rewrite/ASCIILib/ASCIILib/json.h */ = {isa = PBXBuildFile; fileRef = 3C81CC317E074A2796765523 /* /Users/natman/whisperer-rewrite/ASCIILib/ASCIILib/json.h */; settings = {COMPILER_FLAGS = ""; }; };
		B959A279DE7A41199009AE9C /* /Users/natman/whisperer-rewrite/ASCIILib/ASCIILib/SoundManager.cpp */ = {isa = PBXBuildFile; fileRef = A3C11AFCD8E241C582C8008D /* /Users/natman/whisperer-rewrite/ASCIILib/ASCIILib/SoundManager.cpp */; settings = {COMPILER_FLAGS = ""; }; };
		BAAA9C3476D14C299DCF714E /* /Users/natman/whisperer-rewrite/ASCIILib/ASCIILib/Rectangle.cpp */ = {isa = PBXBuildFile; fileRef = 1E5E249CAB6F4F29AB3B97A5 /* /Users/natman/whisperer-rewrite/ASCIILib/ASCIILib/Rectangle.cpp */; settings = {COMPILER_FLAGS = ""; }; };
		BFDCA375FE8D47E9B1488CA0 /* /Users/natman/whisperer-rewrite/ASCIILib/ASCIILib/ScrollingWord.cpp */ = {isa = PBXBuildFile; fileRef = 789C779F6CBC477C89B83865 /* /Users/natman/whisperer-rewrite/ASCIILib/ASCIILib/ScrollingWord.cpp */; settings = {COMPILER_FLAGS = ""; }; };
		C613CAD8516648EC859B38BC /* /Users/natman/whisperer-rewrite/ASCIILib/ASCIILib/GlobalArgs.cpp */ = {isa = PBXBuildFile; fileRef = A98137D1BF4848A8A0C467FB /* /Users/natman/whisperer-rewrite/ASCIILib/ASCIILib/GlobalArgs.cpp */; settings = {COMPILER_FLAGS = ""; }; };
		C698EDCAE5034E67993415AA /* /Users/natman/whisperer-rewrite/ASCIILib/ASCIILib/Point.cpp */ = {isa = PBXBuildFile; fileRef = 8F8C49FAA19B4C4AA11EBDE5 /* /Users/natman/whisperer-rewrite/ASCIILib/ASCIILib/Point.cpp */; settings = {COMPILER_FLAGS = ""; }; };
		C86998006E7E44729BB0145B /* /Users/natman/whisperer-rewrite/ASCIILib/ASCIILib/LanguageManager.h */ = {isa = PBXBuildFile; fileRef = 1D98844EEA5B43F6B28B3D5F /* /Users/natman/whisperer-rewrite/ASCIILib/ASCIILib/LanguageManager.h */; settings = {COMPILER_FLAGS = ""; }; };
		C9B8A58E5CBE4AD79D120AFC /* /Users/natman/whisperer-rewrite/ASCIILib/ASCIILib/FilePaths.cpp */ = {isa = PBXBuildFile; fileRef = 01C6C5DEDBC940E084A821FC /* /Users/natman/whisperer-rewrite/ASCIILib/ASCIILib/FilePaths.cpp */; settings = {COMPILER_FLAGS = ""; }; };
		CA803B24A820466AA9B4DC17 /* /Users/natman/whisperer-rewrite/ASCIILib/ASCIILib/Tween.cpp */ = {isa = PBXBuildFile; fileRef = FDA7748DB78E4C2C91AC2185 /* /Users/natman/whisperer-rewrite/ASCIILib/ASCIILib/Tween.cpp */; settings = {COMPILER_FLAGS = ""; }; };
		CAAC4765187240B6AA2C741B /* /Users/natman/whisperer-rewrite/ASCIILib/ASCIILib/PixelFont.cpp */ = {isa = PBXBuildFile; fileRef = F0C66D6DB5334EF9AA513B0B /* /Users/natman/whisperer-rewrite/ASCIILib/ASCIILib/PixelFont.cpp */; settings = {COMPILER_FLAGS = ""; }; };
		CEE16C7C2B684466A0BEFC58 /* /Users/natman/whisperer-rewrite/ASCIILib/ASCIILib/ContentManager.h */ = {isa = PBXBuildFile; fileRef = AF504535D3F1465DAE20F0E4 /* /Users/natman/whisperer-rewrite/ASCIILib/ASCIILib/ContentManager.h */; settings = {COMPILER_FLAGS = ""; }; };
		D0AE7AB223F54657927B961C /* /Users/natman/whisperer-rewrite/ASCIILib/ASCIILib/Game.h */ = {isa = PBXBuildFile; fileRef = 789FA686CF9B4732BDD1A48B /* /Users/natman/whisperer-rewrite/ASCIILib/ASCIILib/Game.h */; settings = {COMPILER_FLAGS = ""; }; };
		DD910FD585C948E3A8DB5C5A /* /Users/natman/whisperer-rewrite/ASCIILib/ASCIILib/ImageCache.h */ = {isa = PBXBuildFile; fileRef = E660D16C296D42799C0DB35E /* /Users/natman/whisperer-rewrite/ASCIILib/ASCIILib/ImageCache.h */; settings = {COMPILER_FLAGS = ""; }; };
		E4013EF206AF43389614C7D9 /* /Users/natman/whisperer-rewrite/ASCIILib/ASCIILib/Input.cpp */ = {isa = PBXBuildFile; fileRef = 479C49888E66401A8CF05646 /* /Users/natman/whisperer-rewrite/ASCIILib/ASCIILib/Input.cpp */; settings = {COMPILER_FLAGS = ""; }; };
		E7D24EF9C15D4241BFF1C4D0 /* /Users/natman/whisperer-rewrite/ASCIILib/ASCIILib/Preferences.h */ = {isa = PBXBuildFile; fileRef = F5479A987E5540269A4A0930 /* /Users/natman/whisperer-rewrite/ASCIILib/ASCIILib/Preferences.h */; settings = {COMPILER_FLAGS = ""; }; };
		EA5B46F78AB64F6E9F20B744 /* /Users/natman/whisperer-rewrite/ASCIILib/CMakeLists.txt */ = {isa = PBXBuildFile; fileRef = E7C110DB2CA845C2A0634790 /* /Users/natman/whisperer-rewrite/ASCIILib/CMakeLists.txt */; settings = {COMPILER_FLAGS = ""; }; };
		EBF81B7D872E4E86B502045A /* /Users/natman/whisperer-rewrite/ASCIILib/ASCIILib/SoundManager.h */ = {isa = PBXBuildFile; fileRef = 4C51AADC10CD4019BDE18E63 /* /Users/natman/whisperer-rewrite/ASCIILib/ASCIILib/SoundManager.h */; settings = {COMPILER_FLAGS = ""; }; };
		ED5F7B3BCA0E442C9E07627E /* /Users/natman/whisperer-rewrite/ASCIILib/ASCIILib/State.h */ = {isa = PBXBuildFile; fileRef = 2B74FB7D1C444002B724976F /* /Users/natman/whisperer-rewrite/ASCIILib/ASCIILib/State.h */; settings = {COMPILER_FLAGS = ""; }; };
		EDE6F9B2EC5C41DCBF99AAAF /* /Users/natman/whisperer-rewrite/ASCIILib/ASCIILib/Button.cpp */ = {isa = PBXBuildFile; fileRef = 0BADC4A776E0419CB3B3A0B4 /* /Users/natman/whisperer-rewrite/ASCIILib/ASCIILib/Button.cpp */; settings = {COMPILER_FLAGS = ""; }; };
		F0D24D6E7A514FD994C973FF /* /Users/natman/whisperer-rewrite/ASCIILib/ASCIILib/Color.cpp */ = {isa = PBXBuildFile; fileRef = B6CB6C758E7A477F82C42299 /* /Users/natman/whisperer-rewrite/ASCIILib/ASCIILib/Color.cpp */; settings = {COMPILER_FLAGS = ""; }; };
		F27B606D19B44E8DAE7CA6AF /* /Users/natman/whisperer-rewrite/ASCIILib/ASCIILib/DialogFrame.h */ = {isa = PBXBuildFile; fileRef = 0EE5BA9A8FBB4CAA8A78C747 /* /Users/natman/whisperer-rewrite/ASCIILib/ASCIILib/DialogFrame.h */; settings = {COMPILER_FLAGS = ""; }; };
		F439A17121474654A6CF8921 /* /Users/natman/whisperer-rewrite/ASCIILib/ASCIILib/InputAction.cpp */ = {isa = PBXBuildFile; fileRef = 60AB8FAC34D74FEC9311F7A4 /* /Users/natman/whisperer-rewrite/ASCIILib/ASCIILib/InputAction.cpp */; settings = {COMPILER_FLAGS = ""; }; };
		F496A66C86994CF585F9E466 /* /Users/natman/whisperer-rewrite/ASCIILib/ASCIILib/content.cpp */ = {isa = PBXBuildFile; fileRef = BDBA8AD4E7314532AF7243C4 /* /Users/natman/whisperer-rewrite/ASCIILib/ASCIILib/content.cpp */; settings = {COMPILER_FLAGS = ""; }; };
		F6A89EE482034ED486699FF9 /* /Users/natman/whisperer-rewrite/ASCIILib/ASCIILib/Tween.h */ = {isa = PBXBuildFile; fileRef = 003B0A508DC74325AC9CAFC1 /* /Users/natman/whisperer-rewrite/ASCIILib/ASCIILib/Tween.h */; settings = {COMPILER_FLAGS = ""; }; };
		FA7F08E969AF4CE0A6C4566F /* /Users/natman/whisperer-rewrite/ASCIILib/ASCIILib/StringTokenizer.cpp */ = {isa = PBXBuildFile; fileRef = 9F8C4C1EC6CE46B9B1DD4FD1 /* /Users/natman/whisperer-rewrite/ASCIILib/ASCIILib/StringTokenizer.cpp */; settings = {COMPILER_FLAGS = ""; }; };
		FE41D0000BCF40529B19CBDE /* /Users/natman/whisperer-rewrite/ASCIILib/ASCIILib/Camera.cpp */ = {isa = PBXBuildFile; fileRef = C0C7504662764C96AC604668 /* /Users/natman/whisperer-rewrite/ASCIILib/ASCIILib/Camera.cpp */; settings = {COMPILER_FLAGS = ""; }; };
		FFADFE2FC032483E9DC65E08 /* /Users/natman/whisperer-rewrite/ASCIILib/ASCIILib/DialogScene.h */ = {isa = PBXBuildFile; fileRef = 687F3F4393BD4D9793178DF8 /* /Users/natman/whisperer-rewrite/ASCIILib/ASCIILib/DialogScene.h */; settings = {COMPILER_FLAGS = ""; }; };
/* End PBXBuildFile section */

/* Begin PBXBuildStyle section */
		22663D25EC544453A1F8E542 /* RelWithDebInfo */ = {
			isa = PBXBuildStyle;
			buildSettings = {
				COPY_PHASE_STRIP = NO;
			};
			name = RelWithDebInfo;
		};
		456149004E5C4D8D9D845E7F = {
			isa = PBXBuildStyle;
		};
		4B182C131E6A4A7E9EBD1716 /* Debug */ = {
			isa = PBXBuildStyle;
			buildSettings = {
				COPY_PHASE_STRIP = NO;
			};
			name = Debug;
		};
		537531BAFA8F43CEB5BC6A07 /* Release */ = {
			isa = PBXBuildStyle;
			buildSettings = {
				COPY_PHASE_STRIP = NO;
			};
			name = Release;
		};
		5FC7BDBBBBDE4FA78EEC87F6 /* MinSizeRel */ = {
			isa = PBXBuildStyle;
			buildSettings = {
				COPY_PHASE_STRIP = NO;
			};
			name = MinSizeRel;
		};
/* End PBXBuildStyle section */

/* Begin PBXContainerItemProxy section */
		51C675BE8E964862B7E6D32D /* PBXContainerItemProxy */ = {
			isa = PBXContainerItemProxy;
			containerPortal = E1AF69DB199E4A6EA3CC953C /* Project object */;
			proxyType = 1;
			remoteGlobalIDString = DD4AEBC5BE7F41E78F3D560B;
			remoteInfo = ZERO_CHECK;
		};
		AA3087FFD48043999FD49620 /* PBXContainerItemProxy */ = {
			isa = PBXContainerItemProxy;
			containerPortal = E1AF69DB199E4A6EA3CC953C /* Project object */;
			proxyType = 1;
			remoteGlobalIDString = 1F86AA3E976740228EB5C268;
			remoteInfo = ASCIILib;
		};
		E99BB93690084E00A484ED43 /* PBXContainerItemProxy */ = {
			isa = PBXContainerItemProxy;
			containerPortal = E1AF69DB199E4A6EA3CC953C /* Project object */;
			proxyType = 1;
			remoteGlobalIDString = DD4AEBC5BE7F41E78F3D560B;
			remoteInfo = ZERO_CHECK;
		};
/* End PBXContainerItemProxy section */

/* Begin PBXFileReference section */
		003B0A508DC74325AC9CAFC1 /* /Users/natman/whisperer-rewrite/ASCIILib/ASCIILib/Tween.h */ = {isa = PBXFileReference; explicitFileType = sourcecode.c.h; fileEncoding = 4; name = Tween.h; path = ASCIILib/Tween.h; sourceTree = SOURCE_ROOT; };
		01C6C5DEDBC940E084A821FC /* /Users/natman/whisperer-rewrite/ASCIILib/ASCIILib/FilePaths.cpp */ = {isa = PBXFileReference; explicitFileType = sourcecode.cpp.cpp; fileEncoding = 4; name = FilePaths.cpp; path = ASCIILib/FilePaths.cpp; sourceTree = SOURCE_ROOT; };
		08B34978B112481EB6992E8D /* /Users/natman/whisperer-rewrite/ASCIILib/ASCIILib/Log.cpp */ = {isa = PBXFileReference; explicitFileType = sourcecode.cpp.cpp; fileEncoding = 4; name = Log.cpp; path = ASCIILib/Log.cpp; sourceTree = SOURCE_ROOT; };
		0A396FF98C4145878CB499D4 /* /Users/natman/whisperer-rewrite/ASCIILib/ASCIILib/InputAction.h */ = {isa = PBXFileReference; explicitFileType = sourcecode.c.h; fileEncoding = 4; name = InputAction.h; path = ASCIILib/InputAction.h; sourceTree = SOURCE_ROOT; };
		0AA6CED3EE96482A86920F55 /* /Users/natman/whisperer-rewrite/ASCIILib/ASCIILib/DialogStyle.cpp */ = {isa = PBXFileReference; explicitFileType = sourcecode.cpp.cpp; fileEncoding = 4; name = DialogStyle.cpp; path = ASCIILib/DialogStyle.cpp; sourceTree = SOURCE_ROOT; };
		0BADC4A776E0419CB3B3A0B4 /* /Users/natman/whisperer-rewrite/ASCIILib/ASCIILib/Button.cpp */ = {isa = PBXFileReference; explicitFileType = sourcecode.cpp.cpp; fileEncoding = 4; name = Button.cpp; path = ASCIILib/Button.cpp; sourceTree = SOURCE_ROOT; };
		0EE5BA9A8FBB4CAA8A78C747 /* /Users/natman/whisperer-rewrite/ASCIILib/ASCIILib/DialogFrame.h */ = {isa = PBXFileReference; explicitFileType = sourcecode.c.h; fileEncoding = 4; name = DialogFrame.h; path = ASCIILib/DialogFrame.h; sourceTree = SOURCE_ROOT; };
		13724DC1FF7449009391256C /* /Users/natman/whisperer-rewrite/ASCIILib/ASCIILib/SurfaceManager.h */ = {isa = PBXFileReference; explicitFileType = sourcecode.c.h; fileEncoding = 4; name = SurfaceManager.h; path = ASCIILib/SurfaceManager.h; sourceTree = SOURCE_ROOT; };
		16CCB6CB2A244BCCAD7028C6 /* /Users/natman/whisperer-rewrite/ASCIILib/ASCIILib/content.h */ = {isa = PBXFileReference; explicitFileType = sourcecode.c.h; fileEncoding = 4; name = content.h; path = ASCIILib/content.h; sourceTree = SOURCE_ROOT; };
		196DD38355ED4386AF5C34A0 /* /Users/natman/whisperer-rewrite/ASCIILib/ASCIILib/Log.h */ = {isa = PBXFileReference; explicitFileType = sourcecode.c.h; fileEncoding = 4; name = Log.h; path = ASCIILib/Log.h; sourceTree = SOURCE_ROOT; };
		1BD2201FC7F64E0AAC49E7F0 /* /Users/natman/whisperer-rewrite/ASCIILib/ASCIILib/ContentManager.cpp */ = {isa = PBXFileReference; explicitFileType = sourcecode.cpp.cpp; fileEncoding = 4; name = ContentManager.cpp; path = ASCIILib/ContentManager.cpp; sourceTree = SOURCE_ROOT; };
		1D98844EEA5B43F6B28B3D5F /* /Users/natman/whisperer-rewrite/ASCIILib/ASCIILib/LanguageManager.h */ = {isa = PBXFileReference; explicitFileType = sourcecode.c.h; fileEncoding = 4; name = LanguageManager.h; path = ASCIILib/LanguageManager.h; sourceTree = SOURCE_ROOT; };
		1E5E249CAB6F4F29AB3B97A5 /* /Users/natman/whisperer-rewrite/ASCIILib/ASCIILib/Rectangle.cpp */ = {isa = PBXFileReference; explicitFileType = sourcecode.cpp.cpp; fileEncoding = 4; name = Rectangle.cpp; path = ASCIILib/Rectangle.cpp; sourceTree = SOURCE_ROOT; };
		21667801ACE248BE91FC5AF9 /* /Users/natman/whisperer-rewrite/ASCIILib/ASCIILib/PixelFont.h */ = {isa = PBXFileReference; explicitFileType = sourcecode.c.h; fileEncoding = 4; name = PixelFont.h; path = ASCIILib/PixelFont.h; sourceTree = SOURCE_ROOT; };
		23C63E2A11344A348C4C6838 /* /Users/natman/whisperer-rewrite/ASCIILib/ASCIILib/ScrollingWord.h */ = {isa = PBXFileReference; explicitFileType = sourcecode.c.h; fileEncoding = 4; name = ScrollingWord.h; path = ASCIILib/ScrollingWord.h; sourceTree = SOURCE_ROOT; };
		27A4952B6FF341168FC2C247 /* /Users/natman/whisperer-rewrite/ASCIILib/ASCIILib/FilePaths.h */ = {isa = PBXFileReference; explicitFileType = sourcecode.c.h; fileEncoding = 4; name = FilePaths.h; path = ASCIILib/FilePaths.h; sourceTree = SOURCE_ROOT; };
		27A6AEE7B0FA4107A679A668 /* /Users/natman/whisperer-rewrite/ASCIILib/ASCIILib/FileReader.cpp */ = {isa = PBXFileReference; explicitFileType = sourcecode.cpp.cpp; fileEncoding = 4; name = FileReader.cpp; path = ASCIILib/FileReader.cpp; sourceTree = SOURCE_ROOT; };
		2B74FB7D1C444002B724976F /* /Users/natman/whisperer-rewrite/ASCIILib/ASCIILib/State.h */ = {isa = PBXFileReference; explicitFileType = sourcecode.c.h; fileEncoding = 4; name = State.h; path = ASCIILib/State.h; sourceTree = SOURCE_ROOT; };
		3C81CC317E074A2796765523 /* /Users/natman/whisperer-rewrite/ASCIILib/ASCIILib/json.h */ = {isa = PBXFileReference; explicitFileType = sourcecode.c.h; fileEncoding = 4; name = json.h; path = ASCIILib/json.h; sourceTree = SOURCE_ROOT; };
		3FC364F3418A4BAFBE51C4FC /* /Users/natman/whisperer-rewrite/ASCIILib/ASCIILib/StyleManager.cpp */ = {isa = PBXFileReference; explicitFileType = sourcecode.cpp.cpp; fileEncoding = 4; name = StyleManager.cpp; path = ASCIILib/StyleManager.cpp; sourceTree = SOURCE_ROOT; };
		42ABA680EFCE491A975F0867 /* /Users/natman/whisperer-rewrite/ASCIILib/ASCIILib/InputMappings.cpp */ = {isa = PBXFileReference; explicitFileType = sourcecode.cpp.cpp; fileEncoding = 4; name = InputMappings.cpp; path = ASCIILib/InputMappings.cpp; sourceTree = SOURCE_ROOT; };
		479C49888E66401A8CF05646 /* /Users/natman/whisperer-rewrite/ASCIILib/ASCIILib/Input.cpp */ = {isa = PBXFileReference; explicitFileType = sourcecode.cpp.cpp; fileEncoding = 4; name = Input.cpp; path = ASCIILib/Input.cpp; sourceTree = SOURCE_ROOT; };
		4C51AADC10CD4019BDE18E63 /* /Users/natman/whisperer-rewrite/ASCIILib/ASCIILib/SoundManager.h */ = {isa = PBXFileReference; explicitFileType = sourcecode.c.h; fileEncoding = 4; name = SoundManager.h; path = ASCIILib/SoundManager.h; sourceTree = SOURCE_ROOT; };
		55E13C0B4D444B4EBD5A86CA /* /Users/natman/whisperer-rewrite/ASCIILib/ASCIILib/Point.h */ = {isa = PBXFileReference; explicitFileType = sourcecode.c.h; fileEncoding = 4; name = Point.h; path = ASCIILib/Point.h; sourceTree = SOURCE_ROOT; };
		5873DBAB6141444BA4E5B9C9 /* /Users/natman/whisperer-rewrite/ASCIILib/ASCIILib/DialogScene.cpp */ = {isa = PBXFileReference; explicitFileType = sourcecode.cpp.cpp; fileEncoding = 4; name = DialogScene.cpp; path = ASCIILib/DialogScene.cpp; sourceTree = SOURCE_ROOT; };
		5AA06CDC48EB4234970A1E39 /* /Users/natman/whisperer-rewrite/ASCIILib/ASCIILib/Surface.cpp */ = {isa = PBXFileReference; explicitFileType = sourcecode.cpp.cpp; fileEncoding = 4; name = Surface.cpp; path = ASCIILib/Surface.cpp; sourceTree = SOURCE_ROOT; };
		5CC37C77227F4F3E983A7ED7 /* /Users/natman/whisperer-rewrite/ASCIILib/ASCIILib/jsoncpp.cpp */ = {isa = PBXFileReference; explicitFileType = sourcecode.cpp.cpp; fileEncoding = 4; name = jsoncpp.cpp; path = ASCIILib/jsoncpp.cpp; sourceTree = SOURCE_ROOT; };
		60AB8FAC34D74FEC9311F7A4 /* /Users/natman/whisperer-rewrite/ASCIILib/ASCIILib/InputAction.cpp */ = {isa = PBXFileReference; explicitFileType = sourcecode.cpp.cpp; fileEncoding = 4; name = InputAction.cpp; path = ASCIILib/InputAction.cpp; sourceTree = SOURCE_ROOT; };
		64220DC12F4D48C4B51F945D /* /Users/natman/whisperer-rewrite/ASCIILib/ASCIILib/Surface.h */ = {isa = PBXFileReference; explicitFileType = sourcecode.c.h; fileEncoding = 4; name = Surface.h; path = ASCIILib/Surface.h; sourceTree = SOURCE_ROOT; };
		677395DE13CD48958F81B01F /* /Users/natman/whisperer-rewrite/ASCIILib/ASCIILib/StyleManager.h */ = {isa = PBXFileReference; explicitFileType = sourcecode.c.h; fileEncoding = 4; name = StyleManager.h; path = ASCIILib/StyleManager.h; sourceTree = SOURCE_ROOT; };
		687F3F4393BD4D9793178DF8 /* /Users/natman/whisperer-rewrite/ASCIILib/ASCIILib/DialogScene.h */ = {isa = PBXFileReference; explicitFileType = sourcecode.c.h; fileEncoding = 4; name = DialogScene.h; path = ASCIILib/DialogScene.h; sourceTree = SOURCE_ROOT; };
		789C779F6CBC477C89B83865 /* /Users/natman/whisperer-rewrite/ASCIILib/ASCIILib/ScrollingWord.cpp */ = {isa = PBXFileReference; explicitFileType = sourcecode.cpp.cpp; fileEncoding = 4; name = ScrollingWord.cpp; path = ASCIILib/ScrollingWord.cpp; sourceTree = SOURCE_ROOT; };
		789FA686CF9B4732BDD1A48B /* /Users/natman/whisperer-rewrite/ASCIILib/ASCIILib/Game.h */ = {isa = PBXFileReference; explicitFileType = sourcecode.c.h; fileEncoding = 4; name = Game.h; path = ASCIILib/Game.h; sourceTree = SOURCE_ROOT; };
		865AC38C7BE44A2BB64F4030 /* /Users/natman/whisperer-rewrite/ASCIILib/ASCIILib/Color.h */ = {isa = PBXFileReference; explicitFileType = sourcecode.c.h; fileEncoding = 4; name = Color.h; path = ASCIILib/Color.h; sourceTree = SOURCE_ROOT; };
		877DD9BA7AAA4692AC2F8F18 /* /Users/natman/whisperer-rewrite/ASCIILib/ASCIILib/Camera.h */ = {isa = PBXFileReference; explicitFileType = sourcecode.c.h; fileEncoding = 4; name = Camera.h; path = ASCIILib/Camera.h; sourceTree = SOURCE_ROOT; };
		89ABFC8570FC489FBAD7EBA7 /* /Users/natman/whisperer-rewrite/ASCIILib/ASCIILib/TextManager.cpp */ = {isa = PBXFileReference; explicitFileType = sourcecode.cpp.cpp; fileEncoding = 4; name = TextManager.cpp; path = ASCIILib/TextManager.cpp; sourceTree = SOURCE_ROOT; };
		8E82E628CD6945B7A04AC9B1 /* /Users/natman/whisperer-rewrite/ASCIILib/ASCIILib/Menu.cpp */ = {isa = PBXFileReference; explicitFileType = sourcecode.cpp.cpp; fileEncoding = 4; name = Menu.cpp; path = ASCIILib/Menu.cpp; sourceTree = SOURCE_ROOT; };
		8F8C49FAA19B4C4AA11EBDE5 /* /Users/natman/whisperer-rewrite/ASCIILib/ASCIILib/Point.cpp */ = {isa = PBXFileReference; explicitFileType = sourcecode.cpp.cpp; fileEncoding = 4; name = Point.cpp; path = ASCIILib/Point.cpp; sourceTree = SOURCE_ROOT; };
		966D7FE579F24067A436225A /* /Users/natman/whisperer-rewrite/ASCIILib/ASCIILib/SurfaceManager.cpp */ = {isa = PBXFileReference; explicitFileType = sourcecode.cpp.cpp; fileEncoding = 4; name = SurfaceManager.cpp; path = ASCIILib/SurfaceManager.cpp; sourceTree = SOURCE_ROOT; };
		96E5A84A200740C5B1EA07BF /* /Users/natman/whisperer-rewrite/ASCIILib/ASCIILib/Graphics.cpp */ = {isa = PBXFileReference; explicitFileType = sourcecode.cpp.cpp; fileEncoding = 4; name = Graphics.cpp; path = ASCIILib/Graphics.cpp; sourceTree = SOURCE_ROOT; };
		9A66826A227B43CBA767E34A /* /Users/natman/whisperer-rewrite/ASCIILib/ASCIILib/TextManager.h */ = {isa = PBXFileReference; explicitFileType = sourcecode.c.h; fileEncoding = 4; name = TextManager.h; path = ASCIILib/TextManager.h; sourceTree = SOURCE_ROOT; };
		9B010C5A3A3145FAA4EC2BB8 /* /Users/natman/whisperer-rewrite/ASCIILib/ASCIILib/Label.cpp */ = {isa = PBXFileReference; explicitFileType = sourcecode.cpp.cpp; fileEncoding = 4; name = Label.cpp; path = ASCIILib/Label.cpp; sourceTree = SOURCE_ROOT; };
		9EB8CDFC1FA24EA8A837140E /* /Users/natman/whisperer-rewrite/ASCIILib/ASCIILib/ImageCache.cpp */ = {isa = PBXFileReference; explicitFileType = sourcecode.cpp.cpp; fileEncoding = 4; name = ImageCache.cpp; path = ASCIILib/ImageCache.cpp; sourceTree = SOURCE_ROOT; };
		9F8C4C1EC6CE46B9B1DD4FD1 /* /Users/natman/whisperer-rewrite/ASCIILib/ASCIILib/StringTokenizer.cpp */ = {isa = PBXFileReference; explicitFileType = sourcecode.cpp.cpp; fileEncoding = 4; name = StringTokenizer.cpp; path = ASCIILib/StringTokenizer.cpp; sourceTree = SOURCE_ROOT; };
		A3C11AFCD8E241C582C8008D /* /Users/natman/whisperer-rewrite/ASCIILib/ASCIILib/SoundManager.cpp */ = {isa = PBXFileReference; explicitFileType = sourcecode.cpp.cpp; fileEncoding = 4; name = SoundManager.cpp; path = ASCIILib/SoundManager.cpp; sourceTree = SOURCE_ROOT; };
		A7ABA9AD89414C43A8CD8F58 /* /Users/natman/whisperer-rewrite/ASCIILib/ASCIILib/Input.h */ = {isa = PBXFileReference; explicitFileType = sourcecode.c.h; fileEncoding = 4; name = Input.h; path = ASCIILib/Input.h; sourceTree = SOURCE_ROOT; };
		A7C3C7D32D9B4B36BF6F35E9 /* /Users/natman/whisperer-rewrite/ASCIILib/ASCIILib/Preferences.cpp */ = {isa = PBXFileReference; explicitFileType = sourcecode.cpp.cpp; fileEncoding = 4; name = Preferences.cpp; path = ASCIILib/Preferences.cpp; sourceTree = SOURCE_ROOT; };
		A8C7773AF8744C479772D757 /* /Users/natman/whisperer-rewrite/ASCIILib/ASCIILib/LanguageManager.cpp */ = {isa = PBXFileReference; explicitFileType = sourcecode.cpp.cpp; fileEncoding = 4; name = LanguageManager.cpp; path = ASCIILib/LanguageManager.cpp; sourceTree = SOURCE_ROOT; };
		A98137D1BF4848A8A0C467FB /* /Users/natman/whisperer-rewrite/ASCIILib/ASCIILib/GlobalArgs.cpp */ = {isa = PBXFileReference; explicitFileType = sourcecode.cpp.cpp; fileEncoding = 4; name = GlobalArgs.cpp; path = ASCIILib/GlobalArgs.cpp; sourceTree = SOURCE_ROOT; };
		AA78FF5866D84E90AD611CBE /* /Users/natman/whisperer-rewrite/ASCIILib/ASCIILib/GlobalArgs.h */ = {isa = PBXFileReference; explicitFileType = sourcecode.c.h; fileEncoding = 4; name = GlobalArgs.h; path = ASCIILib/GlobalArgs.h; sourceTree = SOURCE_ROOT; };
		AF504535D3F1465DAE20F0E4 /* /Users/natman/whisperer-rewrite/ASCIILib/ASCIILib/ContentManager.h */ = {isa = PBXFileReference; explicitFileType = sourcecode.c.h; fileEncoding = 4; name = ContentManager.h; path = ASCIILib/ContentManager.h; sourceTree = SOURCE_ROOT; };
		B12A10685EA44EF1822A659E /* /Users/natman/whisperer-rewrite/ASCIILib/ASCIILib/Graphics.h */ = {isa = PBXFileReference; explicitFileType = sourcecode.c.h; fileEncoding = 4; name = Graphics.h; path = ASCIILib/Graphics.h; sourceTree = SOURCE_ROOT; };
		B1695B456AD5497EB5463AD5 /* /Users/natman/whisperer-rewrite/ASCIILib/ASCIILib/DialogFrame.cpp */ = {isa = PBXFileReference; explicitFileType = sourcecode.cpp.cpp; fileEncoding = 4; name = DialogFrame.cpp; path = ASCIILib/DialogFrame.cpp; sourceTree = SOURCE_ROOT; };
		B539B55FCB4E4DB18F27EEB4 /* /Users/natman/whisperer-rewrite/ASCIILib/ASCIILib/StringTokenizer.h */ = {isa = PBXFileReference; explicitFileType = sourcecode.c.h; fileEncoding = 4; name = StringTokenizer.h; path = ASCIILib/StringTokenizer.h; sourceTree = SOURCE_ROOT; };
		B595C04A2D3F4138B4F46692 /* /Users/natman/whisperer-rewrite/ASCIILib/ASCIILib/DialogStyle.h */ = {isa = PBXFileReference; explicitFileType = sourcecode.c.h; fileEncoding = 4; name = DialogStyle.h; path = ASCIILib/DialogStyle.h; sourceTree = SOURCE_ROOT; };
		B6CB6C758E7A477F82C42299 /* /Users/natman/whisperer-rewrite/ASCIILib/ASCIILib/Color.cpp */ = {isa = PBXFileReference; explicitFileType = sourcecode.cpp.cpp; fileEncoding = 4; name = Color.cpp; path = ASCIILib/Color.cpp; sourceTree = SOURCE_ROOT; };
		BDBA8AD4E7314532AF7243C4 /* /Users/natman/whisperer-rewrite/ASCIILib/ASCIILib/content.cpp */ = {isa = PBXFileReference; explicitFileType = sourcecode.cpp.cpp; fileEncoding = 4; name = content.cpp; path = ASCIILib/content.cpp; sourceTree = SOURCE_ROOT; };
		C0C7504662764C96AC604668 /* /Users/natman/whisperer-rewrite/ASCIILib/ASCIILib/Camera.cpp */ = {isa = PBXFileReference; explicitFileType = sourcecode.cpp.cpp; fileEncoding = 4; name = Camera.cpp; path = ASCIILib/Camera.cpp; sourceTree = SOURCE_ROOT; };
		C19BFF609F654EF29AA721D3 /* /Users/natman/whisperer-rewrite/ASCIILib/ASCIILib/parsing.h */ = {isa = PBXFileReference; explicitFileType = sourcecode.c.h; fileEncoding = 4; name = parsing.h; path = ASCIILib/parsing.h; sourceTree = SOURCE_ROOT; };
		C2854F2008CE4D33ADCBEF33 /* /Users/natman/whisperer-rewrite/ASCIILib/ASCIILib/Alignment.h */ = {isa = PBXFileReference; explicitFileType = sourcecode.c.h; fileEncoding = 4; name = Alignment.h; path = ASCIILib/Alignment.h; sourceTree = SOURCE_ROOT; };
		C29602652B7C40EC84BB6433 /* /Users/natman/whisperer-rewrite/ASCIILib/CMakeLists.txt */ = {isa = PBXFileReference; explicitFileType = sourcecode.text; fileEncoding = 4; name = CMakeLists.txt; path = CMakeLists.txt; sourceTree = SOURCE_ROOT; };
		C8BE4AC08BCF45E3ACB753BF /* /Users/natman/whisperer-rewrite/ASCIILib/ASCIILib/Label.h */ = {isa = PBXFileReference; explicitFileType = sourcecode.c.h; fileEncoding = 4; name = Label.h; path = ASCIILib/Label.h; sourceTree = SOURCE_ROOT; };
		D2BC39878A3246CC8BAE58B9 /* /Users/natman/whisperer-rewrite/ASCIILib/ASCIILib/Menu.h */ = {isa = PBXFileReference; explicitFileType = sourcecode.c.h; fileEncoding = 4; name = Menu.h; path = ASCIILib/Menu.h; sourceTree = SOURCE_ROOT; };
		DBBC65DAC63344B1A7DDFC99 /* /Users/natman/whisperer-rewrite/ASCIILib/ASCIILib/Log.tpp */ = {isa = PBXFileReference; explicitFileType = sourcecode; fileEncoding = 4; name = Log.tpp; path = ASCIILib/Log.tpp; sourceTree = SOURCE_ROOT; };
		DDE5808C2A2E42D0AB8E9868 /* /Users/natman/whisperer-rewrite/ASCIILib/ASCIILib/Button.h */ = {isa = PBXFileReference; explicitFileType = sourcecode.c.h; fileEncoding = 4; name = Button.h; path = ASCIILib/Button.h; sourceTree = SOURCE_ROOT; };
		DE8E7A504F47424F999C9ADC /* /Users/natman/whisperer-rewrite/ASCIILib/ASCIILib/Rectangle.h */ = {isa = PBXFileReference; explicitFileType = sourcecode.c.h; fileEncoding = 4; name = Rectangle.h; path = ASCIILib/Rectangle.h; sourceTree = SOURCE_ROOT; };
		DF084CC0745A469CA9838DB9 /* /Users/natman/whisperer-rewrite/ASCIILib/ASCIILib/FileReader.h */ = {isa = PBXFileReference; explicitFileType = sourcecode.c.h; fileEncoding = 4; name = FileReader.h; path = ASCIILib/FileReader.h; sourceTree = SOURCE_ROOT; };
		DF95AF20D1784A0487741041 /* /Users/natman/whisperer-rewrite/ASCIILib/ASCIILib/json-forwards.h */ = {isa = PBXFileReference; explicitFileType = sourcecode.c.h; fileEncoding = 4; name = "json-forwards.h"; path = "ASCIILib/json-forwards.h"; sourceTree = SOURCE_ROOT; };
		E1A077C481BB444FAB896BA8 /* ASCIILib */ = {isa = PBXFileReference; explicitFileType = archive.ar; path = libASCIILib.a; refType = 0; sourceTree = BUILT_PRODUCTS_DIR; };
		E660D16C296D42799C0DB35E /* /Users/natman/whisperer-rewrite/ASCIILib/ASCIILib/ImageCache.h */ = {isa = PBXFileReference; explicitFileType = sourcecode.c.h; fileEncoding = 4; name = ImageCache.h; path = ASCIILib/ImageCache.h; sourceTree = SOURCE_ROOT; };
		E7C110DB2CA845C2A0634790 /* /Users/natman/whisperer-rewrite/ASCIILib/CMakeLists.txt */ = {isa = PBXFileReference; explicitFileType = sourcecode.text; fileEncoding = 4; name = CMakeLists.txt; path = CMakeLists.txt; sourceTree = SOURCE_ROOT; };
		F0C66D6DB5334EF9AA513B0B /* /Users/natman/whisperer-rewrite/ASCIILib/ASCIILib/PixelFont.cpp */ = {isa = PBXFileReference; explicitFileType = sourcecode.cpp.cpp; fileEncoding = 4; name = PixelFont.cpp; path = ASCIILib/PixelFont.cpp; sourceTree = SOURCE_ROOT; };
		F5479A987E5540269A4A0930 /* /Users/natman/whisperer-rewrite/ASCIILib/ASCIILib/Preferences.h */ = {isa = PBXFileReference; explicitFileType = sourcecode.c.h; fileEncoding = 4; name = Preferences.h; path = ASCIILib/Preferences.h; sourceTree = SOURCE_ROOT; };
		F60136C2C5BC47A69B55DB0F /* /Users/natman/whisperer-rewrite/ASCIILib/ASCIILib/InputMappings.h */ = {isa = PBXFileReference; explicitFileType = sourcecode.c.h; fileEncoding = 4; name = InputMappings.h; path = ASCIILib/InputMappings.h; sourceTree = SOURCE_ROOT; };
		F99E83484A014B2CBA2629EA /* /Users/natman/whisperer-rewrite/ASCIILib/ASCIILib/Game.cpp */ = {isa = PBXFileReference; explicitFileType = sourcecode.cpp.cpp; fileEncoding = 4; name = Game.cpp; path = ASCIILib/Game.cpp; sourceTree = SOURCE_ROOT; };
		FCA48C6120034779B95A4397 /* /Users/natman/whisperer-rewrite/ASCIILib/CMakeLists.txt */ = {isa = PBXFileReference; explicitFileType = sourcecode.text; fileEncoding = 4; name = CMakeLists.txt; path = CMakeLists.txt; sourceTree = SOURCE_ROOT; };
		FDA7748DB78E4C2C91AC2185 /* /Users/natman/whisperer-rewrite/ASCIILib/ASCIILib/Tween.cpp */ = {isa = PBXFileReference; explicitFileType = sourcecode.cpp.cpp; fileEncoding = 4; name = Tween.cpp; path = ASCIILib/Tween.cpp; sourceTree = SOURCE_ROOT; };
/* End PBXFileReference section */

/* Begin PBXGroup section */
		051EC3A25CBF4EC1B12474AA /* CMake Rules */ = {
			isa = PBXGroup;
			children = (
			);
			name = "CMake Rules";
			sourceTree = "<group>";
		};
		16F102B1E86C4904A8152583 /* ALL_BUILD */ = {
			isa = PBXGroup;
			children = (
				269DF87C5BEF4378BDD7D863 /* CMake Rules */,
				C29602652B7C40EC84BB6433 /* /Users/natman/whisperer-rewrite/ASCIILib/CMakeLists.txt */,
			);
			name = ALL_BUILD;
			sourceTree = "<group>";
		};
		269DF87C5BEF4378BDD7D863 /* CMake Rules */ = {
			isa = PBXGroup;
			children = (
			);
			name = "CMake Rules";
			sourceTree = "<group>";
		};
		5B9121B08A72443699FEF0DD /* ZERO_CHECK */ = {
			isa = PBXGroup;
			children = (
				051EC3A25CBF4EC1B12474AA /* CMake Rules */,
				FCA48C6120034779B95A4397 /* /Users/natman/whisperer-rewrite/ASCIILib/CMakeLists.txt */,
			);
			name = ZERO_CHECK;
			sourceTree = "<group>";
		};
		6EF35AC04AA545AF9B5FFEEC /* Sources */ = {
			isa = PBXGroup;
			children = (
				16F102B1E86C4904A8152583 /* ALL_BUILD */,
				5B9121B08A72443699FEF0DD /* ZERO_CHECK */,
				95E0052D337B4362B943C39F /* ASCIILib */,
			);
			name = Sources;
			sourceTree = "<group>";
		};
		6EF459CFD4DA426A980E2A32 = {
			isa = PBXGroup;
			children = (
				6EF35AC04AA545AF9B5FFEEC /* Sources */,
				F313FABC7A1A4A1999CB3FEB /* Resources */,
				FD873DB71AC84762B8FE719F /* Products */,
			);
			sourceTree = "<group>";
		};
		89634B312647462B9563EF93 /* Header Files */ = {
			isa = PBXGroup;
			children = (
				C2854F2008CE4D33ADCBEF33 /* /Users/natman/whisperer-rewrite/ASCIILib/ASCIILib/Alignment.h */,
				DDE5808C2A2E42D0AB8E9868 /* /Users/natman/whisperer-rewrite/ASCIILib/ASCIILib/Button.h */,
				877DD9BA7AAA4692AC2F8F18 /* /Users/natman/whisperer-rewrite/ASCIILib/ASCIILib/Camera.h */,
				865AC38C7BE44A2BB64F4030 /* /Users/natman/whisperer-rewrite/ASCIILib/ASCIILib/Color.h */,
				AF504535D3F1465DAE20F0E4 /* /Users/natman/whisperer-rewrite/ASCIILib/ASCIILib/ContentManager.h */,
				0EE5BA9A8FBB4CAA8A78C747 /* /Users/natman/whisperer-rewrite/ASCIILib/ASCIILib/DialogFrame.h */,
				687F3F4393BD4D9793178DF8 /* /Users/natman/whisperer-rewrite/ASCIILib/ASCIILib/DialogScene.h */,
				B595C04A2D3F4138B4F46692 /* /Users/natman/whisperer-rewrite/ASCIILib/ASCIILib/DialogStyle.h */,
				27A4952B6FF341168FC2C247 /* /Users/natman/whisperer-rewrite/ASCIILib/ASCIILib/FilePaths.h */,
				DF084CC0745A469CA9838DB9 /* /Users/natman/whisperer-rewrite/ASCIILib/ASCIILib/FileReader.h */,
				789FA686CF9B4732BDD1A48B /* /Users/natman/whisperer-rewrite/ASCIILib/ASCIILib/Game.h */,
				AA78FF5866D84E90AD611CBE /* /Users/natman/whisperer-rewrite/ASCIILib/ASCIILib/GlobalArgs.h */,
				B12A10685EA44EF1822A659E /* /Users/natman/whisperer-rewrite/ASCIILib/ASCIILib/Graphics.h */,
				E660D16C296D42799C0DB35E /* /Users/natman/whisperer-rewrite/ASCIILib/ASCIILib/ImageCache.h */,
				A7ABA9AD89414C43A8CD8F58 /* /Users/natman/whisperer-rewrite/ASCIILib/ASCIILib/Input.h */,
				0A396FF98C4145878CB499D4 /* /Users/natman/whisperer-rewrite/ASCIILib/ASCIILib/InputAction.h */,
				F60136C2C5BC47A69B55DB0F /* /Users/natman/whisperer-rewrite/ASCIILib/ASCIILib/InputMappings.h */,
				C8BE4AC08BCF45E3ACB753BF /* /Users/natman/whisperer-rewrite/ASCIILib/ASCIILib/Label.h */,
				1D98844EEA5B43F6B28B3D5F /* /Users/natman/whisperer-rewrite/ASCIILib/ASCIILib/LanguageManager.h */,
				196DD38355ED4386AF5C34A0 /* /Users/natman/whisperer-rewrite/ASCIILib/ASCIILib/Log.h */,
				D2BC39878A3246CC8BAE58B9 /* /Users/natman/whisperer-rewrite/ASCIILib/ASCIILib/Menu.h */,
				21667801ACE248BE91FC5AF9 /* /Users/natman/whisperer-rewrite/ASCIILib/ASCIILib/PixelFont.h */,
				55E13C0B4D444B4EBD5A86CA /* /Users/natman/whisperer-rewrite/ASCIILib/ASCIILib/Point.h */,
				F5479A987E5540269A4A0930 /* /Users/natman/whisperer-rewrite/ASCIILib/ASCIILib/Preferences.h */,
				DE8E7A504F47424F999C9ADC /* /Users/natman/whisperer-rewrite/ASCIILib/ASCIILib/Rectangle.h */,
				23C63E2A11344A348C4C6838 /* /Users/natman/whisperer-rewrite/ASCIILib/ASCIILib/ScrollingWord.h */,
				4C51AADC10CD4019BDE18E63 /* /Users/natman/whisperer-rewrite/ASCIILib/ASCIILib/SoundManager.h */,
				2B74FB7D1C444002B724976F /* /Users/natman/whisperer-rewrite/ASCIILib/ASCIILib/State.h */,
				B539B55FCB4E4DB18F27EEB4 /* /Users/natman/whisperer-rewrite/ASCIILib/ASCIILib/StringTokenizer.h */,
				677395DE13CD48958F81B01F /* /Users/natman/whisperer-rewrite/ASCIILib/ASCIILib/StyleManager.h */,
				64220DC12F4D48C4B51F945D /* /Users/natman/whisperer-rewrite/ASCIILib/ASCIILib/Surface.h */,
				13724DC1FF7449009391256C /* /Users/natman/whisperer-rewrite/ASCIILib/ASCIILib/SurfaceManager.h */,
				9A66826A227B43CBA767E34A /* /Users/natman/whisperer-rewrite/ASCIILib/ASCIILib/TextManager.h */,
				003B0A508DC74325AC9CAFC1 /* /Users/natman/whisperer-rewrite/ASCIILib/ASCIILib/Tween.h */,
				16CCB6CB2A244BCCAD7028C6 /* /Users/natman/whisperer-rewrite/ASCIILib/ASCIILib/content.h */,
				DF95AF20D1784A0487741041 /* /Users/natman/whisperer-rewrite/ASCIILib/ASCIILib/json-forwards.h */,
				3C81CC317E074A2796765523 /* /Users/natman/whisperer-rewrite/ASCIILib/ASCIILib/json.h */,
				C19BFF609F654EF29AA721D3 /* /Users/natman/whisperer-rewrite/ASCIILib/ASCIILib/parsing.h */,
			);
			name = "Header Files";
			sourceTree = "<group>";
		};
		95E0052D337B4362B943C39F /* ASCIILib */ = {
			isa = PBXGroup;
			children = (
				FD071B400FD24B2687314E95 /* Source Files */,
				89634B312647462B9563EF93 /* Header Files */,
				DBBC65DAC63344B1A7DDFC99 /* /Users/natman/whisperer-rewrite/ASCIILib/ASCIILib/Log.tpp */,
				E7C110DB2CA845C2A0634790 /* /Users/natman/whisperer-rewrite/ASCIILib/CMakeLists.txt */,
			);
			name = ASCIILib;
			sourceTree = "<group>";
		};
		F313FABC7A1A4A1999CB3FEB /* Resources */ = {
			isa = PBXGroup;
			children = (
			);
			name = Resources;
			sourceTree = "<group>";
		};
		FD071B400FD24B2687314E95 /* Source Files */ = {
			isa = PBXGroup;
			children = (
				0BADC4A776E0419CB3B3A0B4 /* /Users/natman/whisperer-rewrite/ASCIILib/ASCIILib/Button.cpp */,
				C0C7504662764C96AC604668 /* /Users/natman/whisperer-rewrite/ASCIILib/ASCIILib/Camera.cpp */,
				B6CB6C758E7A477F82C42299 /* /Users/natman/whisperer-rewrite/ASCIILib/ASCIILib/Color.cpp */,
				1BD2201FC7F64E0AAC49E7F0 /* /Users/natman/whisperer-rewrite/ASCIILib/ASCIILib/ContentManager.cpp */,
				B1695B456AD5497EB5463AD5 /* /Users/natman/whisperer-rewrite/ASCIILib/ASCIILib/DialogFrame.cpp */,
				5873DBAB6141444BA4E5B9C9 /* /Users/natman/whisperer-rewrite/ASCIILib/ASCIILib/DialogScene.cpp */,
				0AA6CED3EE96482A86920F55 /* /Users/natman/whisperer-rewrite/ASCIILib/ASCIILib/DialogStyle.cpp */,
				01C6C5DEDBC940E084A821FC /* /Users/natman/whisperer-rewrite/ASCIILib/ASCIILib/FilePaths.cpp */,
				27A6AEE7B0FA4107A679A668 /* /Users/natman/whisperer-rewrite/ASCIILib/ASCIILib/FileReader.cpp */,
				F99E83484A014B2CBA2629EA /* /Users/natman/whisperer-rewrite/ASCIILib/ASCIILib/Game.cpp */,
				A98137D1BF4848A8A0C467FB /* /Users/natman/whisperer-rewrite/ASCIILib/ASCIILib/GlobalArgs.cpp */,
				96E5A84A200740C5B1EA07BF /* /Users/natman/whisperer-rewrite/ASCIILib/ASCIILib/Graphics.cpp */,
				9EB8CDFC1FA24EA8A837140E /* /Users/natman/whisperer-rewrite/ASCIILib/ASCIILib/ImageCache.cpp */,
				479C49888E66401A8CF05646 /* /Users/natman/whisperer-rewrite/ASCIILib/ASCIILib/Input.cpp */,
				60AB8FAC34D74FEC9311F7A4 /* /Users/natman/whisperer-rewrite/ASCIILib/ASCIILib/InputAction.cpp */,
				42ABA680EFCE491A975F0867 /* /Users/natman/whisperer-rewrite/ASCIILib/ASCIILib/InputMappings.cpp */,
				9B010C5A3A3145FAA4EC2BB8 /* /Users/natman/whisperer-rewrite/ASCIILib/ASCIILib/Label.cpp */,
				A8C7773AF8744C479772D757 /* /Users/natman/whisperer-rewrite/ASCIILib/ASCIILib/LanguageManager.cpp */,
				08B34978B112481EB6992E8D /* /Users/natman/whisperer-rewrite/ASCIILib/ASCIILib/Log.cpp */,
				8E82E628CD6945B7A04AC9B1 /* /Users/natman/whisperer-rewrite/ASCIILib/ASCIILib/Menu.cpp */,
				F0C66D6DB5334EF9AA513B0B /* /Users/natman/whisperer-rewrite/ASCIILib/ASCIILib/PixelFont.cpp */,
				8F8C49FAA19B4C4AA11EBDE5 /* /Users/natman/whisperer-rewrite/ASCIILib/ASCIILib/Point.cpp */,
				A7C3C7D32D9B4B36BF6F35E9 /* /Users/natman/whisperer-rewrite/ASCIILib/ASCIILib/Preferences.cpp */,
				1E5E249CAB6F4F29AB3B97A5 /* /Users/natman/whisperer-rewrite/ASCIILib/ASCIILib/Rectangle.cpp */,
				789C779F6CBC477C89B83865 /* /Users/natman/whisperer-rewrite/ASCIILib/ASCIILib/ScrollingWord.cpp */,
				A3C11AFCD8E241C582C8008D /* /Users/natman/whisperer-rewrite/ASCIILib/ASCIILib/SoundManager.cpp */,
				9F8C4C1EC6CE46B9B1DD4FD1 /* /Users/natman/whisperer-rewrite/ASCIILib/ASCIILib/StringTokenizer.cpp */,
				3FC364F3418A4BAFBE51C4FC /* /Users/natman/whisperer-rewrite/ASCIILib/ASCIILib/StyleManager.cpp */,
				5AA06CDC48EB4234970A1E39 /* /Users/natman/whisperer-rewrite/ASCIILib/ASCIILib/Surface.cpp */,
				966D7FE579F24067A436225A /* /Users/natman/whisperer-rewrite/ASCIILib/ASCIILib/SurfaceManager.cpp */,
				89ABFC8570FC489FBAD7EBA7 /* /Users/natman/whisperer-rewrite/ASCIILib/ASCIILib/TextManager.cpp */,
				FDA7748DB78E4C2C91AC2185 /* /Users/natman/whisperer-rewrite/ASCIILib/ASCIILib/Tween.cpp */,
				BDBA8AD4E7314532AF7243C4 /* /Users/natman/whisperer-rewrite/ASCIILib/ASCIILib/content.cpp */,
				5CC37C77227F4F3E983A7ED7 /* /Users/natman/whisperer-rewrite/ASCIILib/ASCIILib/jsoncpp.cpp */,
			);
			name = "Source Files";
			sourceTree = "<group>";
		};
		FD873DB71AC84762B8FE719F /* Products */ = {
			isa = PBXGroup;
			children = (
				E1A077C481BB444FAB896BA8 /* ASCIILib */,
			);
			name = Products;
			sourceTree = "<group>";
		};
/* End PBXGroup section */

/* Begin PBXNativeTarget section */
		1F86AA3E976740228EB5C268 /* ASCIILib */ = {
			isa = PBXNativeTarget;
			buildConfigurationList = 99AB7B0DF4114D3496A02B68 /* Build configuration list for PBXNativeTarget "ASCIILib" */;
			buildPhases = (
				601606A2A91C4FAA9BA511A5 /* Sources */,
			);
			buildRules = (
			);
			dependencies = (
				DA3B3892830E465CB66B3370 /* PBXTargetDependency */,
			);
			name = ASCIILib;
			productName = ASCIILib;
			productReference = E1A077C481BB444FAB896BA8 /* ASCIILib */;
			productType = "com.apple.product-type.library.static";
		};
/* End PBXNativeTarget section */

/* Begin PBXProject section */
		E1AF69DB199E4A6EA3CC953C /* Project object */ = {
			isa = PBXProject;
			attributes = {
				BuildIndependentTargetsInParallel = YES;
			};
			buildConfigurationList = 863381C6668345178901E1B4 /* Build configuration list for PBXProject "ASCIILib" */;
			buildSettings = {
			};
			buildStyles = (
				4B182C131E6A4A7E9EBD1716 /* Debug */,
				537531BAFA8F43CEB5BC6A07 /* Release */,
				5FC7BDBBBBDE4FA78EEC87F6 /* MinSizeRel */,
				22663D25EC544453A1F8E542 /* RelWithDebInfo */,
			);
			compatibilityVersion = "Xcode 3.2";
			hasScannedForEncodings = 0;
			mainGroup = 6EF459CFD4DA426A980E2A32;
			projectDirPath = .;
			projectRoot = "";
			targets = (
				A2F9BCE180BE49FCBF336225 /* ALL_BUILD */,
				1F86AA3E976740228EB5C268 /* ASCIILib */,
				DD4AEBC5BE7F41E78F3D560B /* ZERO_CHECK */,
			);
		};
/* End PBXProject section */

/* Begin PBXShellScriptBuildPhase section */
		C52F75E6C19D4311984D5146 /* CMake Rules */ = {
			isa = PBXShellScriptBuildPhase;
			buildActionMask = 2147483647;
			files = (
			);
			name = "CMake Rules";
			runOnlyForDeploymentPostprocessing = 0;
			shellPath = /bin/sh;
			shellScript = "make -C /Users/natman/whisperer-rewrite/ASCIILib -f /Users/natman/whisperer-rewrite/ASCIILib/CMakeScripts/ZERO_CHECK_cmakeRulesBuildPhase.make$CONFIGURATION all";
			showEnvVarsInLog = 0;
		};
		F15C7E2B93F34A469ABBAB19 = {
			isa = PBXShellScriptBuildPhase;
			buildActionMask = 2147483647;
			files = (
			);
			inputPaths = (
			);
			outputPaths = (
			);
			runOnlyForDeploymentPostprocessing = 0;
			shellPath = /bin/sh;
			shellScript = "# shell script goes here
exit 0";
			showEnvVarsInLog = 0;
		};
		F7035DDC977B495FB10379FD = {
			isa = PBXShellScriptBuildPhase;
			buildActionMask = 2147483647;
			files = (
			);
			inputPaths = (
			);
			outputPaths = (
			);
			runOnlyForDeploymentPostprocessing = 0;
			shellPath = /bin/sh;
			shellScript = "# shell script goes here
exit 0";
			showEnvVarsInLog = 0;
		};
		FA7D410BA94941CFA0549EC2 /* CMake Rules */ = {
			isa = PBXShellScriptBuildPhase;
			buildActionMask = 2147483647;
			files = (
			);
			name = "CMake Rules";
			runOnlyForDeploymentPostprocessing = 0;
			shellPath = /bin/sh;
			shellScript = "make -C /Users/natman/whisperer-rewrite/ASCIILib -f /Users/natman/whisperer-rewrite/ASCIILib/CMakeScripts/ALL_BUILD_cmakeRulesBuildPhase.make$CONFIGURATION all";
			showEnvVarsInLog = 0;
		};
/* End PBXShellScriptBuildPhase section */

/* Begin PBXSourcesBuildPhase section */
		601606A2A91C4FAA9BA511A5 /* Sources */ = {
			isa = PBXSourcesBuildPhase;
			buildActionMask = 2147483647;
			files = (
				EDE6F9B2EC5C41DCBF99AAAF /* /Users/natman/whisperer-rewrite/ASCIILib/ASCIILib/Button.cpp */,
				FE41D0000BCF40529B19CBDE /* /Users/natman/whisperer-rewrite/ASCIILib/ASCIILib/Camera.cpp */,
				F0D24D6E7A514FD994C973FF /* /Users/natman/whisperer-rewrite/ASCIILib/ASCIILib/Color.cpp */,
				B39EF3A5ECD94A959EB29447 /* /Users/natman/whisperer-rewrite/ASCIILib/ASCIILib/ContentManager.cpp */,
				3EEF5AE435354ADEAAAA0FD9 /* /Users/natman/whisperer-rewrite/ASCIILib/ASCIILib/DialogFrame.cpp */,
				986C0C5EC8C14D58ABD058D4 /* /Users/natman/whisperer-rewrite/ASCIILib/ASCIILib/DialogScene.cpp */,
				6842666AD7AB48EEAF681408 /* /Users/natman/whisperer-rewrite/ASCIILib/ASCIILib/DialogStyle.cpp */,
				C9B8A58E5CBE4AD79D120AFC /* /Users/natman/whisperer-rewrite/ASCIILib/ASCIILib/FilePaths.cpp */,
				57A7C18B60F6474EB3CE3292 /* /Users/natman/whisperer-rewrite/ASCIILib/ASCIILib/FileReader.cpp */,
				5878AB005AF54313A0876A67 /* /Users/natman/whisperer-rewrite/ASCIILib/ASCIILib/Game.cpp */,
				C613CAD8516648EC859B38BC /* /Users/natman/whisperer-rewrite/ASCIILib/ASCIILib/GlobalArgs.cpp */,
				21211DC2ADBF4AFEAE0CCB5C /* /Users/natman/whisperer-rewrite/ASCIILib/ASCIILib/Graphics.cpp */,
				91C97A60D89641BE861AA1C6 /* /Users/natman/whisperer-rewrite/ASCIILib/ASCIILib/ImageCache.cpp */,
				E4013EF206AF43389614C7D9 /* /Users/natman/whisperer-rewrite/ASCIILib/ASCIILib/Input.cpp */,
				F439A17121474654A6CF8921 /* /Users/natman/whisperer-rewrite/ASCIILib/ASCIILib/InputAction.cpp */,
				865D5DEB8BD24E74840928FB /* /Users/natman/whisperer-rewrite/ASCIILib/ASCIILib/InputMappings.cpp */,
				6068A1C2A6CE46088CA2912A /* /Users/natman/whisperer-rewrite/ASCIILib/ASCIILib/Label.cpp */,
				149866A829C34DE98E3ED2B9 /* /Users/natman/whisperer-rewrite/ASCIILib/ASCIILib/LanguageManager.cpp */,
				35964BE57FB144DE882EF615 /* /Users/natman/whisperer-rewrite/ASCIILib/ASCIILib/Log.cpp */,
				220818BA0EB54D74AFCF4DA2 /* /Users/natman/whisperer-rewrite/ASCIILib/ASCIILib/Menu.cpp */,
				CAAC4765187240B6AA2C741B /* /Users/natman/whisperer-rewrite/ASCIILib/ASCIILib/PixelFont.cpp */,
				C698EDCAE5034E67993415AA /* /Users/natman/whisperer-rewrite/ASCIILib/ASCIILib/Point.cpp */,
				6FBB3865722B4828868FDD36 /* /Users/natman/whisperer-rewrite/ASCIILib/ASCIILib/Preferences.cpp */,
				BAAA9C3476D14C299DCF714E /* /Users/natman/whisperer-rewrite/ASCIILib/ASCIILib/Rectangle.cpp */,
				BFDCA375FE8D47E9B1488CA0 /* /Users/natman/whisperer-rewrite/ASCIILib/ASCIILib/ScrollingWord.cpp */,
				B959A279DE7A41199009AE9C /* /Users/natman/whisperer-rewrite/ASCIILib/ASCIILib/SoundManager.cpp */,
				FA7F08E969AF4CE0A6C4566F /* /Users/natman/whisperer-rewrite/ASCIILib/ASCIILib/StringTokenizer.cpp */,
				AE7493C291EA48C2B031437A /* /Users/natman/whisperer-rewrite/ASCIILib/ASCIILib/StyleManager.cpp */,
				8DA705BFEBE644E5B6EBE3E0 /* /Users/natman/whisperer-rewrite/ASCIILib/ASCIILib/Surface.cpp */,
				0231DBDDA09F4A30B8AF9AC9 /* /Users/natman/whisperer-rewrite/ASCIILib/ASCIILib/SurfaceManager.cpp */,
				04A7F921B9E144A8951464D2 /* /Users/natman/whisperer-rewrite/ASCIILib/ASCIILib/TextManager.cpp */,
				CA803B24A820466AA9B4DC17 /* /Users/natman/whisperer-rewrite/ASCIILib/ASCIILib/Tween.cpp */,
				F496A66C86994CF585F9E466 /* /Users/natman/whisperer-rewrite/ASCIILib/ASCIILib/content.cpp */,
				76AE51FEE65A4432A406A5A8 /* /Users/natman/whisperer-rewrite/ASCIILib/ASCIILib/jsoncpp.cpp */,
			);
			runOnlyForDeploymentPostprocessing = 0;
		};
/* End PBXSourcesBuildPhase section */

/* Begin PBXTargetDependency section */
		0A6F64DDCC79472987C296AE /* PBXTargetDependency */ = {
			isa = PBXTargetDependency;
			target = 1F86AA3E976740228EB5C268 /* ASCIILib */;
			targetProxy = AA3087FFD48043999FD49620 /* PBXContainerItemProxy */;
		};
		3459BB78379B4CC08FBD65BF /* PBXTargetDependency */ = {
			isa = PBXTargetDependency;
			target = DD4AEBC5BE7F41E78F3D560B /* ZERO_CHECK */;
			targetProxy = 51C675BE8E964862B7E6D32D /* PBXContainerItemProxy */;
		};
		DA3B3892830E465CB66B3370 /* PBXTargetDependency */ = {
			isa = PBXTargetDependency;
			target = DD4AEBC5BE7F41E78F3D560B /* ZERO_CHECK */;
			targetProxy = E99BB93690084E00A484ED43 /* PBXContainerItemProxy */;
		};
/* End PBXTargetDependency section */

/* Begin XCBuildConfiguration section */
		03E555B55C2C443BB5980DDA /* Debug */ = {
			isa = XCBuildConfiguration;
			buildSettings = {
				COMBINE_HIDPI_IMAGES = YES;
				EXECUTABLE_PREFIX = lib;
				EXECUTABLE_SUFFIX = .a;
				FRAMEWORK_SEARCH_PATHS = (/Library/Frameworks, );
				GCC_GENERATE_DEBUGGING_SYMBOLS = YES;
				GCC_INLINES_ARE_PRIVATE_EXTERN = NO;
				GCC_OPTIMIZATION_LEVEL = 0;
				GCC_PREPROCESSOR_DEFINITIONS = ("'CMAKE_INTDIR=\"$(CONFIGURATION)$(EFFECTIVE_PLATFORM_NAME)\"'", );
				GCC_SYMBOLS_PRIVATE_EXTERN = NO;
				HEADER_SEARCH_PATHS = (/Library/Frameworks/SDL2.framework/Headers, /Library/Frameworks/SDL2_mixer.framework/Headers, /Library/Frameworks/SDL2_image.framework/Headers, /Library/Frameworks/SDL2_ttf.framework/Headers, /usr/local/include, );
				INSTALL_PATH = "";
				LIBRARY_STYLE = STATIC;
				OTHER_CPLUSPLUSFLAGS = "-std=c++11    '-std=gnu++11'  ";
				OTHER_LIBTOOLFLAGS = " ";
				OTHER_REZFLAGS = "";
				PRODUCT_NAME = ASCIILib;
				SECTORDER_FLAGS = "";
				SYMROOT = "/Users/natman/whisperer-rewrite/ASCIILib";
				USE_HEADERMAP = NO;
				WARNING_CFLAGS = ("-Wmost", "-Wno-four-char-constants", "-Wno-unknown-pragmas", "$(inherited)", );
			};
			name = Debug;
		};
		08994DD986D049DEA51E4A10 /* Debug */ = {
			isa = XCBuildConfiguration;
			buildSettings = {
				MACOSX_DEPLOYMENT_TARGET = 10.7;
				ONLY_ACTIVE_ARCH = YES;
				SDKROOT = /Applications/Xcode.app/Contents/Developer/Platforms/MacOSX.platform/Developer/SDKs/MacOSX10.12.sdk;
				SYMROOT = "/Users/natman/whisperer-rewrite/ASCIILib/build";
			};
			name = Debug;
		};
		251550E80C5D46638450DE78 /* Debug */ = {
			isa = XCBuildConfiguration;
			buildSettings = {
				COMBINE_HIDPI_IMAGES = YES;
				GCC_GENERATE_DEBUGGING_SYMBOLS = YES;
				GCC_INLINES_ARE_PRIVATE_EXTERN = NO;
				GCC_OPTIMIZATION_LEVEL = 0;
				GCC_PREPROCESSOR_DEFINITIONS = ("'CMAKE_INTDIR=\"$(CONFIGURATION)$(EFFECTIVE_PLATFORM_NAME)\"'", );
				GCC_SYMBOLS_PRIVATE_EXTERN = NO;
				HEADER_SEARCH_PATHS = (/Library/Frameworks/SDL2.framework/Headers, /Library/Frameworks/SDL2_mixer.framework/Headers, /Library/Frameworks/SDL2_image.framework/Headers, /Library/Frameworks/SDL2_ttf.framework/Headers, /usr/local/include, );
				INSTALL_PATH = "";
				OTHER_LDFLAGS = " ";
				OTHER_REZFLAGS = "";
				PRODUCT_NAME = ALL_BUILD;
				SECTORDER_FLAGS = "";
				SYMROOT = "/Users/natman/whisperer-rewrite/ASCIILib";
				USE_HEADERMAP = NO;
				WARNING_CFLAGS = ("-Wmost", "-Wno-four-char-constants", "-Wno-unknown-pragmas", "$(inherited)", );
			};
			name = Debug;
		};
		2584768A3B3B46BB8D7424E1 /* Release */ = {
			isa = XCBuildConfiguration;
			buildSettings = {
				COMBINE_HIDPI_IMAGES = YES;
				EXECUTABLE_PREFIX = lib;
				EXECUTABLE_SUFFIX = .a;
				FRAMEWORK_SEARCH_PATHS = (/Library/Frameworks, );
				GCC_GENERATE_DEBUGGING_SYMBOLS = NO;
				GCC_INLINES_ARE_PRIVATE_EXTERN = NO;
				GCC_OPTIMIZATION_LEVEL = 3;
				GCC_PREPROCESSOR_DEFINITIONS = ("'CMAKE_INTDIR=\"$(CONFIGURATION)$(EFFECTIVE_PLATFORM_NAME)\"'", );
				GCC_SYMBOLS_PRIVATE_EXTERN = NO;
				HEADER_SEARCH_PATHS = (/Library/Frameworks/SDL2.framework/Headers, /Library/Frameworks/SDL2_mixer.framework/Headers, /Library/Frameworks/SDL2_image.framework/Headers, /Library/Frameworks/SDL2_ttf.framework/Headers, /usr/local/include, );
				INSTALL_PATH = "";
				LIBRARY_STYLE = STATIC;
				OTHER_CPLUSPLUSFLAGS = "-std=c++11     -DNDEBUG '-std=gnu++11'  ";
				OTHER_LIBTOOLFLAGS = " ";
				OTHER_REZFLAGS = "";
				PRODUCT_NAME = ASCIILib;
				SECTORDER_FLAGS = "";
				SYMROOT = "/Users/natman/whisperer-rewrite/ASCIILib";
				USE_HEADERMAP = NO;
				WARNING_CFLAGS = ("-Wmost", "-Wno-four-char-constants", "-Wno-unknown-pragmas", "$(inherited)", );
			};
			name = Release;
		};
		2B52B2BA0AAE481092E518AD /* Release */ = {
			isa = XCBuildConfiguration;
			buildSettings = {
				COMBINE_HIDPI_IMAGES = YES;
				GCC_GENERATE_DEBUGGING_SYMBOLS = YES;
				GCC_INLINES_ARE_PRIVATE_EXTERN = NO;
				GCC_OPTIMIZATION_LEVEL = 0;
				GCC_PREPROCESSOR_DEFINITIONS = ("'CMAKE_INTDIR=\"$(CONFIGURATION)$(EFFECTIVE_PLATFORM_NAME)\"'", );
				GCC_SYMBOLS_PRIVATE_EXTERN = NO;
				HEADER_SEARCH_PATHS = (/Library/Frameworks/SDL2.framework/Headers, /Library/Frameworks/SDL2_mixer.framework/Headers, /Library/Frameworks/SDL2_image.framework/Headers, /Library/Frameworks/SDL2_ttf.framework/Headers, /usr/local/include, );
				INSTALL_PATH = "";
				OTHER_LDFLAGS = " ";
				OTHER_REZFLAGS = "";
				PRODUCT_NAME = ZERO_CHECK;
				SECTORDER_FLAGS = "";
				SYMROOT = "/Users/natman/whisperer-rewrite/ASCIILib";
				USE_HEADERMAP = NO;
				WARNING_CFLAGS = ("-Wmost", "-Wno-four-char-constants", "-Wno-unknown-pragmas", "$(inherited)", );
			};
			name = Release;
		};
		2F4FF9128E434B6A84467051 /* Release */ = {
			isa = XCBuildConfiguration;
			buildSettings = {
				MACOSX_DEPLOYMENT_TARGET = 10.7;
				ONLY_ACTIVE_ARCH = YES;
				SDKROOT = /Applications/Xcode.app/Contents/Developer/Platforms/MacOSX.platform/Developer/SDKs/MacOSX10.12.sdk;
				SYMROOT = "/Users/natman/whisperer-rewrite/ASCIILib/build";
			};
			name = Release;
		};
		34F11DAAA39D4B8EB6B4A9A9 /* MinSizeRel */ = {
			isa = XCBuildConfiguration;
			buildSettings = {
				COMBINE_HIDPI_IMAGES = YES;
				GCC_GENERATE_DEBUGGING_SYMBOLS = YES;
				GCC_INLINES_ARE_PRIVATE_EXTERN = NO;
				GCC_OPTIMIZATION_LEVEL = 0;
				GCC_PREPROCESSOR_DEFINITIONS = ("'CMAKE_INTDIR=\"$(CONFIGURATION)$(EFFECTIVE_PLATFORM_NAME)\"'", );
				GCC_SYMBOLS_PRIVATE_EXTERN = NO;
				HEADER_SEARCH_PATHS = (/Library/Frameworks/SDL2.framework/Headers, /Library/Frameworks/SDL2_mixer.framework/Headers, /Library/Frameworks/SDL2_image.framework/Headers, /Library/Frameworks/SDL2_ttf.framework/Headers, /usr/local/include, );
				INSTALL_PATH = "";
				OTHER_LDFLAGS = " ";
				OTHER_REZFLAGS = "";
				PRODUCT_NAME = ALL_BUILD;
				SECTORDER_FLAGS = "";
				SYMROOT = "/Users/natman/whisperer-rewrite/ASCIILib";
				USE_HEADERMAP = NO;
				WARNING_CFLAGS = ("-Wmost", "-Wno-four-char-constants", "-Wno-unknown-pragmas", "$(inherited)", );
			};
			name = MinSizeRel;
		};
		46FF250FF9574B38B43FF1F8 /* Debug */ = {
			isa = XCBuildConfiguration;
			buildSettings = {
				COMBINE_HIDPI_IMAGES = YES;
				GCC_GENERATE_DEBUGGING_SYMBOLS = YES;
				GCC_INLINES_ARE_PRIVATE_EXTERN = NO;
				GCC_OPTIMIZATION_LEVEL = 0;
				GCC_PREPROCESSOR_DEFINITIONS = ("'CMAKE_INTDIR=\"$(CONFIGURATION)$(EFFECTIVE_PLATFORM_NAME)\"'", );
				GCC_SYMBOLS_PRIVATE_EXTERN = NO;
				HEADER_SEARCH_PATHS = (/Library/Frameworks/SDL2.framework/Headers, /Library/Frameworks/SDL2_mixer.framework/Headers, /Library/Frameworks/SDL2_image.framework/Headers, /Library/Frameworks/SDL2_ttf.framework/Headers, /usr/local/include, );
				INSTALL_PATH = "";
				OTHER_LDFLAGS = " ";
				OTHER_REZFLAGS = "";
				PRODUCT_NAME = ZERO_CHECK;
				SECTORDER_FLAGS = "";
				SYMROOT = "/Users/natman/whisperer-rewrite/ASCIILib";
				USE_HEADERMAP = NO;
				WARNING_CFLAGS = ("-Wmost", "-Wno-four-char-constants", "-Wno-unknown-pragmas", "$(inherited)", );
			};
			name = Debug;
		};
		4E65275F513C485AAA214517 /* RelWithDebInfo */ = {
			isa = XCBuildConfiguration;
			buildSettings = {
				MACOSX_DEPLOYMENT_TARGET = 10.7;
				ONLY_ACTIVE_ARCH = YES;
				SDKROOT = /Applications/Xcode.app/Contents/Developer/Platforms/MacOSX.platform/Developer/SDKs/MacOSX10.12.sdk;
				SYMROOT = "/Users/natman/whisperer-rewrite/ASCIILib/build";
			};
			name = RelWithDebInfo;
		};
		81897A3480B245DCA806E6B8 /* RelWithDebInfo */ = {
			isa = XCBuildConfiguration;
			buildSettings = {
				COMBINE_HIDPI_IMAGES = YES;
				EXECUTABLE_PREFIX = lib;
				EXECUTABLE_SUFFIX = .a;
				FRAMEWORK_SEARCH_PATHS = (/Library/Frameworks, );
				GCC_GENERATE_DEBUGGING_SYMBOLS = YES;
				GCC_INLINES_ARE_PRIVATE_EXTERN = NO;
				GCC_OPTIMIZATION_LEVEL = 2;
				GCC_PREPROCESSOR_DEFINITIONS = ("'CMAKE_INTDIR=\"$(CONFIGURATION)$(EFFECTIVE_PLATFORM_NAME)\"'", );
				GCC_SYMBOLS_PRIVATE_EXTERN = NO;
				HEADER_SEARCH_PATHS = (/Library/Frameworks/SDL2.framework/Headers, /Library/Frameworks/SDL2_mixer.framework/Headers, /Library/Frameworks/SDL2_image.framework/Headers, /Library/Frameworks/SDL2_ttf.framework/Headers, /usr/local/include, );
				INSTALL_PATH = "";
				LIBRARY_STYLE = STATIC;
				OTHER_CPLUSPLUSFLAGS = "-std=c++11        -DNDEBUG '-std=gnu++11'  ";
				OTHER_LIBTOOLFLAGS = " ";
				OTHER_REZFLAGS = "";
				PRODUCT_NAME = ASCIILib;
				SECTORDER_FLAGS = "";
				SYMROOT = "/Users/natman/whisperer-rewrite/ASCIILib";
				USE_HEADERMAP = NO;
				WARNING_CFLAGS = ("-Wmost", "-Wno-four-char-constants", "-Wno-unknown-pragmas", "$(inherited)", );
			};
			name = RelWithDebInfo;
		};
		8D19818A7049448AA4BF33B5 /* MinSizeRel */ = {
			isa = XCBuildConfiguration;
			buildSettings = {
				COMBINE_HIDPI_IMAGES = YES;
				GCC_GENERATE_DEBUGGING_SYMBOLS = YES;
				GCC_INLINES_ARE_PRIVATE_EXTERN = NO;
				GCC_OPTIMIZATION_LEVEL = 0;
				GCC_PREPROCESSOR_DEFINITIONS = ("'CMAKE_INTDIR=\"$(CONFIGURATION)$(EFFECTIVE_PLATFORM_NAME)\"'", );
				GCC_SYMBOLS_PRIVATE_EXTERN = NO;
				HEADER_SEARCH_PATHS = (/Library/Frameworks/SDL2.framework/Headers, /Library/Frameworks/SDL2_mixer.framework/Headers, /Library/Frameworks/SDL2_image.framework/Headers, /Library/Frameworks/SDL2_ttf.framework/Headers, /usr/local/include, );
				INSTALL_PATH = "";
				OTHER_LDFLAGS = " ";
				OTHER_REZFLAGS = "";
				PRODUCT_NAME = ZERO_CHECK;
				SECTORDER_FLAGS = "";
				SYMROOT = "/Users/natman/whisperer-rewrite/ASCIILib";
				USE_HEADERMAP = NO;
				WARNING_CFLAGS = ("-Wmost", "-Wno-four-char-constants", "-Wno-unknown-pragmas", "$(inherited)", );
			};
			name = MinSizeRel;
		};
		8F8C4A61C97341C5B70514CB /* RelWithDebInfo */ = {
			isa = XCBuildConfiguration;
			buildSettings = {
				COMBINE_HIDPI_IMAGES = YES;
				GCC_GENERATE_DEBUGGING_SYMBOLS = YES;
				GCC_INLINES_ARE_PRIVATE_EXTERN = NO;
				GCC_OPTIMIZATION_LEVEL = 0;
				GCC_PREPROCESSOR_DEFINITIONS = ("'CMAKE_INTDIR=\"$(CONFIGURATION)$(EFFECTIVE_PLATFORM_NAME)\"'", );
				GCC_SYMBOLS_PRIVATE_EXTERN = NO;
				HEADER_SEARCH_PATHS = (/Library/Frameworks/SDL2.framework/Headers, /Library/Frameworks/SDL2_mixer.framework/Headers, /Library/Frameworks/SDL2_image.framework/Headers, /Library/Frameworks/SDL2_ttf.framework/Headers, /usr/local/include, );
				INSTALL_PATH = "";
				OTHER_LDFLAGS = " ";
				OTHER_REZFLAGS = "";
				PRODUCT_NAME = ZERO_CHECK;
				SECTORDER_FLAGS = "";
				SYMROOT = "/Users/natman/whisperer-rewrite/ASCIILib";
				USE_HEADERMAP = NO;
				WARNING_CFLAGS = ("-Wmost", "-Wno-four-char-constants", "-Wno-unknown-pragmas", "$(inherited)", );
			};
			name = RelWithDebInfo;
		};
		AB25033262F74028AC728EBB /* MinSizeRel */ = {
			isa = XCBuildConfiguration;
			buildSettings = {
				MACOSX_DEPLOYMENT_TARGET = 10.7;
				ONLY_ACTIVE_ARCH = YES;
				SDKROOT = /Applications/Xcode.app/Contents/Developer/Platforms/MacOSX.platform/Developer/SDKs/MacOSX10.12.sdk;
				SYMROOT = "/Users/natman/whisperer-rewrite/ASCIILib/build";
			};
			name = MinSizeRel;
		};
		D54466E1B0CD471CB6C355E8 /* MinSizeRel */ = {
			isa = XCBuildConfiguration;
			buildSettings = {
				COMBINE_HIDPI_IMAGES = YES;
				EXECUTABLE_PREFIX = lib;
				EXECUTABLE_SUFFIX = .a;
				FRAMEWORK_SEARCH_PATHS = (/Library/Frameworks, );
				GCC_GENERATE_DEBUGGING_SYMBOLS = NO;
				GCC_INLINES_ARE_PRIVATE_EXTERN = NO;
				GCC_OPTIMIZATION_LEVEL = s;
				GCC_PREPROCESSOR_DEFINITIONS = ("'CMAKE_INTDIR=\"$(CONFIGURATION)$(EFFECTIVE_PLATFORM_NAME)\"'", );
				GCC_SYMBOLS_PRIVATE_EXTERN = NO;
				HEADER_SEARCH_PATHS = (/Library/Frameworks/SDL2.framework/Headers, /Library/Frameworks/SDL2_mixer.framework/Headers, /Library/Frameworks/SDL2_image.framework/Headers, /Library/Frameworks/SDL2_ttf.framework/Headers, /usr/local/include, );
				INSTALL_PATH = "";
				LIBRARY_STYLE = STATIC;
				OTHER_CPLUSPLUSFLAGS = "-std=c++11     -DNDEBUG '-std=gnu++11'  ";
				OTHER_LIBTOOLFLAGS = " ";
				OTHER_REZFLAGS = "";
				PRODUCT_NAME = ASCIILib;
				SECTORDER_FLAGS = "";
				SYMROOT = "/Users/natman/whisperer-rewrite/ASCIILib";
				USE_HEADERMAP = NO;
				WARNING_CFLAGS = ("-Wmost", "-Wno-four-char-constants", "-Wno-unknown-pragmas", "$(inherited)", );
			};
			name = MinSizeRel;
		};
		DE399A17384A4D1CBBCD345A /* RelWithDebInfo */ = {
			isa = XCBuildConfiguration;
			buildSettings = {
				COMBINE_HIDPI_IMAGES = YES;
				GCC_GENERATE_DEBUGGING_SYMBOLS = YES;
				GCC_INLINES_ARE_PRIVATE_EXTERN = NO;
				GCC_OPTIMIZATION_LEVEL = 0;
				GCC_PREPROCESSOR_DEFINITIONS = ("'CMAKE_INTDIR=\"$(CONFIGURATION)$(EFFECTIVE_PLATFORM_NAME)\"'", );
				GCC_SYMBOLS_PRIVATE_EXTERN = NO;
				HEADER_SEARCH_PATHS = (/Library/Frameworks/SDL2.framework/Headers, /Library/Frameworks/SDL2_mixer.framework/Headers, /Library/Frameworks/SDL2_image.framework/Headers, /Library/Frameworks/SDL2_ttf.framework/Headers, /usr/local/include, );
				INSTALL_PATH = "";
				OTHER_LDFLAGS = " ";
				OTHER_REZFLAGS = "";
				PRODUCT_NAME = ALL_BUILD;
				SECTORDER_FLAGS = "";
				SYMROOT = "/Users/natman/whisperer-rewrite/ASCIILib";
				USE_HEADERMAP = NO;
				WARNING_CFLAGS = ("-Wmost", "-Wno-four-char-constants", "-Wno-unknown-pragmas", "$(inherited)", );
			};
			name = RelWithDebInfo;
		};
		F74E8D46C1914B8CBEE5DDC8 /* Release */ = {
			isa = XCBuildConfiguration;
			buildSettings = {
				COMBINE_HIDPI_IMAGES = YES;
				GCC_GENERATE_DEBUGGING_SYMBOLS = YES;
				GCC_INLINES_ARE_PRIVATE_EXTERN = NO;
				GCC_OPTIMIZATION_LEVEL = 0;
				GCC_PREPROCESSOR_DEFINITIONS = ("'CMAKE_INTDIR=\"$(CONFIGURATION)$(EFFECTIVE_PLATFORM_NAME)\"'", );
				GCC_SYMBOLS_PRIVATE_EXTERN = NO;
				HEADER_SEARCH_PATHS = (/Library/Frameworks/SDL2.framework/Headers, /Library/Frameworks/SDL2_mixer.framework/Headers, /Library/Frameworks/SDL2_image.framework/Headers, /Library/Frameworks/SDL2_ttf.framework/Headers, /usr/local/include, );
				INSTALL_PATH = "";
				OTHER_LDFLAGS = " ";
				OTHER_REZFLAGS = "";
				PRODUCT_NAME = ALL_BUILD;
				SECTORDER_FLAGS = "";
				SYMROOT = "/Users/natman/whisperer-rewrite/ASCIILib";
				USE_HEADERMAP = NO;
				WARNING_CFLAGS = ("-Wmost", "-Wno-four-char-constants", "-Wno-unknown-pragmas", "$(inherited)", );
			};
			name = Release;
		};
/* End XCBuildConfiguration section */

/* Begin XCConfigurationList section */
		1DC0C137E7D44914850C86AF /* Build configuration list for PBXAggregateTarget "ALL_BUILD" */ = {
			isa = XCConfigurationList;
			buildConfigurations = (
				251550E80C5D46638450DE78 /* Debug */,
				F74E8D46C1914B8CBEE5DDC8 /* Release */,
				34F11DAAA39D4B8EB6B4A9A9 /* MinSizeRel */,
				DE399A17384A4D1CBBCD345A /* RelWithDebInfo */,
			);
			defaultConfigurationIsVisible = 0;
			defaultConfigurationName = Debug;
		};
		863381C6668345178901E1B4 /* Build configuration list for PBXProject "ASCIILib" */ = {
			isa = XCConfigurationList;
			buildConfigurations = (
				08994DD986D049DEA51E4A10 /* Debug */,
				2F4FF9128E434B6A84467051 /* Release */,
				AB25033262F74028AC728EBB /* MinSizeRel */,
				4E65275F513C485AAA214517 /* RelWithDebInfo */,
			);
			defaultConfigurationIsVisible = 0;
			defaultConfigurationName = Debug;
		};
		99AB7B0DF4114D3496A02B68 /* Build configuration list for PBXNativeTarget "ASCIILib" */ = {
			isa = XCConfigurationList;
			buildConfigurations = (
				03E555B55C2C443BB5980DDA /* Debug */,
				2584768A3B3B46BB8D7424E1 /* Release */,
				D54466E1B0CD471CB6C355E8 /* MinSizeRel */,
				81897A3480B245DCA806E6B8 /* RelWithDebInfo */,
			);
			defaultConfigurationIsVisible = 0;
			defaultConfigurationName = Debug;
		};
		B25DA9F074E64A26BE614754 /* Build configuration list for PBXAggregateTarget "ZERO_CHECK" */ = {
			isa = XCConfigurationList;
			buildConfigurations = (
				46FF250FF9574B38B43FF1F8 /* Debug */,
				2B52B2BA0AAE481092E518AD /* Release */,
				8D19818A7049448AA4BF33B5 /* MinSizeRel */,
				8F8C4A61C97341C5B70514CB /* RelWithDebInfo */,
			);
			defaultConfigurationIsVisible = 0;
			defaultConfigurationName = Debug;
		};
/* End XCConfigurationList section */
	};
	rootObject = E1AF69DB199E4A6EA3CC953C /* Project object */;
}
